
Microsoft Visual Studio Solution File, Format Version 12.00
# Visual Studio 15
VisualStudioVersion = 15.0.27130.2027
MinimumVisualStudioVersion = 10.0.40219.1
Project("{2150E333-8FDC-42A3-9474-1A3956D46DE8}") = "Release", "Release", "{7D0B89C4-CDA3-483E-970D-E8E9E9F692F6}"
EndProject
Project("{2150E333-8FDC-42A3-9474-1A3956D46DE8}") = "Testing", "Testing", "{E9EAA6CF-ACFD-4F68-A4B9-18DBB8A98B48}"
	ProjectSection(SolutionItems) = preProject
		Services\meshportal_windows\startserver.bat = Services\meshportal_windows\startserver.bat
	EndProjectSection
EndProject
Project("{2150E333-8FDC-42A3-9474-1A3956D46DE8}") = "Services", "Services", "{0A4437E5-0681-4CD2-9EAF-62B5BBF3AC15}"
EndProject
Project("{2150E333-8FDC-42A3-9474-1A3956D46DE8}") = "Applications", "Applications", "{0B0479B0-052D-4BCA-8920-7B2BAA788BE5}"
EndProject
Project("{D954291E-2A0B-460D-934E-DC6B0785DB48}") = "MeshMan-Shared", "Libraries\MeshMan\MeshMan-Shared.shproj", "{9E54DC54-C592-49A7-B0FD-D8A92D4F2076}"
EndProject
Project("{D954291E-2A0B-460D-934E-DC6B0785DB48}") = "MeshApps-Shared", "Libraries\MeshApps\MeshApps-Shared.shproj", "{2B5532B5-5F59-4298-8DE7-E5CAFBF08E53}"
EndProject
Project("{D954291E-2A0B-460D-934E-DC6B0785DB48}") = "meshaccount", "Services\meshaccount\meshaccount.shproj", "{D752F09C-50C2-4E86-B7BD-98043D0DC644}"
EndProject
Project("{D954291E-2A0B-460D-934E-DC6B0785DB48}") = "meshportal", "Services\meshportal\meshportal.shproj", "{DEA0FFE6-53A8-4DF8-833F-717C4E109626}"
EndProject
Project("{9A19103F-16F7-4668-BE54-9A1E7A4F7556}") = "Test.Common", "Testing\Test.Constants\Test.Common.csproj", "{896FC296-8EB1-426D-9D34-3F0AB0C73E22}"
EndProject
Project("{E24C65DC-7377-472B-9ABA-BC803B73C61A}") = "Sources", "..\WebPublish\Sources\", "{4A16CF88-5DDA-49D2-BF06-501F36788E3D}"
	ProjectSection(WebsiteProperties) = preProject
		TargetFrameworkMoniker = ".NETFramework,Version%3Dv4.0"
		Debug.AspNetCompiler.VirtualPath = "/localhost_55259"
		Debug.AspNetCompiler.PhysicalPath = "..\WebPublish\Sources\"
		Debug.AspNetCompiler.TargetPath = "PrecompiledWeb\localhost_55259\"
		Debug.AspNetCompiler.Updateable = "true"
		Debug.AspNetCompiler.ForceOverwrite = "true"
		Debug.AspNetCompiler.FixedNames = "false"
		Debug.AspNetCompiler.Debug = "True"
		Release.AspNetCompiler.VirtualPath = "/localhost_55259"
		Release.AspNetCompiler.PhysicalPath = "..\WebPublish\Sources\"
		Release.AspNetCompiler.TargetPath = "PrecompiledWeb\localhost_55259\"
		Release.AspNetCompiler.Updateable = "true"
		Release.AspNetCompiler.ForceOverwrite = "true"
		Release.AspNetCompiler.FixedNames = "false"
		Release.AspNetCompiler.Debug = "False"
		VWDPort = "55259"
		SlnRelativePath = "..\WebPublish\Sources\"
	EndProjectSection
EndProject
Project("{E24C65DC-7377-472B-9ABA-BC803B73C61A}") = "prismproof", "..\WebPublish\Sites\prismproof\", "{6E8C8C89-4F68-463A-A6E0-D68D2A48E58D}"
	ProjectSection(WebsiteProperties) = preProject
		TargetFrameworkMoniker = ".NETFramework,Version%3Dv4.0"
		Debug.AspNetCompiler.VirtualPath = "/localhost_60086"
		Debug.AspNetCompiler.PhysicalPath = "..\WebPublish\Sites\prismproof\"
		Debug.AspNetCompiler.TargetPath = "PrecompiledWeb\localhost_60086\"
		Debug.AspNetCompiler.Updateable = "true"
		Debug.AspNetCompiler.ForceOverwrite = "true"
		Debug.AspNetCompiler.FixedNames = "false"
		Debug.AspNetCompiler.Debug = "True"
		Release.AspNetCompiler.VirtualPath = "/localhost_60086"
		Release.AspNetCompiler.PhysicalPath = "..\WebPublish\Sites\prismproof\"
		Release.AspNetCompiler.TargetPath = "PrecompiledWeb\localhost_60086\"
		Release.AspNetCompiler.Updateable = "true"
		Release.AspNetCompiler.ForceOverwrite = "true"
		Release.AspNetCompiler.FixedNames = "false"
		Release.AspNetCompiler.Debug = "False"
		VWDPort = "60086"
		SlnRelativePath = "..\WebPublish\Sites\prismproof\"
	EndProjectSection
EndProject
Project("{9A19103F-16F7-4668-BE54-9A1E7A4F7556}") = "Scratchpad", "Testing\Scratchpad\Scratchpad.csproj", "{D0842BD6-DF8A-4B36-9CF2-3507682B7C88}"
EndProject
Project("{D954291E-2A0B-460D-934E-DC6B0785DB48}") = "ContainerMan-Shared", "Libraries\ContainerMan\ContainerMan-Shared.shproj", "{00E45E8D-5215-45ED-A003-BB3280181D35}"
EndProject
Project("{888888A0-9F3D-457C-B088-3A5042F75D52}") = "RFC8032", "Testing\RFC8032\RFC8032\RFC8032.pyproj", "{2710747A-139D-4D0C-8F6E-79C40C050EC1}"
EndProject
Project("{8BC9CEB8-8B4A-11D0-8D11-00A0C91BC942}") = "ScratpadC", "Testing\ScratpadC\ScratpadC.vcxproj", "{9B98AE17-E2BC-4697-979D-154F526F24D3}"
EndProject
Project("{9A19103F-16F7-4668-BE54-9A1E7A4F7556}") = "OpenDare", "Applications\OpenDare\OpenDare.csproj", "{1F0272D1-11B0-4316-B650-D66EB977FBE2}"
EndProject
Project("{FAE04EC0-301F-11D3-BF4B-00C04F79EFBC}") = "Goedel.Mesh.Shell.Test", "Testing\Goedel.Mesh.Shell.Test\Goedel.Mesh.Shell.Test.csproj", "{EB3B1879-6198-48A5-A1FB-B118DCD090DF}"
EndProject
Project("{FAE04EC0-301F-11D3-BF4B-00C04F79EFBC}") = "Goedel.Catalog.Test", "Testing\Goedel.Catalog.Test\Goedel.Catalog.Test.csproj", "{D156A789-CEFD-4042-B992-795DD86E7B9B}"
EndProject
Project("{9A19103F-16F7-4668-BE54-9A1E7A4F7556}") = "Goedel.Cryptography.Windows.Test", "Testing\Goedel.Cryptography.Windows.Test\Goedel.Cryptography.Windows.Test.csproj", "{76AEE656-53D3-4150-81A5-3AC6FA1194EC}"
EndProject
Project("{2150E333-8FDC-42A3-9474-1A3956D46DE8}") = "Mesh", "Mesh", "{5EC1032D-6112-4154-B52F-2DA29CD605E3}"
EndProject
Project("{9A19103F-16F7-4668-BE54-9A1E7A4F7556}") = "Goedel.Mesh", "Mesh\Goedel.Mesh\Goedel.Mesh.csproj", "{6B2D9659-E2A6-4E0F-A6E4-2AF27BDAEA89}"
EndProject
Project("{9A19103F-16F7-4668-BE54-9A1E7A4F7556}") = "Goedel.Mesh.Protocol.Client", "Mesh\Goedel.Mesh.Protocol.Client\Goedel.Mesh.Protocol.Client.csproj", "{1A14C73E-960C-4E21-AEB7-184B6D5A0AB3}"
EndProject
Project("{9A19103F-16F7-4668-BE54-9A1E7A4F7556}") = "Goedel.Mesh.Protocol.Server", "Mesh\Goedel.Mesh.Protocol.Server\Goedel.Mesh.Protocol.Server.csproj", "{602358C6-28B7-446D-86D3-02B3FD1B3D6C}"
EndProject
Project("{9A19103F-16F7-4668-BE54-9A1E7A4F7556}") = "Goedel.Mesh.Shell", "Mesh\Goedel.Mesh.Shell\Goedel.Mesh.Shell.csproj", "{0E631986-5213-4FB5-B4CA-09488EA5C4B5}"
EndProject
Project("{9A19103F-16F7-4668-BE54-9A1E7A4F7556}") = "Goedel.Mesh.Test-xunit", "Testing\Goedel.Mesh.xunit\Goedel.Mesh.Test-xunit.csproj", "{40FE220D-247A-4C25-BF06-AF1B4378AF75}"
EndProject
Project("{2150E333-8FDC-42A3-9474-1A3956D46DE8}") = "XUnit", "XUnit", "{D1FDE60F-FECA-4925-BFDE-A3CC9F40FCE9}"
EndProject
Project("{2150E333-8FDC-42A3-9474-1A3956D46DE8}") = "Windows", "Windows", "{21335470-2C7E-418E-A7CD-9EB6D3A45190}"
EndProject
Project("{9A19103F-16F7-4668-BE54-9A1E7A4F7556}") = "Goedel.Mesh.Windows", "Mesh\Goedel.Mesh.Windows\Goedel.Mesh.Windows.csproj", "{F3026337-A5B7-4F31-8743-BF76C4130EFF}"
EndProject
Project("{9A19103F-16F7-4668-BE54-9A1E7A4F7556}") = "Goedel.MeshOld", "Libraries\Goedel.Mesh\Goedel.MeshOld.csproj", "{F9E0B777-B706-4812-9573-986D014F4801}"
EndProject
Project("{9A19103F-16F7-4668-BE54-9A1E7A4F7556}") = "Goedel.Mesh.Test", "Testing\Goedel.Mesh.Test\Goedel.Mesh.Test.csproj", "{13C72979-9555-4A79-830E-6D4A620AD606}"
EndProject
Project("{FAE04EC0-301F-11D3-BF4B-00C04F79EFBC}") = "Goedel.Mesh.Test-Windows", "Testing\Goedel.Mesh.Test-Windows\Goedel.Mesh.Test-Windows.csproj", "{CCC68D11-C8D9-440E-BFFA-4115FC5F727C}"
EndProject
Project("{2150E333-8FDC-42A3-9474-1A3956D46DE8}") = "Tests", "Tests", "{6319D855-7BE8-4691-9638-2183778EE5B7}"
EndProject
Project("{9A19103F-16F7-4668-BE54-9A1E7A4F7556}") = "Goedel.Cryptography.Test-xunit", "Testing\Goedel.Cryptography.Test-xunit\Goedel.Cryptography.Test-xunit.csproj", "{2C18BD1E-8FCB-4D87-8562-9EFBA698AED3}"
EndProject
Project("{9A19103F-16F7-4668-BE54-9A1E7A4F7556}") = "Goedel.ASN1.Test-xunit", "Testing\Goedel.ASN1.Test-xunit\Goedel.ASN1.Test-xunit.csproj", "{4B588C05-1081-4714-B752-2C4E4AC428DD}"
EndProject
Project("{9A19103F-16F7-4668-BE54-9A1E7A4F7556}") = "Goedel.Utilities.Test-xunit", "Testing\Goedel.Utilities.Test-xunit\Goedel.Utilities.Test-xunit.csproj", "{C36BF619-3E79-484E-A33E-27CD37D866EA}"
EndProject
Project("{9A19103F-16F7-4668-BE54-9A1E7A4F7556}") = "Goedel.Protocol.Test-xunit", "Testing\Goedel.Protocol.Test-xunit\Goedel.Protocol.Test-xunit.csproj", "{C6E22A32-D923-4598-9552-347562F3F3AB}"
EndProject
Project("{9A19103F-16F7-4668-BE54-9A1E7A4F7556}") = "Goedel.Cryptography.Dare.Test-xunit", "Testing\Goedel.Cryptography.Dare.Test-xunit\Goedel.Cryptography.Dare.Test-xunit.csproj", "{7E0FA8F1-6242-417E-A1B9-3FD29A6F2D33}"
EndProject
Project("{9A19103F-16F7-4668-BE54-9A1E7A4F7556}") = "Goedel.Discovery.Test-xunit", "Testing\Goedel.Discovery.Test-xunit\Goedel.Discovery.Test-xunit.csproj", "{ECAC0000-D1E8-4049-A261-F48B8E2A3F28}"
EndProject
Project("{9A19103F-16F7-4668-BE54-9A1E7A4F7556}") = "Goedel.Cryptography.Jose.Test-xunit", "Testing\Goedel.Cryptography.Jose.Test-xunit\Goedel.Cryptography.Jose.Test-xunit.csproj", "{1964EDD7-75B8-4CCE-999F-A494B291AC98}"
EndProject
Project("{9A19103F-16F7-4668-BE54-9A1E7A4F7556}") = "Goedel.Cryptography.Keyfile.Test-xunit", "Testing\Goedel.Cryptography.Keyfile.Test-xunit\Goedel.Cryptography.Keyfile.Test-xunit.csproj", "{649290AC-7BBB-4549-8C43-9E43A9F26E0C}"
EndProject
Project("{9A19103F-16F7-4668-BE54-9A1E7A4F7556}") = "Goedel.Mesh.Core", "Mesh\Goedel.Mesh.Core\Goedel.Mesh.Core.csproj", "{AB63DA2B-EC91-4413-820A-3F755F15861D}"
EndProject
Project("{9A19103F-16F7-4668-BE54-9A1E7A4F7556}") = "Goedel.Mesh.Protocol.Test-xunit", "Testing\Goedel.Mesh.Protocol.Test-xunit\Goedel.Mesh.Protocol.Test-xunit.csproj", "{E831F24C-571D-4779-B02A-2BD23E1DCD7A}"
EndProject
Project("{2150E333-8FDC-42A3-9474-1A3956D46DE8}") = "Solution Items", "Solution Items", "{479601E3-3DC5-40DA-BA5E-403D5346E50D}"
EndProject
Global
	GlobalSection(SharedMSBuildProjectFiles) = preSolution
		Libraries\ContainerMan\ContainerMan.projitems*{00e45e8d-5215-45ed-a003-bb3280181d35}*SharedItemsImports = 13
		Libraries\MeshApps\MeshApps.projitems*{2b5532b5-5f59-4298-8de7-e5cafbf08e53}*SharedItemsImports = 13
		Libraries\MeshMan\MeshMan.projitems*{9e54dc54-c592-49a7-b0fd-d8a92d4f2076}*SharedItemsImports = 13
		Services\meshaccount\meshaccount.projitems*{d752f09c-50c2-4e86-b7bd-98043d0dc644}*SharedItemsImports = 13
		Services\meshportal\meshportal.projitems*{dea0ffe6-53a8-4df8-833f-717c4e109626}*SharedItemsImports = 13
	EndGlobalSection
	GlobalSection(SolutionConfigurationPlatforms) = preSolution
		Debug|Any CPU = Debug|Any CPU
		Debug|x64 = Debug|x64
		Debug|x86 = Debug|x86
		DotNet|Any CPU = DotNet|Any CPU
		DotNet|x64 = DotNet|x64
		DotNet|x86 = DotNet|x86
		Focus|Any CPU = Focus|Any CPU
		Focus|x64 = Focus|x64
		Focus|x86 = Focus|x86
		Publish|Any CPU = Publish|Any CPU
		Publish|x64 = Publish|x64
		Publish|x86 = Publish|x86
		RaspberryPi|Any CPU = RaspberryPi|Any CPU
		RaspberryPi|x64 = RaspberryPi|x64
		RaspberryPi|x86 = RaspberryPi|x86
		Release|Any CPU = Release|Any CPU
		Release|x64 = Release|x64
		Release|x86 = Release|x86
	EndGlobalSection
	GlobalSection(ProjectConfigurationPlatforms) = postSolution
		{896FC296-8EB1-426D-9D34-3F0AB0C73E22}.Debug|Any CPU.ActiveCfg = Debug|Any CPU
		{896FC296-8EB1-426D-9D34-3F0AB0C73E22}.Debug|Any CPU.Build.0 = Debug|Any CPU
		{896FC296-8EB1-426D-9D34-3F0AB0C73E22}.Debug|x64.ActiveCfg = Debug|Any CPU
		{896FC296-8EB1-426D-9D34-3F0AB0C73E22}.Debug|x64.Build.0 = Debug|Any CPU
		{896FC296-8EB1-426D-9D34-3F0AB0C73E22}.Debug|x86.ActiveCfg = Debug|Any CPU
		{896FC296-8EB1-426D-9D34-3F0AB0C73E22}.Debug|x86.Build.0 = Debug|Any CPU
		{896FC296-8EB1-426D-9D34-3F0AB0C73E22}.DotNet|Any CPU.ActiveCfg = Debug|Any CPU
		{896FC296-8EB1-426D-9D34-3F0AB0C73E22}.DotNet|Any CPU.Build.0 = Debug|Any CPU
		{896FC296-8EB1-426D-9D34-3F0AB0C73E22}.DotNet|x64.ActiveCfg = Debug|Any CPU
		{896FC296-8EB1-426D-9D34-3F0AB0C73E22}.DotNet|x64.Build.0 = Debug|Any CPU
		{896FC296-8EB1-426D-9D34-3F0AB0C73E22}.DotNet|x86.ActiveCfg = Debug|Any CPU
		{896FC296-8EB1-426D-9D34-3F0AB0C73E22}.DotNet|x86.Build.0 = Debug|Any CPU
		{896FC296-8EB1-426D-9D34-3F0AB0C73E22}.Focus|Any CPU.ActiveCfg = Focus|Any CPU
		{896FC296-8EB1-426D-9D34-3F0AB0C73E22}.Focus|Any CPU.Build.0 = Focus|Any CPU
		{896FC296-8EB1-426D-9D34-3F0AB0C73E22}.Focus|x64.ActiveCfg = Focus|Any CPU
		{896FC296-8EB1-426D-9D34-3F0AB0C73E22}.Focus|x64.Build.0 = Focus|Any CPU
		{896FC296-8EB1-426D-9D34-3F0AB0C73E22}.Focus|x86.ActiveCfg = Focus|Any CPU
		{896FC296-8EB1-426D-9D34-3F0AB0C73E22}.Focus|x86.Build.0 = Focus|Any CPU
		{896FC296-8EB1-426D-9D34-3F0AB0C73E22}.Publish|Any CPU.ActiveCfg = Debug|Any CPU
		{896FC296-8EB1-426D-9D34-3F0AB0C73E22}.Publish|x64.ActiveCfg = Debug|Any CPU
		{896FC296-8EB1-426D-9D34-3F0AB0C73E22}.Publish|x64.Build.0 = Debug|Any CPU
		{896FC296-8EB1-426D-9D34-3F0AB0C73E22}.Publish|x86.ActiveCfg = Release|Any CPU
		{896FC296-8EB1-426D-9D34-3F0AB0C73E22}.Publish|x86.Build.0 = Release|Any CPU
		{896FC296-8EB1-426D-9D34-3F0AB0C73E22}.RaspberryPi|Any CPU.ActiveCfg = Release|Any CPU
		{896FC296-8EB1-426D-9D34-3F0AB0C73E22}.RaspberryPi|Any CPU.Build.0 = Release|Any CPU
		{896FC296-8EB1-426D-9D34-3F0AB0C73E22}.RaspberryPi|x64.ActiveCfg = Release|Any CPU
		{896FC296-8EB1-426D-9D34-3F0AB0C73E22}.RaspberryPi|x64.Build.0 = Release|Any CPU
		{896FC296-8EB1-426D-9D34-3F0AB0C73E22}.RaspberryPi|x86.ActiveCfg = Release|Any CPU
		{896FC296-8EB1-426D-9D34-3F0AB0C73E22}.RaspberryPi|x86.Build.0 = Release|Any CPU
		{896FC296-8EB1-426D-9D34-3F0AB0C73E22}.Release|Any CPU.ActiveCfg = Release|Any CPU
		{896FC296-8EB1-426D-9D34-3F0AB0C73E22}.Release|Any CPU.Build.0 = Release|Any CPU
		{896FC296-8EB1-426D-9D34-3F0AB0C73E22}.Release|x64.ActiveCfg = Release|Any CPU
		{896FC296-8EB1-426D-9D34-3F0AB0C73E22}.Release|x64.Build.0 = Release|Any CPU
		{896FC296-8EB1-426D-9D34-3F0AB0C73E22}.Release|x86.ActiveCfg = Release|Any CPU
		{896FC296-8EB1-426D-9D34-3F0AB0C73E22}.Release|x86.Build.0 = Release|Any CPU
		{4A16CF88-5DDA-49D2-BF06-501F36788E3D}.Debug|Any CPU.ActiveCfg = Debug|Any CPU
		{4A16CF88-5DDA-49D2-BF06-501F36788E3D}.Debug|Any CPU.Build.0 = Debug|Any CPU
		{4A16CF88-5DDA-49D2-BF06-501F36788E3D}.Debug|x64.ActiveCfg = Debug|Any CPU
		{4A16CF88-5DDA-49D2-BF06-501F36788E3D}.Debug|x64.Build.0 = Debug|Any CPU
		{4A16CF88-5DDA-49D2-BF06-501F36788E3D}.Debug|x86.ActiveCfg = Debug|Any CPU
		{4A16CF88-5DDA-49D2-BF06-501F36788E3D}.Debug|x86.Build.0 = Debug|Any CPU
		{4A16CF88-5DDA-49D2-BF06-501F36788E3D}.DotNet|Any CPU.ActiveCfg = Debug|Any CPU
		{4A16CF88-5DDA-49D2-BF06-501F36788E3D}.DotNet|Any CPU.Build.0 = Debug|Any CPU
		{4A16CF88-5DDA-49D2-BF06-501F36788E3D}.DotNet|x64.ActiveCfg = Debug|Any CPU
		{4A16CF88-5DDA-49D2-BF06-501F36788E3D}.DotNet|x64.Build.0 = Debug|Any CPU
		{4A16CF88-5DDA-49D2-BF06-501F36788E3D}.DotNet|x86.ActiveCfg = Debug|Any CPU
		{4A16CF88-5DDA-49D2-BF06-501F36788E3D}.DotNet|x86.Build.0 = Debug|Any CPU
		{4A16CF88-5DDA-49D2-BF06-501F36788E3D}.Focus|Any CPU.ActiveCfg = Debug|Any CPU
		{4A16CF88-5DDA-49D2-BF06-501F36788E3D}.Focus|x64.ActiveCfg = Debug|Any CPU
		{4A16CF88-5DDA-49D2-BF06-501F36788E3D}.Focus|x64.Build.0 = Debug|Any CPU
		{4A16CF88-5DDA-49D2-BF06-501F36788E3D}.Focus|x86.ActiveCfg = Debug|Any CPU
		{4A16CF88-5DDA-49D2-BF06-501F36788E3D}.Focus|x86.Build.0 = Debug|Any CPU
		{4A16CF88-5DDA-49D2-BF06-501F36788E3D}.Publish|Any CPU.ActiveCfg = Debug|Any CPU
		{4A16CF88-5DDA-49D2-BF06-501F36788E3D}.Publish|Any CPU.Build.0 = Debug|Any CPU
		{4A16CF88-5DDA-49D2-BF06-501F36788E3D}.Publish|x64.ActiveCfg = Debug|Any CPU
		{4A16CF88-5DDA-49D2-BF06-501F36788E3D}.Publish|x64.Build.0 = Debug|Any CPU
		{4A16CF88-5DDA-49D2-BF06-501F36788E3D}.Publish|x86.ActiveCfg = Debug|Any CPU
		{4A16CF88-5DDA-49D2-BF06-501F36788E3D}.Publish|x86.Build.0 = Debug|Any CPU
		{4A16CF88-5DDA-49D2-BF06-501F36788E3D}.RaspberryPi|Any CPU.ActiveCfg = Debug|Any CPU
		{4A16CF88-5DDA-49D2-BF06-501F36788E3D}.RaspberryPi|Any CPU.Build.0 = Debug|Any CPU
		{4A16CF88-5DDA-49D2-BF06-501F36788E3D}.RaspberryPi|x64.ActiveCfg = Debug|Any CPU
		{4A16CF88-5DDA-49D2-BF06-501F36788E3D}.RaspberryPi|x64.Build.0 = Debug|Any CPU
		{4A16CF88-5DDA-49D2-BF06-501F36788E3D}.RaspberryPi|x86.ActiveCfg = Debug|Any CPU
		{4A16CF88-5DDA-49D2-BF06-501F36788E3D}.RaspberryPi|x86.Build.0 = Debug|Any CPU
		{4A16CF88-5DDA-49D2-BF06-501F36788E3D}.Release|Any CPU.ActiveCfg = Debug|Any CPU
		{4A16CF88-5DDA-49D2-BF06-501F36788E3D}.Release|Any CPU.Build.0 = Debug|Any CPU
		{4A16CF88-5DDA-49D2-BF06-501F36788E3D}.Release|x64.ActiveCfg = Debug|Any CPU
		{4A16CF88-5DDA-49D2-BF06-501F36788E3D}.Release|x64.Build.0 = Debug|Any CPU
		{4A16CF88-5DDA-49D2-BF06-501F36788E3D}.Release|x86.ActiveCfg = Debug|Any CPU
		{4A16CF88-5DDA-49D2-BF06-501F36788E3D}.Release|x86.Build.0 = Debug|Any CPU
		{6E8C8C89-4F68-463A-A6E0-D68D2A48E58D}.Debug|Any CPU.ActiveCfg = Debug|Any CPU
		{6E8C8C89-4F68-463A-A6E0-D68D2A48E58D}.Debug|Any CPU.Build.0 = Debug|Any CPU
		{6E8C8C89-4F68-463A-A6E0-D68D2A48E58D}.Debug|x64.ActiveCfg = Debug|Any CPU
		{6E8C8C89-4F68-463A-A6E0-D68D2A48E58D}.Debug|x64.Build.0 = Debug|Any CPU
		{6E8C8C89-4F68-463A-A6E0-D68D2A48E58D}.Debug|x86.ActiveCfg = Debug|Any CPU
		{6E8C8C89-4F68-463A-A6E0-D68D2A48E58D}.Debug|x86.Build.0 = Debug|Any CPU
		{6E8C8C89-4F68-463A-A6E0-D68D2A48E58D}.DotNet|Any CPU.ActiveCfg = Debug|Any CPU
		{6E8C8C89-4F68-463A-A6E0-D68D2A48E58D}.DotNet|Any CPU.Build.0 = Debug|Any CPU
		{6E8C8C89-4F68-463A-A6E0-D68D2A48E58D}.DotNet|x64.ActiveCfg = Debug|Any CPU
		{6E8C8C89-4F68-463A-A6E0-D68D2A48E58D}.DotNet|x64.Build.0 = Debug|Any CPU
		{6E8C8C89-4F68-463A-A6E0-D68D2A48E58D}.DotNet|x86.ActiveCfg = Debug|Any CPU
		{6E8C8C89-4F68-463A-A6E0-D68D2A48E58D}.DotNet|x86.Build.0 = Debug|Any CPU
		{6E8C8C89-4F68-463A-A6E0-D68D2A48E58D}.Focus|Any CPU.ActiveCfg = Debug|Any CPU
		{6E8C8C89-4F68-463A-A6E0-D68D2A48E58D}.Focus|x64.ActiveCfg = Debug|Any CPU
		{6E8C8C89-4F68-463A-A6E0-D68D2A48E58D}.Focus|x64.Build.0 = Debug|Any CPU
		{6E8C8C89-4F68-463A-A6E0-D68D2A48E58D}.Focus|x86.ActiveCfg = Debug|Any CPU
		{6E8C8C89-4F68-463A-A6E0-D68D2A48E58D}.Focus|x86.Build.0 = Debug|Any CPU
		{6E8C8C89-4F68-463A-A6E0-D68D2A48E58D}.Publish|Any CPU.ActiveCfg = Debug|Any CPU
		{6E8C8C89-4F68-463A-A6E0-D68D2A48E58D}.Publish|Any CPU.Build.0 = Debug|Any CPU
		{6E8C8C89-4F68-463A-A6E0-D68D2A48E58D}.Publish|x64.ActiveCfg = Debug|Any CPU
		{6E8C8C89-4F68-463A-A6E0-D68D2A48E58D}.Publish|x64.Build.0 = Debug|Any CPU
		{6E8C8C89-4F68-463A-A6E0-D68D2A48E58D}.Publish|x86.ActiveCfg = Debug|Any CPU
		{6E8C8C89-4F68-463A-A6E0-D68D2A48E58D}.Publish|x86.Build.0 = Debug|Any CPU
		{6E8C8C89-4F68-463A-A6E0-D68D2A48E58D}.RaspberryPi|Any CPU.ActiveCfg = Debug|Any CPU
		{6E8C8C89-4F68-463A-A6E0-D68D2A48E58D}.RaspberryPi|Any CPU.Build.0 = Debug|Any CPU
		{6E8C8C89-4F68-463A-A6E0-D68D2A48E58D}.RaspberryPi|x64.ActiveCfg = Debug|Any CPU
		{6E8C8C89-4F68-463A-A6E0-D68D2A48E58D}.RaspberryPi|x64.Build.0 = Debug|Any CPU
		{6E8C8C89-4F68-463A-A6E0-D68D2A48E58D}.RaspberryPi|x86.ActiveCfg = Debug|Any CPU
		{6E8C8C89-4F68-463A-A6E0-D68D2A48E58D}.RaspberryPi|x86.Build.0 = Debug|Any CPU
		{6E8C8C89-4F68-463A-A6E0-D68D2A48E58D}.Release|Any CPU.ActiveCfg = Debug|Any CPU
		{6E8C8C89-4F68-463A-A6E0-D68D2A48E58D}.Release|Any CPU.Build.0 = Debug|Any CPU
		{6E8C8C89-4F68-463A-A6E0-D68D2A48E58D}.Release|x64.ActiveCfg = Debug|Any CPU
		{6E8C8C89-4F68-463A-A6E0-D68D2A48E58D}.Release|x64.Build.0 = Debug|Any CPU
		{6E8C8C89-4F68-463A-A6E0-D68D2A48E58D}.Release|x86.ActiveCfg = Debug|Any CPU
		{6E8C8C89-4F68-463A-A6E0-D68D2A48E58D}.Release|x86.Build.0 = Debug|Any CPU
		{D0842BD6-DF8A-4B36-9CF2-3507682B7C88}.Debug|Any CPU.ActiveCfg = Debug|Any CPU
		{D0842BD6-DF8A-4B36-9CF2-3507682B7C88}.Debug|Any CPU.Build.0 = Debug|Any CPU
		{D0842BD6-DF8A-4B36-9CF2-3507682B7C88}.Debug|x64.ActiveCfg = Debug|Any CPU
		{D0842BD6-DF8A-4B36-9CF2-3507682B7C88}.Debug|x64.Build.0 = Debug|Any CPU
		{D0842BD6-DF8A-4B36-9CF2-3507682B7C88}.Debug|x86.ActiveCfg = Debug|Any CPU
		{D0842BD6-DF8A-4B36-9CF2-3507682B7C88}.Debug|x86.Build.0 = Debug|Any CPU
		{D0842BD6-DF8A-4B36-9CF2-3507682B7C88}.DotNet|Any CPU.ActiveCfg = Debug|Any CPU
		{D0842BD6-DF8A-4B36-9CF2-3507682B7C88}.DotNet|Any CPU.Build.0 = Debug|Any CPU
		{D0842BD6-DF8A-4B36-9CF2-3507682B7C88}.DotNet|x64.ActiveCfg = Debug|Any CPU
		{D0842BD6-DF8A-4B36-9CF2-3507682B7C88}.DotNet|x64.Build.0 = Debug|Any CPU
		{D0842BD6-DF8A-4B36-9CF2-3507682B7C88}.DotNet|x86.ActiveCfg = Debug|Any CPU
		{D0842BD6-DF8A-4B36-9CF2-3507682B7C88}.DotNet|x86.Build.0 = Debug|Any CPU
		{D0842BD6-DF8A-4B36-9CF2-3507682B7C88}.Focus|Any CPU.ActiveCfg = Focus|Any CPU
		{D0842BD6-DF8A-4B36-9CF2-3507682B7C88}.Focus|Any CPU.Build.0 = Focus|Any CPU
		{D0842BD6-DF8A-4B36-9CF2-3507682B7C88}.Focus|x64.ActiveCfg = Focus|Any CPU
		{D0842BD6-DF8A-4B36-9CF2-3507682B7C88}.Focus|x64.Build.0 = Focus|Any CPU
		{D0842BD6-DF8A-4B36-9CF2-3507682B7C88}.Focus|x86.ActiveCfg = Focus|Any CPU
		{D0842BD6-DF8A-4B36-9CF2-3507682B7C88}.Focus|x86.Build.0 = Focus|Any CPU
		{D0842BD6-DF8A-4B36-9CF2-3507682B7C88}.Publish|Any CPU.ActiveCfg = Debug|Any CPU
		{D0842BD6-DF8A-4B36-9CF2-3507682B7C88}.Publish|Any CPU.Build.0 = Debug|Any CPU
		{D0842BD6-DF8A-4B36-9CF2-3507682B7C88}.Publish|x64.ActiveCfg = Debug|Any CPU
		{D0842BD6-DF8A-4B36-9CF2-3507682B7C88}.Publish|x64.Build.0 = Debug|Any CPU
		{D0842BD6-DF8A-4B36-9CF2-3507682B7C88}.Publish|x86.ActiveCfg = Release|Any CPU
		{D0842BD6-DF8A-4B36-9CF2-3507682B7C88}.Publish|x86.Build.0 = Release|Any CPU
		{D0842BD6-DF8A-4B36-9CF2-3507682B7C88}.RaspberryPi|Any CPU.ActiveCfg = Release|Any CPU
		{D0842BD6-DF8A-4B36-9CF2-3507682B7C88}.RaspberryPi|Any CPU.Build.0 = Release|Any CPU
		{D0842BD6-DF8A-4B36-9CF2-3507682B7C88}.RaspberryPi|x64.ActiveCfg = Release|Any CPU
		{D0842BD6-DF8A-4B36-9CF2-3507682B7C88}.RaspberryPi|x64.Build.0 = Release|Any CPU
		{D0842BD6-DF8A-4B36-9CF2-3507682B7C88}.RaspberryPi|x86.ActiveCfg = Release|Any CPU
		{D0842BD6-DF8A-4B36-9CF2-3507682B7C88}.RaspberryPi|x86.Build.0 = Release|Any CPU
		{D0842BD6-DF8A-4B36-9CF2-3507682B7C88}.Release|Any CPU.ActiveCfg = Release|Any CPU
		{D0842BD6-DF8A-4B36-9CF2-3507682B7C88}.Release|Any CPU.Build.0 = Release|Any CPU
		{D0842BD6-DF8A-4B36-9CF2-3507682B7C88}.Release|x64.ActiveCfg = Release|Any CPU
		{D0842BD6-DF8A-4B36-9CF2-3507682B7C88}.Release|x64.Build.0 = Release|Any CPU
		{D0842BD6-DF8A-4B36-9CF2-3507682B7C88}.Release|x86.ActiveCfg = Release|Any CPU
		{D0842BD6-DF8A-4B36-9CF2-3507682B7C88}.Release|x86.Build.0 = Release|Any CPU
		{2710747A-139D-4D0C-8F6E-79C40C050EC1}.Debug|Any CPU.ActiveCfg = Debug|Any CPU
		{2710747A-139D-4D0C-8F6E-79C40C050EC1}.Debug|x64.ActiveCfg = Debug|Any CPU
		{2710747A-139D-4D0C-8F6E-79C40C050EC1}.Debug|x86.ActiveCfg = Debug|Any CPU
		{2710747A-139D-4D0C-8F6E-79C40C050EC1}.DotNet|Any CPU.ActiveCfg = Debug|Any CPU
		{2710747A-139D-4D0C-8F6E-79C40C050EC1}.DotNet|x64.ActiveCfg = Debug|Any CPU
		{2710747A-139D-4D0C-8F6E-79C40C050EC1}.DotNet|x86.ActiveCfg = Debug|Any CPU
		{2710747A-139D-4D0C-8F6E-79C40C050EC1}.Focus|Any CPU.ActiveCfg = Release|Any CPU
		{2710747A-139D-4D0C-8F6E-79C40C050EC1}.Focus|x64.ActiveCfg = Release|Any CPU
		{2710747A-139D-4D0C-8F6E-79C40C050EC1}.Focus|x86.ActiveCfg = Release|Any CPU
		{2710747A-139D-4D0C-8F6E-79C40C050EC1}.Publish|Any CPU.ActiveCfg = Release|Any CPU
		{2710747A-139D-4D0C-8F6E-79C40C050EC1}.Publish|x64.ActiveCfg = Release|Any CPU
		{2710747A-139D-4D0C-8F6E-79C40C050EC1}.Publish|x86.ActiveCfg = Release|Any CPU
		{2710747A-139D-4D0C-8F6E-79C40C050EC1}.RaspberryPi|Any CPU.ActiveCfg = Release|Any CPU
		{2710747A-139D-4D0C-8F6E-79C40C050EC1}.RaspberryPi|x64.ActiveCfg = Release|Any CPU
		{2710747A-139D-4D0C-8F6E-79C40C050EC1}.RaspberryPi|x86.ActiveCfg = Release|Any CPU
		{2710747A-139D-4D0C-8F6E-79C40C050EC1}.Release|Any CPU.ActiveCfg = Release|Any CPU
		{2710747A-139D-4D0C-8F6E-79C40C050EC1}.Release|x64.ActiveCfg = Release|Any CPU
		{2710747A-139D-4D0C-8F6E-79C40C050EC1}.Release|x86.ActiveCfg = Release|Any CPU
		{9B98AE17-E2BC-4697-979D-154F526F24D3}.Debug|Any CPU.ActiveCfg = Debug|Win32
		{9B98AE17-E2BC-4697-979D-154F526F24D3}.Debug|x64.ActiveCfg = Debug|x64
		{9B98AE17-E2BC-4697-979D-154F526F24D3}.Debug|x64.Build.0 = Debug|x64
		{9B98AE17-E2BC-4697-979D-154F526F24D3}.Debug|x86.ActiveCfg = Debug|Win32
		{9B98AE17-E2BC-4697-979D-154F526F24D3}.Debug|x86.Build.0 = Debug|Win32
		{9B98AE17-E2BC-4697-979D-154F526F24D3}.DotNet|Any CPU.ActiveCfg = Release|x64
		{9B98AE17-E2BC-4697-979D-154F526F24D3}.DotNet|Any CPU.Build.0 = Release|x64
		{9B98AE17-E2BC-4697-979D-154F526F24D3}.DotNet|x64.ActiveCfg = Debug|x64
		{9B98AE17-E2BC-4697-979D-154F526F24D3}.DotNet|x64.Build.0 = Debug|x64
		{9B98AE17-E2BC-4697-979D-154F526F24D3}.DotNet|x86.ActiveCfg = Debug|Win32
		{9B98AE17-E2BC-4697-979D-154F526F24D3}.DotNet|x86.Build.0 = Debug|Win32
		{9B98AE17-E2BC-4697-979D-154F526F24D3}.Focus|Any CPU.ActiveCfg = Release|x64
		{9B98AE17-E2BC-4697-979D-154F526F24D3}.Focus|Any CPU.Build.0 = Release|x64
		{9B98AE17-E2BC-4697-979D-154F526F24D3}.Focus|x64.ActiveCfg = Release|x64
		{9B98AE17-E2BC-4697-979D-154F526F24D3}.Focus|x64.Build.0 = Release|x64
		{9B98AE17-E2BC-4697-979D-154F526F24D3}.Focus|x86.ActiveCfg = Release|Win32
		{9B98AE17-E2BC-4697-979D-154F526F24D3}.Focus|x86.Build.0 = Release|Win32
		{9B98AE17-E2BC-4697-979D-154F526F24D3}.Publish|Any CPU.ActiveCfg = Release|x64
		{9B98AE17-E2BC-4697-979D-154F526F24D3}.Publish|Any CPU.Build.0 = Release|x64
		{9B98AE17-E2BC-4697-979D-154F526F24D3}.Publish|x64.ActiveCfg = Release|x64
		{9B98AE17-E2BC-4697-979D-154F526F24D3}.Publish|x64.Build.0 = Release|x64
		{9B98AE17-E2BC-4697-979D-154F526F24D3}.Publish|x86.ActiveCfg = Release|Win32
		{9B98AE17-E2BC-4697-979D-154F526F24D3}.Publish|x86.Build.0 = Release|Win32
		{9B98AE17-E2BC-4697-979D-154F526F24D3}.RaspberryPi|Any CPU.ActiveCfg = Release|x64
		{9B98AE17-E2BC-4697-979D-154F526F24D3}.RaspberryPi|Any CPU.Build.0 = Release|x64
		{9B98AE17-E2BC-4697-979D-154F526F24D3}.RaspberryPi|x64.ActiveCfg = Release|x64
		{9B98AE17-E2BC-4697-979D-154F526F24D3}.RaspberryPi|x64.Build.0 = Release|x64
		{9B98AE17-E2BC-4697-979D-154F526F24D3}.RaspberryPi|x86.ActiveCfg = Release|Win32
		{9B98AE17-E2BC-4697-979D-154F526F24D3}.RaspberryPi|x86.Build.0 = Release|Win32
		{9B98AE17-E2BC-4697-979D-154F526F24D3}.Release|Any CPU.ActiveCfg = Release|Win32
		{9B98AE17-E2BC-4697-979D-154F526F24D3}.Release|x64.ActiveCfg = Release|x64
		{9B98AE17-E2BC-4697-979D-154F526F24D3}.Release|x64.Build.0 = Release|x64
		{9B98AE17-E2BC-4697-979D-154F526F24D3}.Release|x86.ActiveCfg = Release|Win32
		{9B98AE17-E2BC-4697-979D-154F526F24D3}.Release|x86.Build.0 = Release|Win32
		{1F0272D1-11B0-4316-B650-D66EB977FBE2}.Debug|Any CPU.ActiveCfg = Debug|Any CPU
		{1F0272D1-11B0-4316-B650-D66EB977FBE2}.Debug|Any CPU.Build.0 = Debug|Any CPU
		{1F0272D1-11B0-4316-B650-D66EB977FBE2}.Debug|x64.ActiveCfg = Debug|Any CPU
		{1F0272D1-11B0-4316-B650-D66EB977FBE2}.Debug|x64.Build.0 = Debug|Any CPU
		{1F0272D1-11B0-4316-B650-D66EB977FBE2}.Debug|x86.ActiveCfg = Debug|Any CPU
		{1F0272D1-11B0-4316-B650-D66EB977FBE2}.Debug|x86.Build.0 = Debug|Any CPU
		{1F0272D1-11B0-4316-B650-D66EB977FBE2}.DotNet|Any CPU.ActiveCfg = Debug|Any CPU
		{1F0272D1-11B0-4316-B650-D66EB977FBE2}.DotNet|Any CPU.Build.0 = Debug|Any CPU
		{1F0272D1-11B0-4316-B650-D66EB977FBE2}.DotNet|x64.ActiveCfg = Debug|Any CPU
		{1F0272D1-11B0-4316-B650-D66EB977FBE2}.DotNet|x64.Build.0 = Debug|Any CPU
		{1F0272D1-11B0-4316-B650-D66EB977FBE2}.DotNet|x86.ActiveCfg = Debug|Any CPU
		{1F0272D1-11B0-4316-B650-D66EB977FBE2}.DotNet|x86.Build.0 = Debug|Any CPU
		{1F0272D1-11B0-4316-B650-D66EB977FBE2}.Focus|Any CPU.ActiveCfg = Debug|Any CPU
		{1F0272D1-11B0-4316-B650-D66EB977FBE2}.Focus|Any CPU.Build.0 = Debug|Any CPU
		{1F0272D1-11B0-4316-B650-D66EB977FBE2}.Focus|x64.ActiveCfg = Debug|Any CPU
		{1F0272D1-11B0-4316-B650-D66EB977FBE2}.Focus|x64.Build.0 = Debug|Any CPU
		{1F0272D1-11B0-4316-B650-D66EB977FBE2}.Focus|x86.ActiveCfg = Debug|Any CPU
		{1F0272D1-11B0-4316-B650-D66EB977FBE2}.Focus|x86.Build.0 = Debug|Any CPU
		{1F0272D1-11B0-4316-B650-D66EB977FBE2}.Publish|Any CPU.ActiveCfg = Debug|Any CPU
		{1F0272D1-11B0-4316-B650-D66EB977FBE2}.Publish|Any CPU.Build.0 = Debug|Any CPU
		{1F0272D1-11B0-4316-B650-D66EB977FBE2}.Publish|x64.ActiveCfg = Debug|Any CPU
		{1F0272D1-11B0-4316-B650-D66EB977FBE2}.Publish|x64.Build.0 = Debug|Any CPU
		{1F0272D1-11B0-4316-B650-D66EB977FBE2}.Publish|x86.ActiveCfg = Debug|Any CPU
		{1F0272D1-11B0-4316-B650-D66EB977FBE2}.Publish|x86.Build.0 = Debug|Any CPU
		{1F0272D1-11B0-4316-B650-D66EB977FBE2}.RaspberryPi|Any CPU.ActiveCfg = Release|Any CPU
		{1F0272D1-11B0-4316-B650-D66EB977FBE2}.RaspberryPi|Any CPU.Build.0 = Release|Any CPU
		{1F0272D1-11B0-4316-B650-D66EB977FBE2}.RaspberryPi|x64.ActiveCfg = Release|Any CPU
		{1F0272D1-11B0-4316-B650-D66EB977FBE2}.RaspberryPi|x64.Build.0 = Release|Any CPU
		{1F0272D1-11B0-4316-B650-D66EB977FBE2}.RaspberryPi|x86.ActiveCfg = Release|Any CPU
		{1F0272D1-11B0-4316-B650-D66EB977FBE2}.RaspberryPi|x86.Build.0 = Release|Any CPU
		{1F0272D1-11B0-4316-B650-D66EB977FBE2}.Release|Any CPU.ActiveCfg = Release|Any CPU
		{1F0272D1-11B0-4316-B650-D66EB977FBE2}.Release|Any CPU.Build.0 = Release|Any CPU
		{1F0272D1-11B0-4316-B650-D66EB977FBE2}.Release|x64.ActiveCfg = Release|Any CPU
		{1F0272D1-11B0-4316-B650-D66EB977FBE2}.Release|x64.Build.0 = Release|Any CPU
		{1F0272D1-11B0-4316-B650-D66EB977FBE2}.Release|x86.ActiveCfg = Release|Any CPU
		{1F0272D1-11B0-4316-B650-D66EB977FBE2}.Release|x86.Build.0 = Release|Any CPU
		{EB3B1879-6198-48A5-A1FB-B118DCD090DF}.Debug|Any CPU.ActiveCfg = Debug|Any CPU
		{EB3B1879-6198-48A5-A1FB-B118DCD090DF}.Debug|Any CPU.Build.0 = Debug|Any CPU
		{EB3B1879-6198-48A5-A1FB-B118DCD090DF}.Debug|x64.ActiveCfg = Debug|Any CPU
		{EB3B1879-6198-48A5-A1FB-B118DCD090DF}.Debug|x64.Build.0 = Debug|Any CPU
		{EB3B1879-6198-48A5-A1FB-B118DCD090DF}.Debug|x86.ActiveCfg = Debug|Any CPU
		{EB3B1879-6198-48A5-A1FB-B118DCD090DF}.Debug|x86.Build.0 = Debug|Any CPU
		{EB3B1879-6198-48A5-A1FB-B118DCD090DF}.DotNet|Any CPU.ActiveCfg = Debug|Any CPU
		{EB3B1879-6198-48A5-A1FB-B118DCD090DF}.DotNet|Any CPU.Build.0 = Debug|Any CPU
		{EB3B1879-6198-48A5-A1FB-B118DCD090DF}.DotNet|x64.ActiveCfg = Debug|Any CPU
		{EB3B1879-6198-48A5-A1FB-B118DCD090DF}.DotNet|x64.Build.0 = Debug|Any CPU
		{EB3B1879-6198-48A5-A1FB-B118DCD090DF}.DotNet|x86.ActiveCfg = Debug|Any CPU
		{EB3B1879-6198-48A5-A1FB-B118DCD090DF}.DotNet|x86.Build.0 = Debug|Any CPU
		{EB3B1879-6198-48A5-A1FB-B118DCD090DF}.Focus|Any CPU.ActiveCfg = Release|Any CPU
		{EB3B1879-6198-48A5-A1FB-B118DCD090DF}.Focus|Any CPU.Build.0 = Release|Any CPU
		{EB3B1879-6198-48A5-A1FB-B118DCD090DF}.Focus|x64.ActiveCfg = Release|Any CPU
		{EB3B1879-6198-48A5-A1FB-B118DCD090DF}.Focus|x64.Build.0 = Release|Any CPU
		{EB3B1879-6198-48A5-A1FB-B118DCD090DF}.Focus|x86.ActiveCfg = Release|Any CPU
		{EB3B1879-6198-48A5-A1FB-B118DCD090DF}.Focus|x86.Build.0 = Release|Any CPU
		{EB3B1879-6198-48A5-A1FB-B118DCD090DF}.Publish|Any CPU.ActiveCfg = Release|Any CPU
		{EB3B1879-6198-48A5-A1FB-B118DCD090DF}.Publish|Any CPU.Build.0 = Release|Any CPU
		{EB3B1879-6198-48A5-A1FB-B118DCD090DF}.Publish|x64.ActiveCfg = Release|Any CPU
		{EB3B1879-6198-48A5-A1FB-B118DCD090DF}.Publish|x64.Build.0 = Release|Any CPU
		{EB3B1879-6198-48A5-A1FB-B118DCD090DF}.Publish|x86.ActiveCfg = Release|Any CPU
		{EB3B1879-6198-48A5-A1FB-B118DCD090DF}.Publish|x86.Build.0 = Release|Any CPU
		{EB3B1879-6198-48A5-A1FB-B118DCD090DF}.RaspberryPi|Any CPU.ActiveCfg = Release|Any CPU
		{EB3B1879-6198-48A5-A1FB-B118DCD090DF}.RaspberryPi|Any CPU.Build.0 = Release|Any CPU
		{EB3B1879-6198-48A5-A1FB-B118DCD090DF}.RaspberryPi|x64.ActiveCfg = Release|Any CPU
		{EB3B1879-6198-48A5-A1FB-B118DCD090DF}.RaspberryPi|x64.Build.0 = Release|Any CPU
		{EB3B1879-6198-48A5-A1FB-B118DCD090DF}.RaspberryPi|x86.ActiveCfg = Release|Any CPU
		{EB3B1879-6198-48A5-A1FB-B118DCD090DF}.RaspberryPi|x86.Build.0 = Release|Any CPU
		{EB3B1879-6198-48A5-A1FB-B118DCD090DF}.Release|Any CPU.ActiveCfg = Release|Any CPU
		{EB3B1879-6198-48A5-A1FB-B118DCD090DF}.Release|Any CPU.Build.0 = Release|Any CPU
		{EB3B1879-6198-48A5-A1FB-B118DCD090DF}.Release|x64.ActiveCfg = Release|Any CPU
		{EB3B1879-6198-48A5-A1FB-B118DCD090DF}.Release|x64.Build.0 = Release|Any CPU
		{EB3B1879-6198-48A5-A1FB-B118DCD090DF}.Release|x86.ActiveCfg = Release|Any CPU
		{EB3B1879-6198-48A5-A1FB-B118DCD090DF}.Release|x86.Build.0 = Release|Any CPU
		{D156A789-CEFD-4042-B992-795DD86E7B9B}.Debug|Any CPU.ActiveCfg = Debug|Any CPU
		{D156A789-CEFD-4042-B992-795DD86E7B9B}.Debug|Any CPU.Build.0 = Debug|Any CPU
		{D156A789-CEFD-4042-B992-795DD86E7B9B}.Debug|x64.ActiveCfg = Debug|Any CPU
		{D156A789-CEFD-4042-B992-795DD86E7B9B}.Debug|x64.Build.0 = Debug|Any CPU
		{D156A789-CEFD-4042-B992-795DD86E7B9B}.Debug|x86.ActiveCfg = Debug|Any CPU
		{D156A789-CEFD-4042-B992-795DD86E7B9B}.Debug|x86.Build.0 = Debug|Any CPU
		{D156A789-CEFD-4042-B992-795DD86E7B9B}.DotNet|Any CPU.ActiveCfg = Debug|Any CPU
		{D156A789-CEFD-4042-B992-795DD86E7B9B}.DotNet|Any CPU.Build.0 = Debug|Any CPU
		{D156A789-CEFD-4042-B992-795DD86E7B9B}.DotNet|x64.ActiveCfg = Debug|Any CPU
		{D156A789-CEFD-4042-B992-795DD86E7B9B}.DotNet|x64.Build.0 = Debug|Any CPU
		{D156A789-CEFD-4042-B992-795DD86E7B9B}.DotNet|x86.ActiveCfg = Debug|Any CPU
		{D156A789-CEFD-4042-B992-795DD86E7B9B}.DotNet|x86.Build.0 = Debug|Any CPU
		{D156A789-CEFD-4042-B992-795DD86E7B9B}.Focus|Any CPU.ActiveCfg = Release|Any CPU
		{D156A789-CEFD-4042-B992-795DD86E7B9B}.Focus|Any CPU.Build.0 = Release|Any CPU
		{D156A789-CEFD-4042-B992-795DD86E7B9B}.Focus|x64.ActiveCfg = Release|Any CPU
		{D156A789-CEFD-4042-B992-795DD86E7B9B}.Focus|x64.Build.0 = Release|Any CPU
		{D156A789-CEFD-4042-B992-795DD86E7B9B}.Focus|x86.ActiveCfg = Release|Any CPU
		{D156A789-CEFD-4042-B992-795DD86E7B9B}.Focus|x86.Build.0 = Release|Any CPU
		{D156A789-CEFD-4042-B992-795DD86E7B9B}.Publish|Any CPU.ActiveCfg = Release|Any CPU
		{D156A789-CEFD-4042-B992-795DD86E7B9B}.Publish|Any CPU.Build.0 = Release|Any CPU
		{D156A789-CEFD-4042-B992-795DD86E7B9B}.Publish|x64.ActiveCfg = Release|Any CPU
		{D156A789-CEFD-4042-B992-795DD86E7B9B}.Publish|x64.Build.0 = Release|Any CPU
		{D156A789-CEFD-4042-B992-795DD86E7B9B}.Publish|x86.ActiveCfg = Release|Any CPU
		{D156A789-CEFD-4042-B992-795DD86E7B9B}.Publish|x86.Build.0 = Release|Any CPU
		{D156A789-CEFD-4042-B992-795DD86E7B9B}.RaspberryPi|Any CPU.ActiveCfg = Release|Any CPU
		{D156A789-CEFD-4042-B992-795DD86E7B9B}.RaspberryPi|Any CPU.Build.0 = Release|Any CPU
		{D156A789-CEFD-4042-B992-795DD86E7B9B}.RaspberryPi|x64.ActiveCfg = Release|Any CPU
		{D156A789-CEFD-4042-B992-795DD86E7B9B}.RaspberryPi|x64.Build.0 = Release|Any CPU
		{D156A789-CEFD-4042-B992-795DD86E7B9B}.RaspberryPi|x86.ActiveCfg = Release|Any CPU
		{D156A789-CEFD-4042-B992-795DD86E7B9B}.RaspberryPi|x86.Build.0 = Release|Any CPU
		{D156A789-CEFD-4042-B992-795DD86E7B9B}.Release|Any CPU.ActiveCfg = Release|Any CPU
		{D156A789-CEFD-4042-B992-795DD86E7B9B}.Release|Any CPU.Build.0 = Release|Any CPU
		{D156A789-CEFD-4042-B992-795DD86E7B9B}.Release|x64.ActiveCfg = Release|Any CPU
		{D156A789-CEFD-4042-B992-795DD86E7B9B}.Release|x64.Build.0 = Release|Any CPU
		{D156A789-CEFD-4042-B992-795DD86E7B9B}.Release|x86.ActiveCfg = Release|Any CPU
		{D156A789-CEFD-4042-B992-795DD86E7B9B}.Release|x86.Build.0 = Release|Any CPU
		{76AEE656-53D3-4150-81A5-3AC6FA1194EC}.Debug|Any CPU.ActiveCfg = Debug|Any CPU
		{76AEE656-53D3-4150-81A5-3AC6FA1194EC}.Debug|Any CPU.Build.0 = Debug|Any CPU
		{76AEE656-53D3-4150-81A5-3AC6FA1194EC}.Debug|x64.ActiveCfg = Debug|Any CPU
		{76AEE656-53D3-4150-81A5-3AC6FA1194EC}.Debug|x64.Build.0 = Debug|Any CPU
		{76AEE656-53D3-4150-81A5-3AC6FA1194EC}.Debug|x86.ActiveCfg = Debug|Any CPU
		{76AEE656-53D3-4150-81A5-3AC6FA1194EC}.Debug|x86.Build.0 = Debug|Any CPU
		{76AEE656-53D3-4150-81A5-3AC6FA1194EC}.DotNet|Any CPU.ActiveCfg = Debug|Any CPU
		{76AEE656-53D3-4150-81A5-3AC6FA1194EC}.DotNet|Any CPU.Build.0 = Debug|Any CPU
		{76AEE656-53D3-4150-81A5-3AC6FA1194EC}.DotNet|x64.ActiveCfg = Debug|Any CPU
		{76AEE656-53D3-4150-81A5-3AC6FA1194EC}.DotNet|x64.Build.0 = Debug|Any CPU
		{76AEE656-53D3-4150-81A5-3AC6FA1194EC}.DotNet|x86.ActiveCfg = Debug|Any CPU
		{76AEE656-53D3-4150-81A5-3AC6FA1194EC}.DotNet|x86.Build.0 = Debug|Any CPU
		{76AEE656-53D3-4150-81A5-3AC6FA1194EC}.Focus|Any CPU.ActiveCfg = Focus|Any CPU
		{76AEE656-53D3-4150-81A5-3AC6FA1194EC}.Focus|Any CPU.Build.0 = Focus|Any CPU
		{76AEE656-53D3-4150-81A5-3AC6FA1194EC}.Focus|x64.ActiveCfg = Focus|Any CPU
		{76AEE656-53D3-4150-81A5-3AC6FA1194EC}.Focus|x64.Build.0 = Focus|Any CPU
		{76AEE656-53D3-4150-81A5-3AC6FA1194EC}.Focus|x86.ActiveCfg = Focus|Any CPU
		{76AEE656-53D3-4150-81A5-3AC6FA1194EC}.Focus|x86.Build.0 = Focus|Any CPU
		{76AEE656-53D3-4150-81A5-3AC6FA1194EC}.Publish|Any CPU.ActiveCfg = Debug|Any CPU
		{76AEE656-53D3-4150-81A5-3AC6FA1194EC}.Publish|Any CPU.Build.0 = Debug|Any CPU
		{76AEE656-53D3-4150-81A5-3AC6FA1194EC}.Publish|x64.ActiveCfg = Debug|Any CPU
		{76AEE656-53D3-4150-81A5-3AC6FA1194EC}.Publish|x64.Build.0 = Debug|Any CPU
		{76AEE656-53D3-4150-81A5-3AC6FA1194EC}.Publish|x86.ActiveCfg = Debug|Any CPU
		{76AEE656-53D3-4150-81A5-3AC6FA1194EC}.Publish|x86.Build.0 = Debug|Any CPU
		{76AEE656-53D3-4150-81A5-3AC6FA1194EC}.RaspberryPi|Any CPU.ActiveCfg = Release|Any CPU
		{76AEE656-53D3-4150-81A5-3AC6FA1194EC}.RaspberryPi|Any CPU.Build.0 = Release|Any CPU
		{76AEE656-53D3-4150-81A5-3AC6FA1194EC}.RaspberryPi|x64.ActiveCfg = Release|Any CPU
		{76AEE656-53D3-4150-81A5-3AC6FA1194EC}.RaspberryPi|x64.Build.0 = Release|Any CPU
		{76AEE656-53D3-4150-81A5-3AC6FA1194EC}.RaspberryPi|x86.ActiveCfg = Release|Any CPU
		{76AEE656-53D3-4150-81A5-3AC6FA1194EC}.RaspberryPi|x86.Build.0 = Release|Any CPU
		{76AEE656-53D3-4150-81A5-3AC6FA1194EC}.Release|Any CPU.ActiveCfg = Release|Any CPU
		{76AEE656-53D3-4150-81A5-3AC6FA1194EC}.Release|Any CPU.Build.0 = Release|Any CPU
		{76AEE656-53D3-4150-81A5-3AC6FA1194EC}.Release|x64.ActiveCfg = Release|Any CPU
		{76AEE656-53D3-4150-81A5-3AC6FA1194EC}.Release|x64.Build.0 = Release|Any CPU
		{76AEE656-53D3-4150-81A5-3AC6FA1194EC}.Release|x86.ActiveCfg = Release|Any CPU
		{76AEE656-53D3-4150-81A5-3AC6FA1194EC}.Release|x86.Build.0 = Release|Any CPU
		{6B2D9659-E2A6-4E0F-A6E4-2AF27BDAEA89}.Debug|Any CPU.ActiveCfg = Debug|Any CPU
		{6B2D9659-E2A6-4E0F-A6E4-2AF27BDAEA89}.Debug|Any CPU.Build.0 = Debug|Any CPU
		{6B2D9659-E2A6-4E0F-A6E4-2AF27BDAEA89}.Debug|x64.ActiveCfg = Debug|Any CPU
		{6B2D9659-E2A6-4E0F-A6E4-2AF27BDAEA89}.Debug|x64.Build.0 = Debug|Any CPU
		{6B2D9659-E2A6-4E0F-A6E4-2AF27BDAEA89}.Debug|x86.ActiveCfg = Debug|Any CPU
		{6B2D9659-E2A6-4E0F-A6E4-2AF27BDAEA89}.Debug|x86.Build.0 = Debug|Any CPU
		{6B2D9659-E2A6-4E0F-A6E4-2AF27BDAEA89}.DotNet|Any CPU.ActiveCfg = Debug|Any CPU
		{6B2D9659-E2A6-4E0F-A6E4-2AF27BDAEA89}.DotNet|Any CPU.Build.0 = Debug|Any CPU
		{6B2D9659-E2A6-4E0F-A6E4-2AF27BDAEA89}.DotNet|x64.ActiveCfg = Debug|Any CPU
		{6B2D9659-E2A6-4E0F-A6E4-2AF27BDAEA89}.DotNet|x64.Build.0 = Debug|Any CPU
		{6B2D9659-E2A6-4E0F-A6E4-2AF27BDAEA89}.DotNet|x86.ActiveCfg = Debug|Any CPU
		{6B2D9659-E2A6-4E0F-A6E4-2AF27BDAEA89}.DotNet|x86.Build.0 = Debug|Any CPU
		{6B2D9659-E2A6-4E0F-A6E4-2AF27BDAEA89}.Focus|Any CPU.ActiveCfg = Debug|Any CPU
		{6B2D9659-E2A6-4E0F-A6E4-2AF27BDAEA89}.Focus|Any CPU.Build.0 = Debug|Any CPU
		{6B2D9659-E2A6-4E0F-A6E4-2AF27BDAEA89}.Focus|x64.ActiveCfg = Debug|Any CPU
		{6B2D9659-E2A6-4E0F-A6E4-2AF27BDAEA89}.Focus|x64.Build.0 = Debug|Any CPU
		{6B2D9659-E2A6-4E0F-A6E4-2AF27BDAEA89}.Focus|x86.ActiveCfg = Debug|Any CPU
		{6B2D9659-E2A6-4E0F-A6E4-2AF27BDAEA89}.Focus|x86.Build.0 = Debug|Any CPU
		{6B2D9659-E2A6-4E0F-A6E4-2AF27BDAEA89}.Publish|Any CPU.ActiveCfg = Debug|Any CPU
		{6B2D9659-E2A6-4E0F-A6E4-2AF27BDAEA89}.Publish|Any CPU.Build.0 = Debug|Any CPU
		{6B2D9659-E2A6-4E0F-A6E4-2AF27BDAEA89}.Publish|x64.ActiveCfg = Debug|Any CPU
		{6B2D9659-E2A6-4E0F-A6E4-2AF27BDAEA89}.Publish|x64.Build.0 = Debug|Any CPU
		{6B2D9659-E2A6-4E0F-A6E4-2AF27BDAEA89}.Publish|x86.ActiveCfg = Debug|Any CPU
		{6B2D9659-E2A6-4E0F-A6E4-2AF27BDAEA89}.Publish|x86.Build.0 = Debug|Any CPU
		{6B2D9659-E2A6-4E0F-A6E4-2AF27BDAEA89}.RaspberryPi|Any CPU.ActiveCfg = Release|Any CPU
		{6B2D9659-E2A6-4E0F-A6E4-2AF27BDAEA89}.RaspberryPi|Any CPU.Build.0 = Release|Any CPU
		{6B2D9659-E2A6-4E0F-A6E4-2AF27BDAEA89}.RaspberryPi|x64.ActiveCfg = Release|Any CPU
		{6B2D9659-E2A6-4E0F-A6E4-2AF27BDAEA89}.RaspberryPi|x64.Build.0 = Release|Any CPU
		{6B2D9659-E2A6-4E0F-A6E4-2AF27BDAEA89}.RaspberryPi|x86.ActiveCfg = Release|Any CPU
		{6B2D9659-E2A6-4E0F-A6E4-2AF27BDAEA89}.RaspberryPi|x86.Build.0 = Release|Any CPU
		{6B2D9659-E2A6-4E0F-A6E4-2AF27BDAEA89}.Release|Any CPU.ActiveCfg = Release|Any CPU
		{6B2D9659-E2A6-4E0F-A6E4-2AF27BDAEA89}.Release|Any CPU.Build.0 = Release|Any CPU
		{6B2D9659-E2A6-4E0F-A6E4-2AF27BDAEA89}.Release|x64.ActiveCfg = Release|Any CPU
		{6B2D9659-E2A6-4E0F-A6E4-2AF27BDAEA89}.Release|x64.Build.0 = Release|Any CPU
		{6B2D9659-E2A6-4E0F-A6E4-2AF27BDAEA89}.Release|x86.ActiveCfg = Release|Any CPU
		{6B2D9659-E2A6-4E0F-A6E4-2AF27BDAEA89}.Release|x86.Build.0 = Release|Any CPU
		{1A14C73E-960C-4E21-AEB7-184B6D5A0AB3}.Debug|Any CPU.ActiveCfg = Debug|Any CPU
		{1A14C73E-960C-4E21-AEB7-184B6D5A0AB3}.Debug|Any CPU.Build.0 = Debug|Any CPU
		{1A14C73E-960C-4E21-AEB7-184B6D5A0AB3}.Debug|x64.ActiveCfg = Debug|Any CPU
		{1A14C73E-960C-4E21-AEB7-184B6D5A0AB3}.Debug|x64.Build.0 = Debug|Any CPU
		{1A14C73E-960C-4E21-AEB7-184B6D5A0AB3}.Debug|x86.ActiveCfg = Debug|Any CPU
		{1A14C73E-960C-4E21-AEB7-184B6D5A0AB3}.Debug|x86.Build.0 = Debug|Any CPU
		{1A14C73E-960C-4E21-AEB7-184B6D5A0AB3}.DotNet|Any CPU.ActiveCfg = Debug|Any CPU
		{1A14C73E-960C-4E21-AEB7-184B6D5A0AB3}.DotNet|Any CPU.Build.0 = Debug|Any CPU
		{1A14C73E-960C-4E21-AEB7-184B6D5A0AB3}.DotNet|x64.ActiveCfg = Debug|Any CPU
		{1A14C73E-960C-4E21-AEB7-184B6D5A0AB3}.DotNet|x64.Build.0 = Debug|Any CPU
		{1A14C73E-960C-4E21-AEB7-184B6D5A0AB3}.DotNet|x86.ActiveCfg = Debug|Any CPU
		{1A14C73E-960C-4E21-AEB7-184B6D5A0AB3}.DotNet|x86.Build.0 = Debug|Any CPU
		{1A14C73E-960C-4E21-AEB7-184B6D5A0AB3}.Focus|Any CPU.ActiveCfg = Debug|Any CPU
		{1A14C73E-960C-4E21-AEB7-184B6D5A0AB3}.Focus|Any CPU.Build.0 = Debug|Any CPU
		{1A14C73E-960C-4E21-AEB7-184B6D5A0AB3}.Focus|x64.ActiveCfg = Debug|Any CPU
		{1A14C73E-960C-4E21-AEB7-184B6D5A0AB3}.Focus|x64.Build.0 = Debug|Any CPU
		{1A14C73E-960C-4E21-AEB7-184B6D5A0AB3}.Focus|x86.ActiveCfg = Debug|Any CPU
		{1A14C73E-960C-4E21-AEB7-184B6D5A0AB3}.Focus|x86.Build.0 = Debug|Any CPU
		{1A14C73E-960C-4E21-AEB7-184B6D5A0AB3}.Publish|Any CPU.ActiveCfg = Debug|Any CPU
		{1A14C73E-960C-4E21-AEB7-184B6D5A0AB3}.Publish|Any CPU.Build.0 = Debug|Any CPU
		{1A14C73E-960C-4E21-AEB7-184B6D5A0AB3}.Publish|x64.ActiveCfg = Debug|Any CPU
		{1A14C73E-960C-4E21-AEB7-184B6D5A0AB3}.Publish|x64.Build.0 = Debug|Any CPU
		{1A14C73E-960C-4E21-AEB7-184B6D5A0AB3}.Publish|x86.ActiveCfg = Debug|Any CPU
		{1A14C73E-960C-4E21-AEB7-184B6D5A0AB3}.Publish|x86.Build.0 = Debug|Any CPU
		{1A14C73E-960C-4E21-AEB7-184B6D5A0AB3}.RaspberryPi|Any CPU.ActiveCfg = Release|Any CPU
		{1A14C73E-960C-4E21-AEB7-184B6D5A0AB3}.RaspberryPi|Any CPU.Build.0 = Release|Any CPU
		{1A14C73E-960C-4E21-AEB7-184B6D5A0AB3}.RaspberryPi|x64.ActiveCfg = Release|Any CPU
		{1A14C73E-960C-4E21-AEB7-184B6D5A0AB3}.RaspberryPi|x64.Build.0 = Release|Any CPU
		{1A14C73E-960C-4E21-AEB7-184B6D5A0AB3}.RaspberryPi|x86.ActiveCfg = Release|Any CPU
		{1A14C73E-960C-4E21-AEB7-184B6D5A0AB3}.RaspberryPi|x86.Build.0 = Release|Any CPU
		{1A14C73E-960C-4E21-AEB7-184B6D5A0AB3}.Release|Any CPU.ActiveCfg = Release|Any CPU
		{1A14C73E-960C-4E21-AEB7-184B6D5A0AB3}.Release|Any CPU.Build.0 = Release|Any CPU
		{1A14C73E-960C-4E21-AEB7-184B6D5A0AB3}.Release|x64.ActiveCfg = Release|Any CPU
		{1A14C73E-960C-4E21-AEB7-184B6D5A0AB3}.Release|x64.Build.0 = Release|Any CPU
		{1A14C73E-960C-4E21-AEB7-184B6D5A0AB3}.Release|x86.ActiveCfg = Release|Any CPU
		{1A14C73E-960C-4E21-AEB7-184B6D5A0AB3}.Release|x86.Build.0 = Release|Any CPU
		{602358C6-28B7-446D-86D3-02B3FD1B3D6C}.Debug|Any CPU.ActiveCfg = Debug|Any CPU
		{602358C6-28B7-446D-86D3-02B3FD1B3D6C}.Debug|Any CPU.Build.0 = Debug|Any CPU
		{602358C6-28B7-446D-86D3-02B3FD1B3D6C}.Debug|x64.ActiveCfg = Debug|Any CPU
		{602358C6-28B7-446D-86D3-02B3FD1B3D6C}.Debug|x64.Build.0 = Debug|Any CPU
		{602358C6-28B7-446D-86D3-02B3FD1B3D6C}.Debug|x86.ActiveCfg = Debug|Any CPU
		{602358C6-28B7-446D-86D3-02B3FD1B3D6C}.Debug|x86.Build.0 = Debug|Any CPU
		{602358C6-28B7-446D-86D3-02B3FD1B3D6C}.DotNet|Any CPU.ActiveCfg = Debug|Any CPU
		{602358C6-28B7-446D-86D3-02B3FD1B3D6C}.DotNet|Any CPU.Build.0 = Debug|Any CPU
		{602358C6-28B7-446D-86D3-02B3FD1B3D6C}.DotNet|x64.ActiveCfg = Debug|Any CPU
		{602358C6-28B7-446D-86D3-02B3FD1B3D6C}.DotNet|x64.Build.0 = Debug|Any CPU
		{602358C6-28B7-446D-86D3-02B3FD1B3D6C}.DotNet|x86.ActiveCfg = Debug|Any CPU
		{602358C6-28B7-446D-86D3-02B3FD1B3D6C}.DotNet|x86.Build.0 = Debug|Any CPU
		{602358C6-28B7-446D-86D3-02B3FD1B3D6C}.Focus|Any CPU.ActiveCfg = Debug|Any CPU
		{602358C6-28B7-446D-86D3-02B3FD1B3D6C}.Focus|Any CPU.Build.0 = Debug|Any CPU
		{602358C6-28B7-446D-86D3-02B3FD1B3D6C}.Focus|x64.ActiveCfg = Debug|Any CPU
		{602358C6-28B7-446D-86D3-02B3FD1B3D6C}.Focus|x64.Build.0 = Debug|Any CPU
		{602358C6-28B7-446D-86D3-02B3FD1B3D6C}.Focus|x86.ActiveCfg = Debug|Any CPU
		{602358C6-28B7-446D-86D3-02B3FD1B3D6C}.Focus|x86.Build.0 = Debug|Any CPU
		{602358C6-28B7-446D-86D3-02B3FD1B3D6C}.Publish|Any CPU.ActiveCfg = Debug|Any CPU
		{602358C6-28B7-446D-86D3-02B3FD1B3D6C}.Publish|Any CPU.Build.0 = Debug|Any CPU
		{602358C6-28B7-446D-86D3-02B3FD1B3D6C}.Publish|x64.ActiveCfg = Debug|Any CPU
		{602358C6-28B7-446D-86D3-02B3FD1B3D6C}.Publish|x64.Build.0 = Debug|Any CPU
		{602358C6-28B7-446D-86D3-02B3FD1B3D6C}.Publish|x86.ActiveCfg = Debug|Any CPU
		{602358C6-28B7-446D-86D3-02B3FD1B3D6C}.Publish|x86.Build.0 = Debug|Any CPU
		{602358C6-28B7-446D-86D3-02B3FD1B3D6C}.RaspberryPi|Any CPU.ActiveCfg = Release|Any CPU
		{602358C6-28B7-446D-86D3-02B3FD1B3D6C}.RaspberryPi|Any CPU.Build.0 = Release|Any CPU
		{602358C6-28B7-446D-86D3-02B3FD1B3D6C}.RaspberryPi|x64.ActiveCfg = Release|Any CPU
		{602358C6-28B7-446D-86D3-02B3FD1B3D6C}.RaspberryPi|x64.Build.0 = Release|Any CPU
		{602358C6-28B7-446D-86D3-02B3FD1B3D6C}.RaspberryPi|x86.ActiveCfg = Release|Any CPU
		{602358C6-28B7-446D-86D3-02B3FD1B3D6C}.RaspberryPi|x86.Build.0 = Release|Any CPU
		{602358C6-28B7-446D-86D3-02B3FD1B3D6C}.Release|Any CPU.ActiveCfg = Release|Any CPU
		{602358C6-28B7-446D-86D3-02B3FD1B3D6C}.Release|Any CPU.Build.0 = Release|Any CPU
		{602358C6-28B7-446D-86D3-02B3FD1B3D6C}.Release|x64.ActiveCfg = Release|Any CPU
		{602358C6-28B7-446D-86D3-02B3FD1B3D6C}.Release|x64.Build.0 = Release|Any CPU
		{602358C6-28B7-446D-86D3-02B3FD1B3D6C}.Release|x86.ActiveCfg = Release|Any CPU
		{602358C6-28B7-446D-86D3-02B3FD1B3D6C}.Release|x86.Build.0 = Release|Any CPU
		{0E631986-5213-4FB5-B4CA-09488EA5C4B5}.Debug|Any CPU.ActiveCfg = Debug|Any CPU
		{0E631986-5213-4FB5-B4CA-09488EA5C4B5}.Debug|Any CPU.Build.0 = Debug|Any CPU
		{0E631986-5213-4FB5-B4CA-09488EA5C4B5}.Debug|x64.ActiveCfg = Debug|Any CPU
		{0E631986-5213-4FB5-B4CA-09488EA5C4B5}.Debug|x64.Build.0 = Debug|Any CPU
		{0E631986-5213-4FB5-B4CA-09488EA5C4B5}.Debug|x86.ActiveCfg = Debug|Any CPU
		{0E631986-5213-4FB5-B4CA-09488EA5C4B5}.Debug|x86.Build.0 = Debug|Any CPU
		{0E631986-5213-4FB5-B4CA-09488EA5C4B5}.DotNet|Any CPU.ActiveCfg = Debug|Any CPU
		{0E631986-5213-4FB5-B4CA-09488EA5C4B5}.DotNet|Any CPU.Build.0 = Debug|Any CPU
		{0E631986-5213-4FB5-B4CA-09488EA5C4B5}.DotNet|x64.ActiveCfg = Debug|Any CPU
		{0E631986-5213-4FB5-B4CA-09488EA5C4B5}.DotNet|x64.Build.0 = Debug|Any CPU
		{0E631986-5213-4FB5-B4CA-09488EA5C4B5}.DotNet|x86.ActiveCfg = Debug|Any CPU
		{0E631986-5213-4FB5-B4CA-09488EA5C4B5}.DotNet|x86.Build.0 = Debug|Any CPU
		{0E631986-5213-4FB5-B4CA-09488EA5C4B5}.Focus|Any CPU.ActiveCfg = Debug|Any CPU
		{0E631986-5213-4FB5-B4CA-09488EA5C4B5}.Focus|Any CPU.Build.0 = Debug|Any CPU
		{0E631986-5213-4FB5-B4CA-09488EA5C4B5}.Focus|x64.ActiveCfg = Debug|Any CPU
		{0E631986-5213-4FB5-B4CA-09488EA5C4B5}.Focus|x64.Build.0 = Debug|Any CPU
		{0E631986-5213-4FB5-B4CA-09488EA5C4B5}.Focus|x86.ActiveCfg = Debug|Any CPU
		{0E631986-5213-4FB5-B4CA-09488EA5C4B5}.Focus|x86.Build.0 = Debug|Any CPU
		{0E631986-5213-4FB5-B4CA-09488EA5C4B5}.Publish|Any CPU.ActiveCfg = Debug|Any CPU
		{0E631986-5213-4FB5-B4CA-09488EA5C4B5}.Publish|Any CPU.Build.0 = Debug|Any CPU
		{0E631986-5213-4FB5-B4CA-09488EA5C4B5}.Publish|x64.ActiveCfg = Debug|Any CPU
		{0E631986-5213-4FB5-B4CA-09488EA5C4B5}.Publish|x64.Build.0 = Debug|Any CPU
		{0E631986-5213-4FB5-B4CA-09488EA5C4B5}.Publish|x86.ActiveCfg = Debug|Any CPU
		{0E631986-5213-4FB5-B4CA-09488EA5C4B5}.Publish|x86.Build.0 = Debug|Any CPU
		{0E631986-5213-4FB5-B4CA-09488EA5C4B5}.RaspberryPi|Any CPU.ActiveCfg = Release|Any CPU
		{0E631986-5213-4FB5-B4CA-09488EA5C4B5}.RaspberryPi|Any CPU.Build.0 = Release|Any CPU
		{0E631986-5213-4FB5-B4CA-09488EA5C4B5}.RaspberryPi|x64.ActiveCfg = Release|Any CPU
		{0E631986-5213-4FB5-B4CA-09488EA5C4B5}.RaspberryPi|x64.Build.0 = Release|Any CPU
		{0E631986-5213-4FB5-B4CA-09488EA5C4B5}.RaspberryPi|x86.ActiveCfg = Release|Any CPU
		{0E631986-5213-4FB5-B4CA-09488EA5C4B5}.RaspberryPi|x86.Build.0 = Release|Any CPU
		{0E631986-5213-4FB5-B4CA-09488EA5C4B5}.Release|Any CPU.ActiveCfg = Release|Any CPU
		{0E631986-5213-4FB5-B4CA-09488EA5C4B5}.Release|Any CPU.Build.0 = Release|Any CPU
		{0E631986-5213-4FB5-B4CA-09488EA5C4B5}.Release|x64.ActiveCfg = Release|Any CPU
		{0E631986-5213-4FB5-B4CA-09488EA5C4B5}.Release|x64.Build.0 = Release|Any CPU
		{0E631986-5213-4FB5-B4CA-09488EA5C4B5}.Release|x86.ActiveCfg = Release|Any CPU
		{0E631986-5213-4FB5-B4CA-09488EA5C4B5}.Release|x86.Build.0 = Release|Any CPU
		{40FE220D-247A-4C25-BF06-AF1B4378AF75}.Debug|Any CPU.ActiveCfg = Debug|Any CPU
		{40FE220D-247A-4C25-BF06-AF1B4378AF75}.Debug|Any CPU.Build.0 = Debug|Any CPU
		{40FE220D-247A-4C25-BF06-AF1B4378AF75}.Debug|x64.ActiveCfg = Debug|Any CPU
		{40FE220D-247A-4C25-BF06-AF1B4378AF75}.Debug|x64.Build.0 = Debug|Any CPU
		{40FE220D-247A-4C25-BF06-AF1B4378AF75}.Debug|x86.ActiveCfg = Debug|Any CPU
		{40FE220D-247A-4C25-BF06-AF1B4378AF75}.Debug|x86.Build.0 = Debug|Any CPU
		{40FE220D-247A-4C25-BF06-AF1B4378AF75}.DotNet|Any CPU.ActiveCfg = Debug|Any CPU
		{40FE220D-247A-4C25-BF06-AF1B4378AF75}.DotNet|Any CPU.Build.0 = Debug|Any CPU
		{40FE220D-247A-4C25-BF06-AF1B4378AF75}.DotNet|x64.ActiveCfg = Debug|Any CPU
		{40FE220D-247A-4C25-BF06-AF1B4378AF75}.DotNet|x64.Build.0 = Debug|Any CPU
		{40FE220D-247A-4C25-BF06-AF1B4378AF75}.DotNet|x86.ActiveCfg = Debug|Any CPU
		{40FE220D-247A-4C25-BF06-AF1B4378AF75}.DotNet|x86.Build.0 = Debug|Any CPU
		{40FE220D-247A-4C25-BF06-AF1B4378AF75}.Focus|Any CPU.ActiveCfg = Debug|Any CPU
		{40FE220D-247A-4C25-BF06-AF1B4378AF75}.Focus|Any CPU.Build.0 = Debug|Any CPU
		{40FE220D-247A-4C25-BF06-AF1B4378AF75}.Focus|x64.ActiveCfg = Debug|Any CPU
		{40FE220D-247A-4C25-BF06-AF1B4378AF75}.Focus|x64.Build.0 = Debug|Any CPU
		{40FE220D-247A-4C25-BF06-AF1B4378AF75}.Focus|x86.ActiveCfg = Debug|Any CPU
		{40FE220D-247A-4C25-BF06-AF1B4378AF75}.Focus|x86.Build.0 = Debug|Any CPU
		{40FE220D-247A-4C25-BF06-AF1B4378AF75}.Publish|Any CPU.ActiveCfg = Debug|Any CPU
		{40FE220D-247A-4C25-BF06-AF1B4378AF75}.Publish|Any CPU.Build.0 = Debug|Any CPU
		{40FE220D-247A-4C25-BF06-AF1B4378AF75}.Publish|x64.ActiveCfg = Debug|Any CPU
		{40FE220D-247A-4C25-BF06-AF1B4378AF75}.Publish|x64.Build.0 = Debug|Any CPU
		{40FE220D-247A-4C25-BF06-AF1B4378AF75}.Publish|x86.ActiveCfg = Debug|Any CPU
		{40FE220D-247A-4C25-BF06-AF1B4378AF75}.Publish|x86.Build.0 = Debug|Any CPU
		{40FE220D-247A-4C25-BF06-AF1B4378AF75}.RaspberryPi|Any CPU.ActiveCfg = Release|Any CPU
		{40FE220D-247A-4C25-BF06-AF1B4378AF75}.RaspberryPi|Any CPU.Build.0 = Release|Any CPU
		{40FE220D-247A-4C25-BF06-AF1B4378AF75}.RaspberryPi|x64.ActiveCfg = Release|Any CPU
		{40FE220D-247A-4C25-BF06-AF1B4378AF75}.RaspberryPi|x64.Build.0 = Release|Any CPU
		{40FE220D-247A-4C25-BF06-AF1B4378AF75}.RaspberryPi|x86.ActiveCfg = Release|Any CPU
		{40FE220D-247A-4C25-BF06-AF1B4378AF75}.RaspberryPi|x86.Build.0 = Release|Any CPU
		{40FE220D-247A-4C25-BF06-AF1B4378AF75}.Release|Any CPU.ActiveCfg = Release|Any CPU
		{40FE220D-247A-4C25-BF06-AF1B4378AF75}.Release|Any CPU.Build.0 = Release|Any CPU
		{40FE220D-247A-4C25-BF06-AF1B4378AF75}.Release|x64.ActiveCfg = Release|Any CPU
		{40FE220D-247A-4C25-BF06-AF1B4378AF75}.Release|x64.Build.0 = Release|Any CPU
		{40FE220D-247A-4C25-BF06-AF1B4378AF75}.Release|x86.ActiveCfg = Release|Any CPU
		{40FE220D-247A-4C25-BF06-AF1B4378AF75}.Release|x86.Build.0 = Release|Any CPU
		{F3026337-A5B7-4F31-8743-BF76C4130EFF}.Debug|Any CPU.ActiveCfg = Debug|Any CPU
		{F3026337-A5B7-4F31-8743-BF76C4130EFF}.Debug|Any CPU.Build.0 = Debug|Any CPU
		{F3026337-A5B7-4F31-8743-BF76C4130EFF}.Debug|x64.ActiveCfg = Debug|Any CPU
		{F3026337-A5B7-4F31-8743-BF76C4130EFF}.Debug|x64.Build.0 = Debug|Any CPU
		{F3026337-A5B7-4F31-8743-BF76C4130EFF}.Debug|x86.ActiveCfg = Debug|Any CPU
		{F3026337-A5B7-4F31-8743-BF76C4130EFF}.Debug|x86.Build.0 = Debug|Any CPU
		{F3026337-A5B7-4F31-8743-BF76C4130EFF}.DotNet|Any CPU.ActiveCfg = Debug|Any CPU
		{F3026337-A5B7-4F31-8743-BF76C4130EFF}.DotNet|Any CPU.Build.0 = Debug|Any CPU
		{F3026337-A5B7-4F31-8743-BF76C4130EFF}.DotNet|x64.ActiveCfg = Debug|Any CPU
		{F3026337-A5B7-4F31-8743-BF76C4130EFF}.DotNet|x64.Build.0 = Debug|Any CPU
		{F3026337-A5B7-4F31-8743-BF76C4130EFF}.DotNet|x86.ActiveCfg = Debug|Any CPU
		{F3026337-A5B7-4F31-8743-BF76C4130EFF}.DotNet|x86.Build.0 = Debug|Any CPU
		{F3026337-A5B7-4F31-8743-BF76C4130EFF}.Focus|Any CPU.ActiveCfg = Debug|Any CPU
		{F3026337-A5B7-4F31-8743-BF76C4130EFF}.Focus|Any CPU.Build.0 = Debug|Any CPU
		{F3026337-A5B7-4F31-8743-BF76C4130EFF}.Focus|x64.ActiveCfg = Debug|Any CPU
		{F3026337-A5B7-4F31-8743-BF76C4130EFF}.Focus|x64.Build.0 = Debug|Any CPU
		{F3026337-A5B7-4F31-8743-BF76C4130EFF}.Focus|x86.ActiveCfg = Debug|Any CPU
		{F3026337-A5B7-4F31-8743-BF76C4130EFF}.Focus|x86.Build.0 = Debug|Any CPU
		{F3026337-A5B7-4F31-8743-BF76C4130EFF}.Publish|Any CPU.ActiveCfg = Debug|Any CPU
		{F3026337-A5B7-4F31-8743-BF76C4130EFF}.Publish|Any CPU.Build.0 = Debug|Any CPU
		{F3026337-A5B7-4F31-8743-BF76C4130EFF}.Publish|x64.ActiveCfg = Debug|Any CPU
		{F3026337-A5B7-4F31-8743-BF76C4130EFF}.Publish|x64.Build.0 = Debug|Any CPU
		{F3026337-A5B7-4F31-8743-BF76C4130EFF}.Publish|x86.ActiveCfg = Debug|Any CPU
		{F3026337-A5B7-4F31-8743-BF76C4130EFF}.Publish|x86.Build.0 = Debug|Any CPU
		{F3026337-A5B7-4F31-8743-BF76C4130EFF}.RaspberryPi|Any CPU.ActiveCfg = Release|Any CPU
		{F3026337-A5B7-4F31-8743-BF76C4130EFF}.RaspberryPi|Any CPU.Build.0 = Release|Any CPU
		{F3026337-A5B7-4F31-8743-BF76C4130EFF}.RaspberryPi|x64.ActiveCfg = Release|Any CPU
		{F3026337-A5B7-4F31-8743-BF76C4130EFF}.RaspberryPi|x64.Build.0 = Release|Any CPU
		{F3026337-A5B7-4F31-8743-BF76C4130EFF}.RaspberryPi|x86.ActiveCfg = Release|Any CPU
		{F3026337-A5B7-4F31-8743-BF76C4130EFF}.RaspberryPi|x86.Build.0 = Release|Any CPU
		{F3026337-A5B7-4F31-8743-BF76C4130EFF}.Release|Any CPU.ActiveCfg = Release|Any CPU
		{F3026337-A5B7-4F31-8743-BF76C4130EFF}.Release|Any CPU.Build.0 = Release|Any CPU
		{F3026337-A5B7-4F31-8743-BF76C4130EFF}.Release|x64.ActiveCfg = Release|Any CPU
		{F3026337-A5B7-4F31-8743-BF76C4130EFF}.Release|x64.Build.0 = Release|Any CPU
		{F3026337-A5B7-4F31-8743-BF76C4130EFF}.Release|x86.ActiveCfg = Release|Any CPU
		{F3026337-A5B7-4F31-8743-BF76C4130EFF}.Release|x86.Build.0 = Release|Any CPU
		{F9E0B777-B706-4812-9573-986D014F4801}.Debug|Any CPU.ActiveCfg = Debug|Any CPU
		{F9E0B777-B706-4812-9573-986D014F4801}.Debug|Any CPU.Build.0 = Debug|Any CPU
		{F9E0B777-B706-4812-9573-986D014F4801}.Debug|x64.ActiveCfg = Debug|Any CPU
		{F9E0B777-B706-4812-9573-986D014F4801}.Debug|x64.Build.0 = Debug|Any CPU
		{F9E0B777-B706-4812-9573-986D014F4801}.Debug|x86.ActiveCfg = Debug|Any CPU
		{F9E0B777-B706-4812-9573-986D014F4801}.Debug|x86.Build.0 = Debug|Any CPU
		{F9E0B777-B706-4812-9573-986D014F4801}.DotNet|Any CPU.ActiveCfg = Debug|Any CPU
		{F9E0B777-B706-4812-9573-986D014F4801}.DotNet|Any CPU.Build.0 = Debug|Any CPU
		{F9E0B777-B706-4812-9573-986D014F4801}.DotNet|x64.ActiveCfg = Debug|Any CPU
		{F9E0B777-B706-4812-9573-986D014F4801}.DotNet|x64.Build.0 = Debug|Any CPU
		{F9E0B777-B706-4812-9573-986D014F4801}.DotNet|x86.ActiveCfg = Debug|Any CPU
		{F9E0B777-B706-4812-9573-986D014F4801}.DotNet|x86.Build.0 = Debug|Any CPU
		{F9E0B777-B706-4812-9573-986D014F4801}.Focus|Any CPU.ActiveCfg = Focus|Any CPU
		{F9E0B777-B706-4812-9573-986D014F4801}.Focus|Any CPU.Build.0 = Focus|Any CPU
		{F9E0B777-B706-4812-9573-986D014F4801}.Focus|x64.ActiveCfg = Focus|Any CPU
		{F9E0B777-B706-4812-9573-986D014F4801}.Focus|x64.Build.0 = Focus|Any CPU
		{F9E0B777-B706-4812-9573-986D014F4801}.Focus|x86.ActiveCfg = Focus|Any CPU
		{F9E0B777-B706-4812-9573-986D014F4801}.Focus|x86.Build.0 = Focus|Any CPU
		{F9E0B777-B706-4812-9573-986D014F4801}.Publish|Any CPU.ActiveCfg = Debug|Any CPU
		{F9E0B777-B706-4812-9573-986D014F4801}.Publish|Any CPU.Build.0 = Debug|Any CPU
		{F9E0B777-B706-4812-9573-986D014F4801}.Publish|x64.ActiveCfg = Debug|Any CPU
		{F9E0B777-B706-4812-9573-986D014F4801}.Publish|x64.Build.0 = Debug|Any CPU
		{F9E0B777-B706-4812-9573-986D014F4801}.Publish|x86.ActiveCfg = Debug|Any CPU
		{F9E0B777-B706-4812-9573-986D014F4801}.Publish|x86.Build.0 = Debug|Any CPU
		{F9E0B777-B706-4812-9573-986D014F4801}.RaspberryPi|Any CPU.ActiveCfg = Release|Any CPU
		{F9E0B777-B706-4812-9573-986D014F4801}.RaspberryPi|Any CPU.Build.0 = Release|Any CPU
		{F9E0B777-B706-4812-9573-986D014F4801}.RaspberryPi|x64.ActiveCfg = Release|Any CPU
		{F9E0B777-B706-4812-9573-986D014F4801}.RaspberryPi|x64.Build.0 = Release|Any CPU
		{F9E0B777-B706-4812-9573-986D014F4801}.RaspberryPi|x86.ActiveCfg = Release|Any CPU
		{F9E0B777-B706-4812-9573-986D014F4801}.RaspberryPi|x86.Build.0 = Release|Any CPU
		{F9E0B777-B706-4812-9573-986D014F4801}.Release|Any CPU.ActiveCfg = Release|Any CPU
		{F9E0B777-B706-4812-9573-986D014F4801}.Release|Any CPU.Build.0 = Release|Any CPU
		{F9E0B777-B706-4812-9573-986D014F4801}.Release|x64.ActiveCfg = Release|Any CPU
		{F9E0B777-B706-4812-9573-986D014F4801}.Release|x64.Build.0 = Release|Any CPU
		{F9E0B777-B706-4812-9573-986D014F4801}.Release|x86.ActiveCfg = Release|Any CPU
		{F9E0B777-B706-4812-9573-986D014F4801}.Release|x86.Build.0 = Release|Any CPU
		{13C72979-9555-4A79-830E-6D4A620AD606}.Debug|Any CPU.ActiveCfg = Debug|Any CPU
		{13C72979-9555-4A79-830E-6D4A620AD606}.Debug|Any CPU.Build.0 = Debug|Any CPU
		{13C72979-9555-4A79-830E-6D4A620AD606}.Debug|x64.ActiveCfg = Debug|Any CPU
		{13C72979-9555-4A79-830E-6D4A620AD606}.Debug|x64.Build.0 = Debug|Any CPU
		{13C72979-9555-4A79-830E-6D4A620AD606}.Debug|x86.ActiveCfg = Debug|Any CPU
		{13C72979-9555-4A79-830E-6D4A620AD606}.Debug|x86.Build.0 = Debug|Any CPU
		{13C72979-9555-4A79-830E-6D4A620AD606}.DotNet|Any CPU.ActiveCfg = Debug|Any CPU
		{13C72979-9555-4A79-830E-6D4A620AD606}.DotNet|Any CPU.Build.0 = Debug|Any CPU
		{13C72979-9555-4A79-830E-6D4A620AD606}.DotNet|x64.ActiveCfg = Debug|Any CPU
		{13C72979-9555-4A79-830E-6D4A620AD606}.DotNet|x64.Build.0 = Debug|Any CPU
		{13C72979-9555-4A79-830E-6D4A620AD606}.DotNet|x86.ActiveCfg = Debug|Any CPU
		{13C72979-9555-4A79-830E-6D4A620AD606}.DotNet|x86.Build.0 = Debug|Any CPU
		{13C72979-9555-4A79-830E-6D4A620AD606}.Focus|Any CPU.ActiveCfg = Debug|Any CPU
		{13C72979-9555-4A79-830E-6D4A620AD606}.Focus|Any CPU.Build.0 = Debug|Any CPU
		{13C72979-9555-4A79-830E-6D4A620AD606}.Focus|x64.ActiveCfg = Debug|Any CPU
		{13C72979-9555-4A79-830E-6D4A620AD606}.Focus|x64.Build.0 = Debug|Any CPU
		{13C72979-9555-4A79-830E-6D4A620AD606}.Focus|x86.ActiveCfg = Debug|Any CPU
		{13C72979-9555-4A79-830E-6D4A620AD606}.Focus|x86.Build.0 = Debug|Any CPU
		{13C72979-9555-4A79-830E-6D4A620AD606}.Publish|Any CPU.ActiveCfg = Debug|Any CPU
		{13C72979-9555-4A79-830E-6D4A620AD606}.Publish|Any CPU.Build.0 = Debug|Any CPU
		{13C72979-9555-4A79-830E-6D4A620AD606}.Publish|x64.ActiveCfg = Debug|Any CPU
		{13C72979-9555-4A79-830E-6D4A620AD606}.Publish|x64.Build.0 = Debug|Any CPU
		{13C72979-9555-4A79-830E-6D4A620AD606}.Publish|x86.ActiveCfg = Debug|Any CPU
		{13C72979-9555-4A79-830E-6D4A620AD606}.Publish|x86.Build.0 = Debug|Any CPU
		{13C72979-9555-4A79-830E-6D4A620AD606}.RaspberryPi|Any CPU.ActiveCfg = Release|Any CPU
		{13C72979-9555-4A79-830E-6D4A620AD606}.RaspberryPi|Any CPU.Build.0 = Release|Any CPU
		{13C72979-9555-4A79-830E-6D4A620AD606}.RaspberryPi|x64.ActiveCfg = Release|Any CPU
		{13C72979-9555-4A79-830E-6D4A620AD606}.RaspberryPi|x64.Build.0 = Release|Any CPU
		{13C72979-9555-4A79-830E-6D4A620AD606}.RaspberryPi|x86.ActiveCfg = Release|Any CPU
		{13C72979-9555-4A79-830E-6D4A620AD606}.RaspberryPi|x86.Build.0 = Release|Any CPU
		{13C72979-9555-4A79-830E-6D4A620AD606}.Release|Any CPU.ActiveCfg = Release|Any CPU
		{13C72979-9555-4A79-830E-6D4A620AD606}.Release|Any CPU.Build.0 = Release|Any CPU
		{13C72979-9555-4A79-830E-6D4A620AD606}.Release|x64.ActiveCfg = Release|Any CPU
		{13C72979-9555-4A79-830E-6D4A620AD606}.Release|x64.Build.0 = Release|Any CPU
		{13C72979-9555-4A79-830E-6D4A620AD606}.Release|x86.ActiveCfg = Release|Any CPU
		{13C72979-9555-4A79-830E-6D4A620AD606}.Release|x86.Build.0 = Release|Any CPU
		{CCC68D11-C8D9-440E-BFFA-4115FC5F727C}.Debug|Any CPU.ActiveCfg = Debug|Any CPU
		{CCC68D11-C8D9-440E-BFFA-4115FC5F727C}.Debug|Any CPU.Build.0 = Debug|Any CPU
		{CCC68D11-C8D9-440E-BFFA-4115FC5F727C}.Debug|x64.ActiveCfg = Debug|Any CPU
		{CCC68D11-C8D9-440E-BFFA-4115FC5F727C}.Debug|x64.Build.0 = Debug|Any CPU
		{CCC68D11-C8D9-440E-BFFA-4115FC5F727C}.Debug|x86.ActiveCfg = Debug|Any CPU
		{CCC68D11-C8D9-440E-BFFA-4115FC5F727C}.Debug|x86.Build.0 = Debug|Any CPU
		{CCC68D11-C8D9-440E-BFFA-4115FC5F727C}.DotNet|Any CPU.ActiveCfg = Debug|Any CPU
		{CCC68D11-C8D9-440E-BFFA-4115FC5F727C}.DotNet|Any CPU.Build.0 = Debug|Any CPU
		{CCC68D11-C8D9-440E-BFFA-4115FC5F727C}.DotNet|x64.ActiveCfg = Debug|Any CPU
		{CCC68D11-C8D9-440E-BFFA-4115FC5F727C}.DotNet|x64.Build.0 = Debug|Any CPU
		{CCC68D11-C8D9-440E-BFFA-4115FC5F727C}.DotNet|x86.ActiveCfg = Debug|Any CPU
		{CCC68D11-C8D9-440E-BFFA-4115FC5F727C}.DotNet|x86.Build.0 = Debug|Any CPU
		{CCC68D11-C8D9-440E-BFFA-4115FC5F727C}.Focus|Any CPU.ActiveCfg = Release|Any CPU
		{CCC68D11-C8D9-440E-BFFA-4115FC5F727C}.Focus|Any CPU.Build.0 = Release|Any CPU
		{CCC68D11-C8D9-440E-BFFA-4115FC5F727C}.Focus|x64.ActiveCfg = Release|Any CPU
		{CCC68D11-C8D9-440E-BFFA-4115FC5F727C}.Focus|x64.Build.0 = Release|Any CPU
		{CCC68D11-C8D9-440E-BFFA-4115FC5F727C}.Focus|x86.ActiveCfg = Release|Any CPU
		{CCC68D11-C8D9-440E-BFFA-4115FC5F727C}.Focus|x86.Build.0 = Release|Any CPU
		{CCC68D11-C8D9-440E-BFFA-4115FC5F727C}.Publish|Any CPU.ActiveCfg = Release|Any CPU
		{CCC68D11-C8D9-440E-BFFA-4115FC5F727C}.Publish|Any CPU.Build.0 = Release|Any CPU
		{CCC68D11-C8D9-440E-BFFA-4115FC5F727C}.Publish|x64.ActiveCfg = Release|Any CPU
		{CCC68D11-C8D9-440E-BFFA-4115FC5F727C}.Publish|x64.Build.0 = Release|Any CPU
		{CCC68D11-C8D9-440E-BFFA-4115FC5F727C}.Publish|x86.ActiveCfg = Release|Any CPU
		{CCC68D11-C8D9-440E-BFFA-4115FC5F727C}.Publish|x86.Build.0 = Release|Any CPU
		{CCC68D11-C8D9-440E-BFFA-4115FC5F727C}.RaspberryPi|Any CPU.ActiveCfg = Release|Any CPU
		{CCC68D11-C8D9-440E-BFFA-4115FC5F727C}.RaspberryPi|Any CPU.Build.0 = Release|Any CPU
		{CCC68D11-C8D9-440E-BFFA-4115FC5F727C}.RaspberryPi|x64.ActiveCfg = Release|Any CPU
		{CCC68D11-C8D9-440E-BFFA-4115FC5F727C}.RaspberryPi|x64.Build.0 = Release|Any CPU
		{CCC68D11-C8D9-440E-BFFA-4115FC5F727C}.RaspberryPi|x86.ActiveCfg = Release|Any CPU
		{CCC68D11-C8D9-440E-BFFA-4115FC5F727C}.RaspberryPi|x86.Build.0 = Release|Any CPU
		{CCC68D11-C8D9-440E-BFFA-4115FC5F727C}.Release|Any CPU.ActiveCfg = Release|Any CPU
		{CCC68D11-C8D9-440E-BFFA-4115FC5F727C}.Release|Any CPU.Build.0 = Release|Any CPU
		{CCC68D11-C8D9-440E-BFFA-4115FC5F727C}.Release|x64.ActiveCfg = Release|Any CPU
		{CCC68D11-C8D9-440E-BFFA-4115FC5F727C}.Release|x64.Build.0 = Release|Any CPU
		{CCC68D11-C8D9-440E-BFFA-4115FC5F727C}.Release|x86.ActiveCfg = Release|Any CPU
		{CCC68D11-C8D9-440E-BFFA-4115FC5F727C}.Release|x86.Build.0 = Release|Any CPU
		{2C18BD1E-8FCB-4D87-8562-9EFBA698AED3}.Debug|Any CPU.ActiveCfg = Debug|Any CPU
		{2C18BD1E-8FCB-4D87-8562-9EFBA698AED3}.Debug|Any CPU.Build.0 = Debug|Any CPU
		{2C18BD1E-8FCB-4D87-8562-9EFBA698AED3}.Debug|x64.ActiveCfg = Debug|Any CPU
		{2C18BD1E-8FCB-4D87-8562-9EFBA698AED3}.Debug|x64.Build.0 = Debug|Any CPU
		{2C18BD1E-8FCB-4D87-8562-9EFBA698AED3}.Debug|x86.ActiveCfg = Debug|Any CPU
		{2C18BD1E-8FCB-4D87-8562-9EFBA698AED3}.Debug|x86.Build.0 = Debug|Any CPU
		{2C18BD1E-8FCB-4D87-8562-9EFBA698AED3}.DotNet|Any CPU.ActiveCfg = Debug|Any CPU
		{2C18BD1E-8FCB-4D87-8562-9EFBA698AED3}.DotNet|Any CPU.Build.0 = Debug|Any CPU
		{2C18BD1E-8FCB-4D87-8562-9EFBA698AED3}.DotNet|x64.ActiveCfg = Debug|Any CPU
		{2C18BD1E-8FCB-4D87-8562-9EFBA698AED3}.DotNet|x64.Build.0 = Debug|Any CPU
		{2C18BD1E-8FCB-4D87-8562-9EFBA698AED3}.DotNet|x86.ActiveCfg = Debug|Any CPU
		{2C18BD1E-8FCB-4D87-8562-9EFBA698AED3}.DotNet|x86.Build.0 = Debug|Any CPU
		{2C18BD1E-8FCB-4D87-8562-9EFBA698AED3}.Focus|Any CPU.ActiveCfg = Debug|Any CPU
		{2C18BD1E-8FCB-4D87-8562-9EFBA698AED3}.Focus|Any CPU.Build.0 = Debug|Any CPU
		{2C18BD1E-8FCB-4D87-8562-9EFBA698AED3}.Focus|x64.ActiveCfg = Debug|Any CPU
		{2C18BD1E-8FCB-4D87-8562-9EFBA698AED3}.Focus|x64.Build.0 = Debug|Any CPU
		{2C18BD1E-8FCB-4D87-8562-9EFBA698AED3}.Focus|x86.ActiveCfg = Debug|Any CPU
		{2C18BD1E-8FCB-4D87-8562-9EFBA698AED3}.Focus|x86.Build.0 = Debug|Any CPU
		{2C18BD1E-8FCB-4D87-8562-9EFBA698AED3}.Publish|Any CPU.ActiveCfg = Debug|Any CPU
		{2C18BD1E-8FCB-4D87-8562-9EFBA698AED3}.Publish|Any CPU.Build.0 = Debug|Any CPU
		{2C18BD1E-8FCB-4D87-8562-9EFBA698AED3}.Publish|x64.ActiveCfg = Debug|Any CPU
		{2C18BD1E-8FCB-4D87-8562-9EFBA698AED3}.Publish|x64.Build.0 = Debug|Any CPU
		{2C18BD1E-8FCB-4D87-8562-9EFBA698AED3}.Publish|x86.ActiveCfg = Debug|Any CPU
		{2C18BD1E-8FCB-4D87-8562-9EFBA698AED3}.Publish|x86.Build.0 = Debug|Any CPU
		{2C18BD1E-8FCB-4D87-8562-9EFBA698AED3}.RaspberryPi|Any CPU.ActiveCfg = Release|Any CPU
		{2C18BD1E-8FCB-4D87-8562-9EFBA698AED3}.RaspberryPi|Any CPU.Build.0 = Release|Any CPU
		{2C18BD1E-8FCB-4D87-8562-9EFBA698AED3}.RaspberryPi|x64.ActiveCfg = Release|Any CPU
		{2C18BD1E-8FCB-4D87-8562-9EFBA698AED3}.RaspberryPi|x64.Build.0 = Release|Any CPU
		{2C18BD1E-8FCB-4D87-8562-9EFBA698AED3}.RaspberryPi|x86.ActiveCfg = Release|Any CPU
		{2C18BD1E-8FCB-4D87-8562-9EFBA698AED3}.RaspberryPi|x86.Build.0 = Release|Any CPU
		{2C18BD1E-8FCB-4D87-8562-9EFBA698AED3}.Release|Any CPU.ActiveCfg = Release|Any CPU
		{2C18BD1E-8FCB-4D87-8562-9EFBA698AED3}.Release|Any CPU.Build.0 = Release|Any CPU
		{2C18BD1E-8FCB-4D87-8562-9EFBA698AED3}.Release|x64.ActiveCfg = Release|Any CPU
		{2C18BD1E-8FCB-4D87-8562-9EFBA698AED3}.Release|x64.Build.0 = Release|Any CPU
		{2C18BD1E-8FCB-4D87-8562-9EFBA698AED3}.Release|x86.ActiveCfg = Release|Any CPU
		{2C18BD1E-8FCB-4D87-8562-9EFBA698AED3}.Release|x86.Build.0 = Release|Any CPU
		{4B588C05-1081-4714-B752-2C4E4AC428DD}.Debug|Any CPU.ActiveCfg = Debug|Any CPU
		{4B588C05-1081-4714-B752-2C4E4AC428DD}.Debug|Any CPU.Build.0 = Debug|Any CPU
		{4B588C05-1081-4714-B752-2C4E4AC428DD}.Debug|x64.ActiveCfg = Debug|Any CPU
		{4B588C05-1081-4714-B752-2C4E4AC428DD}.Debug|x64.Build.0 = Debug|Any CPU
		{4B588C05-1081-4714-B752-2C4E4AC428DD}.Debug|x86.ActiveCfg = Debug|Any CPU
		{4B588C05-1081-4714-B752-2C4E4AC428DD}.Debug|x86.Build.0 = Debug|Any CPU
		{4B588C05-1081-4714-B752-2C4E4AC428DD}.DotNet|Any CPU.ActiveCfg = Debug|Any CPU
		{4B588C05-1081-4714-B752-2C4E4AC428DD}.DotNet|Any CPU.Build.0 = Debug|Any CPU
		{4B588C05-1081-4714-B752-2C4E4AC428DD}.DotNet|x64.ActiveCfg = Debug|Any CPU
		{4B588C05-1081-4714-B752-2C4E4AC428DD}.DotNet|x64.Build.0 = Debug|Any CPU
		{4B588C05-1081-4714-B752-2C4E4AC428DD}.DotNet|x86.ActiveCfg = Debug|Any CPU
		{4B588C05-1081-4714-B752-2C4E4AC428DD}.DotNet|x86.Build.0 = Debug|Any CPU
		{4B588C05-1081-4714-B752-2C4E4AC428DD}.Focus|Any CPU.ActiveCfg = Debug|Any CPU
		{4B588C05-1081-4714-B752-2C4E4AC428DD}.Focus|Any CPU.Build.0 = Debug|Any CPU
		{4B588C05-1081-4714-B752-2C4E4AC428DD}.Focus|x64.ActiveCfg = Debug|Any CPU
		{4B588C05-1081-4714-B752-2C4E4AC428DD}.Focus|x64.Build.0 = Debug|Any CPU
		{4B588C05-1081-4714-B752-2C4E4AC428DD}.Focus|x86.ActiveCfg = Debug|Any CPU
		{4B588C05-1081-4714-B752-2C4E4AC428DD}.Focus|x86.Build.0 = Debug|Any CPU
		{4B588C05-1081-4714-B752-2C4E4AC428DD}.Publish|Any CPU.ActiveCfg = Debug|Any CPU
		{4B588C05-1081-4714-B752-2C4E4AC428DD}.Publish|Any CPU.Build.0 = Debug|Any CPU
		{4B588C05-1081-4714-B752-2C4E4AC428DD}.Publish|x64.ActiveCfg = Debug|Any CPU
		{4B588C05-1081-4714-B752-2C4E4AC428DD}.Publish|x64.Build.0 = Debug|Any CPU
		{4B588C05-1081-4714-B752-2C4E4AC428DD}.Publish|x86.ActiveCfg = Debug|Any CPU
		{4B588C05-1081-4714-B752-2C4E4AC428DD}.Publish|x86.Build.0 = Debug|Any CPU
		{4B588C05-1081-4714-B752-2C4E4AC428DD}.RaspberryPi|Any CPU.ActiveCfg = Release|Any CPU
		{4B588C05-1081-4714-B752-2C4E4AC428DD}.RaspberryPi|Any CPU.Build.0 = Release|Any CPU
		{4B588C05-1081-4714-B752-2C4E4AC428DD}.RaspberryPi|x64.ActiveCfg = Release|Any CPU
		{4B588C05-1081-4714-B752-2C4E4AC428DD}.RaspberryPi|x64.Build.0 = Release|Any CPU
		{4B588C05-1081-4714-B752-2C4E4AC428DD}.RaspberryPi|x86.ActiveCfg = Release|Any CPU
		{4B588C05-1081-4714-B752-2C4E4AC428DD}.RaspberryPi|x86.Build.0 = Release|Any CPU
		{4B588C05-1081-4714-B752-2C4E4AC428DD}.Release|Any CPU.ActiveCfg = Release|Any CPU
		{4B588C05-1081-4714-B752-2C4E4AC428DD}.Release|Any CPU.Build.0 = Release|Any CPU
		{4B588C05-1081-4714-B752-2C4E4AC428DD}.Release|x64.ActiveCfg = Release|Any CPU
		{4B588C05-1081-4714-B752-2C4E4AC428DD}.Release|x64.Build.0 = Release|Any CPU
		{4B588C05-1081-4714-B752-2C4E4AC428DD}.Release|x86.ActiveCfg = Release|Any CPU
		{4B588C05-1081-4714-B752-2C4E4AC428DD}.Release|x86.Build.0 = Release|Any CPU
		{C36BF619-3E79-484E-A33E-27CD37D866EA}.Debug|Any CPU.ActiveCfg = Debug|Any CPU
		{C36BF619-3E79-484E-A33E-27CD37D866EA}.Debug|Any CPU.Build.0 = Debug|Any CPU
		{C36BF619-3E79-484E-A33E-27CD37D866EA}.Debug|x64.ActiveCfg = Debug|Any CPU
		{C36BF619-3E79-484E-A33E-27CD37D866EA}.Debug|x64.Build.0 = Debug|Any CPU
		{C36BF619-3E79-484E-A33E-27CD37D866EA}.Debug|x86.ActiveCfg = Debug|Any CPU
		{C36BF619-3E79-484E-A33E-27CD37D866EA}.Debug|x86.Build.0 = Debug|Any CPU
		{C36BF619-3E79-484E-A33E-27CD37D866EA}.DotNet|Any CPU.ActiveCfg = Debug|Any CPU
		{C36BF619-3E79-484E-A33E-27CD37D866EA}.DotNet|Any CPU.Build.0 = Debug|Any CPU
		{C36BF619-3E79-484E-A33E-27CD37D866EA}.DotNet|x64.ActiveCfg = Debug|Any CPU
		{C36BF619-3E79-484E-A33E-27CD37D866EA}.DotNet|x64.Build.0 = Debug|Any CPU
		{C36BF619-3E79-484E-A33E-27CD37D866EA}.DotNet|x86.ActiveCfg = Debug|Any CPU
		{C36BF619-3E79-484E-A33E-27CD37D866EA}.DotNet|x86.Build.0 = Debug|Any CPU
		{C36BF619-3E79-484E-A33E-27CD37D866EA}.Focus|Any CPU.ActiveCfg = Debug|Any CPU
		{C36BF619-3E79-484E-A33E-27CD37D866EA}.Focus|Any CPU.Build.0 = Debug|Any CPU
		{C36BF619-3E79-484E-A33E-27CD37D866EA}.Focus|x64.ActiveCfg = Debug|Any CPU
		{C36BF619-3E79-484E-A33E-27CD37D866EA}.Focus|x64.Build.0 = Debug|Any CPU
		{C36BF619-3E79-484E-A33E-27CD37D866EA}.Focus|x86.ActiveCfg = Debug|Any CPU
		{C36BF619-3E79-484E-A33E-27CD37D866EA}.Focus|x86.Build.0 = Debug|Any CPU
		{C36BF619-3E79-484E-A33E-27CD37D866EA}.Publish|Any CPU.ActiveCfg = Debug|Any CPU
		{C36BF619-3E79-484E-A33E-27CD37D866EA}.Publish|Any CPU.Build.0 = Debug|Any CPU
		{C36BF619-3E79-484E-A33E-27CD37D866EA}.Publish|x64.ActiveCfg = Debug|Any CPU
		{C36BF619-3E79-484E-A33E-27CD37D866EA}.Publish|x64.Build.0 = Debug|Any CPU
		{C36BF619-3E79-484E-A33E-27CD37D866EA}.Publish|x86.ActiveCfg = Debug|Any CPU
		{C36BF619-3E79-484E-A33E-27CD37D866EA}.Publish|x86.Build.0 = Debug|Any CPU
		{C36BF619-3E79-484E-A33E-27CD37D866EA}.RaspberryPi|Any CPU.ActiveCfg = Release|Any CPU
		{C36BF619-3E79-484E-A33E-27CD37D866EA}.RaspberryPi|Any CPU.Build.0 = Release|Any CPU
		{C36BF619-3E79-484E-A33E-27CD37D866EA}.RaspberryPi|x64.ActiveCfg = Release|Any CPU
		{C36BF619-3E79-484E-A33E-27CD37D866EA}.RaspberryPi|x64.Build.0 = Release|Any CPU
		{C36BF619-3E79-484E-A33E-27CD37D866EA}.RaspberryPi|x86.ActiveCfg = Release|Any CPU
		{C36BF619-3E79-484E-A33E-27CD37D866EA}.RaspberryPi|x86.Build.0 = Release|Any CPU
		{C36BF619-3E79-484E-A33E-27CD37D866EA}.Release|Any CPU.ActiveCfg = Release|Any CPU
		{C36BF619-3E79-484E-A33E-27CD37D866EA}.Release|Any CPU.Build.0 = Release|Any CPU
		{C36BF619-3E79-484E-A33E-27CD37D866EA}.Release|x64.ActiveCfg = Release|Any CPU
		{C36BF619-3E79-484E-A33E-27CD37D866EA}.Release|x64.Build.0 = Release|Any CPU
		{C36BF619-3E79-484E-A33E-27CD37D866EA}.Release|x86.ActiveCfg = Release|Any CPU
		{C36BF619-3E79-484E-A33E-27CD37D866EA}.Release|x86.Build.0 = Release|Any CPU
		{C6E22A32-D923-4598-9552-347562F3F3AB}.Debug|Any CPU.ActiveCfg = Debug|Any CPU
		{C6E22A32-D923-4598-9552-347562F3F3AB}.Debug|Any CPU.Build.0 = Debug|Any CPU
		{C6E22A32-D923-4598-9552-347562F3F3AB}.Debug|x64.ActiveCfg = Debug|Any CPU
		{C6E22A32-D923-4598-9552-347562F3F3AB}.Debug|x64.Build.0 = Debug|Any CPU
		{C6E22A32-D923-4598-9552-347562F3F3AB}.Debug|x86.ActiveCfg = Debug|Any CPU
		{C6E22A32-D923-4598-9552-347562F3F3AB}.Debug|x86.Build.0 = Debug|Any CPU
		{C6E22A32-D923-4598-9552-347562F3F3AB}.DotNet|Any CPU.ActiveCfg = Debug|Any CPU
		{C6E22A32-D923-4598-9552-347562F3F3AB}.DotNet|Any CPU.Build.0 = Debug|Any CPU
		{C6E22A32-D923-4598-9552-347562F3F3AB}.DotNet|x64.ActiveCfg = Debug|Any CPU
		{C6E22A32-D923-4598-9552-347562F3F3AB}.DotNet|x64.Build.0 = Debug|Any CPU
		{C6E22A32-D923-4598-9552-347562F3F3AB}.DotNet|x86.ActiveCfg = Debug|Any CPU
		{C6E22A32-D923-4598-9552-347562F3F3AB}.DotNet|x86.Build.0 = Debug|Any CPU
		{C6E22A32-D923-4598-9552-347562F3F3AB}.Focus|Any CPU.ActiveCfg = Debug|Any CPU
		{C6E22A32-D923-4598-9552-347562F3F3AB}.Focus|Any CPU.Build.0 = Debug|Any CPU
		{C6E22A32-D923-4598-9552-347562F3F3AB}.Focus|x64.ActiveCfg = Debug|Any CPU
		{C6E22A32-D923-4598-9552-347562F3F3AB}.Focus|x64.Build.0 = Debug|Any CPU
		{C6E22A32-D923-4598-9552-347562F3F3AB}.Focus|x86.ActiveCfg = Debug|Any CPU
		{C6E22A32-D923-4598-9552-347562F3F3AB}.Focus|x86.Build.0 = Debug|Any CPU
		{C6E22A32-D923-4598-9552-347562F3F3AB}.Publish|Any CPU.ActiveCfg = Debug|Any CPU
		{C6E22A32-D923-4598-9552-347562F3F3AB}.Publish|Any CPU.Build.0 = Debug|Any CPU
		{C6E22A32-D923-4598-9552-347562F3F3AB}.Publish|x64.ActiveCfg = Debug|Any CPU
		{C6E22A32-D923-4598-9552-347562F3F3AB}.Publish|x64.Build.0 = Debug|Any CPU
		{C6E22A32-D923-4598-9552-347562F3F3AB}.Publish|x86.ActiveCfg = Debug|Any CPU
		{C6E22A32-D923-4598-9552-347562F3F3AB}.Publish|x86.Build.0 = Debug|Any CPU
		{C6E22A32-D923-4598-9552-347562F3F3AB}.RaspberryPi|Any CPU.ActiveCfg = Release|Any CPU
		{C6E22A32-D923-4598-9552-347562F3F3AB}.RaspberryPi|Any CPU.Build.0 = Release|Any CPU
		{C6E22A32-D923-4598-9552-347562F3F3AB}.RaspberryPi|x64.ActiveCfg = Release|Any CPU
		{C6E22A32-D923-4598-9552-347562F3F3AB}.RaspberryPi|x64.Build.0 = Release|Any CPU
		{C6E22A32-D923-4598-9552-347562F3F3AB}.RaspberryPi|x86.ActiveCfg = Release|Any CPU
		{C6E22A32-D923-4598-9552-347562F3F3AB}.RaspberryPi|x86.Build.0 = Release|Any CPU
		{C6E22A32-D923-4598-9552-347562F3F3AB}.Release|Any CPU.ActiveCfg = Release|Any CPU
		{C6E22A32-D923-4598-9552-347562F3F3AB}.Release|Any CPU.Build.0 = Release|Any CPU
		{C6E22A32-D923-4598-9552-347562F3F3AB}.Release|x64.ActiveCfg = Release|Any CPU
		{C6E22A32-D923-4598-9552-347562F3F3AB}.Release|x64.Build.0 = Release|Any CPU
		{C6E22A32-D923-4598-9552-347562F3F3AB}.Release|x86.ActiveCfg = Release|Any CPU
		{C6E22A32-D923-4598-9552-347562F3F3AB}.Release|x86.Build.0 = Release|Any CPU
		{7E0FA8F1-6242-417E-A1B9-3FD29A6F2D33}.Debug|Any CPU.ActiveCfg = Debug|Any CPU
		{7E0FA8F1-6242-417E-A1B9-3FD29A6F2D33}.Debug|Any CPU.Build.0 = Debug|Any CPU
		{7E0FA8F1-6242-417E-A1B9-3FD29A6F2D33}.Debug|x64.ActiveCfg = Debug|Any CPU
		{7E0FA8F1-6242-417E-A1B9-3FD29A6F2D33}.Debug|x64.Build.0 = Debug|Any CPU
		{7E0FA8F1-6242-417E-A1B9-3FD29A6F2D33}.Debug|x86.ActiveCfg = Debug|Any CPU
		{7E0FA8F1-6242-417E-A1B9-3FD29A6F2D33}.Debug|x86.Build.0 = Debug|Any CPU
		{7E0FA8F1-6242-417E-A1B9-3FD29A6F2D33}.DotNet|Any CPU.ActiveCfg = Debug|Any CPU
		{7E0FA8F1-6242-417E-A1B9-3FD29A6F2D33}.DotNet|Any CPU.Build.0 = Debug|Any CPU
		{7E0FA8F1-6242-417E-A1B9-3FD29A6F2D33}.DotNet|x64.ActiveCfg = Debug|Any CPU
		{7E0FA8F1-6242-417E-A1B9-3FD29A6F2D33}.DotNet|x64.Build.0 = Debug|Any CPU
		{7E0FA8F1-6242-417E-A1B9-3FD29A6F2D33}.DotNet|x86.ActiveCfg = Debug|Any CPU
		{7E0FA8F1-6242-417E-A1B9-3FD29A6F2D33}.DotNet|x86.Build.0 = Debug|Any CPU
		{7E0FA8F1-6242-417E-A1B9-3FD29A6F2D33}.Focus|Any CPU.ActiveCfg = Debug|Any CPU
		{7E0FA8F1-6242-417E-A1B9-3FD29A6F2D33}.Focus|Any CPU.Build.0 = Debug|Any CPU
		{7E0FA8F1-6242-417E-A1B9-3FD29A6F2D33}.Focus|x64.ActiveCfg = Debug|Any CPU
		{7E0FA8F1-6242-417E-A1B9-3FD29A6F2D33}.Focus|x64.Build.0 = Debug|Any CPU
		{7E0FA8F1-6242-417E-A1B9-3FD29A6F2D33}.Focus|x86.ActiveCfg = Debug|Any CPU
		{7E0FA8F1-6242-417E-A1B9-3FD29A6F2D33}.Focus|x86.Build.0 = Debug|Any CPU
		{7E0FA8F1-6242-417E-A1B9-3FD29A6F2D33}.Publish|Any CPU.ActiveCfg = Debug|Any CPU
		{7E0FA8F1-6242-417E-A1B9-3FD29A6F2D33}.Publish|Any CPU.Build.0 = Debug|Any CPU
		{7E0FA8F1-6242-417E-A1B9-3FD29A6F2D33}.Publish|x64.ActiveCfg = Debug|Any CPU
		{7E0FA8F1-6242-417E-A1B9-3FD29A6F2D33}.Publish|x64.Build.0 = Debug|Any CPU
		{7E0FA8F1-6242-417E-A1B9-3FD29A6F2D33}.Publish|x86.ActiveCfg = Debug|Any CPU
		{7E0FA8F1-6242-417E-A1B9-3FD29A6F2D33}.Publish|x86.Build.0 = Debug|Any CPU
		{7E0FA8F1-6242-417E-A1B9-3FD29A6F2D33}.RaspberryPi|Any CPU.ActiveCfg = Release|Any CPU
		{7E0FA8F1-6242-417E-A1B9-3FD29A6F2D33}.RaspberryPi|Any CPU.Build.0 = Release|Any CPU
		{7E0FA8F1-6242-417E-A1B9-3FD29A6F2D33}.RaspberryPi|x64.ActiveCfg = Release|Any CPU
		{7E0FA8F1-6242-417E-A1B9-3FD29A6F2D33}.RaspberryPi|x64.Build.0 = Release|Any CPU
		{7E0FA8F1-6242-417E-A1B9-3FD29A6F2D33}.RaspberryPi|x86.ActiveCfg = Release|Any CPU
		{7E0FA8F1-6242-417E-A1B9-3FD29A6F2D33}.RaspberryPi|x86.Build.0 = Release|Any CPU
		{7E0FA8F1-6242-417E-A1B9-3FD29A6F2D33}.Release|Any CPU.ActiveCfg = Release|Any CPU
		{7E0FA8F1-6242-417E-A1B9-3FD29A6F2D33}.Release|Any CPU.Build.0 = Release|Any CPU
		{7E0FA8F1-6242-417E-A1B9-3FD29A6F2D33}.Release|x64.ActiveCfg = Release|Any CPU
		{7E0FA8F1-6242-417E-A1B9-3FD29A6F2D33}.Release|x64.Build.0 = Release|Any CPU
		{7E0FA8F1-6242-417E-A1B9-3FD29A6F2D33}.Release|x86.ActiveCfg = Release|Any CPU
		{7E0FA8F1-6242-417E-A1B9-3FD29A6F2D33}.Release|x86.Build.0 = Release|Any CPU
		{ECAC0000-D1E8-4049-A261-F48B8E2A3F28}.Debug|Any CPU.ActiveCfg = Debug|Any CPU
		{ECAC0000-D1E8-4049-A261-F48B8E2A3F28}.Debug|Any CPU.Build.0 = Debug|Any CPU
		{ECAC0000-D1E8-4049-A261-F48B8E2A3F28}.Debug|x64.ActiveCfg = Debug|Any CPU
		{ECAC0000-D1E8-4049-A261-F48B8E2A3F28}.Debug|x64.Build.0 = Debug|Any CPU
		{ECAC0000-D1E8-4049-A261-F48B8E2A3F28}.Debug|x86.ActiveCfg = Debug|Any CPU
		{ECAC0000-D1E8-4049-A261-F48B8E2A3F28}.Debug|x86.Build.0 = Debug|Any CPU
		{ECAC0000-D1E8-4049-A261-F48B8E2A3F28}.DotNet|Any CPU.ActiveCfg = Debug|Any CPU
		{ECAC0000-D1E8-4049-A261-F48B8E2A3F28}.DotNet|Any CPU.Build.0 = Debug|Any CPU
		{ECAC0000-D1E8-4049-A261-F48B8E2A3F28}.DotNet|x64.ActiveCfg = Debug|Any CPU
		{ECAC0000-D1E8-4049-A261-F48B8E2A3F28}.DotNet|x64.Build.0 = Debug|Any CPU
		{ECAC0000-D1E8-4049-A261-F48B8E2A3F28}.DotNet|x86.ActiveCfg = Debug|Any CPU
		{ECAC0000-D1E8-4049-A261-F48B8E2A3F28}.DotNet|x86.Build.0 = Debug|Any CPU
		{ECAC0000-D1E8-4049-A261-F48B8E2A3F28}.Focus|Any CPU.ActiveCfg = Debug|Any CPU
		{ECAC0000-D1E8-4049-A261-F48B8E2A3F28}.Focus|Any CPU.Build.0 = Debug|Any CPU
		{ECAC0000-D1E8-4049-A261-F48B8E2A3F28}.Focus|x64.ActiveCfg = Debug|Any CPU
		{ECAC0000-D1E8-4049-A261-F48B8E2A3F28}.Focus|x64.Build.0 = Debug|Any CPU
		{ECAC0000-D1E8-4049-A261-F48B8E2A3F28}.Focus|x86.ActiveCfg = Debug|Any CPU
		{ECAC0000-D1E8-4049-A261-F48B8E2A3F28}.Focus|x86.Build.0 = Debug|Any CPU
		{ECAC0000-D1E8-4049-A261-F48B8E2A3F28}.Publish|Any CPU.ActiveCfg = Debug|Any CPU
		{ECAC0000-D1E8-4049-A261-F48B8E2A3F28}.Publish|Any CPU.Build.0 = Debug|Any CPU
		{ECAC0000-D1E8-4049-A261-F48B8E2A3F28}.Publish|x64.ActiveCfg = Debug|Any CPU
		{ECAC0000-D1E8-4049-A261-F48B8E2A3F28}.Publish|x64.Build.0 = Debug|Any CPU
		{ECAC0000-D1E8-4049-A261-F48B8E2A3F28}.Publish|x86.ActiveCfg = Debug|Any CPU
		{ECAC0000-D1E8-4049-A261-F48B8E2A3F28}.Publish|x86.Build.0 = Debug|Any CPU
		{ECAC0000-D1E8-4049-A261-F48B8E2A3F28}.RaspberryPi|Any CPU.ActiveCfg = Release|Any CPU
		{ECAC0000-D1E8-4049-A261-F48B8E2A3F28}.RaspberryPi|Any CPU.Build.0 = Release|Any CPU
		{ECAC0000-D1E8-4049-A261-F48B8E2A3F28}.RaspberryPi|x64.ActiveCfg = Release|Any CPU
		{ECAC0000-D1E8-4049-A261-F48B8E2A3F28}.RaspberryPi|x64.Build.0 = Release|Any CPU
		{ECAC0000-D1E8-4049-A261-F48B8E2A3F28}.RaspberryPi|x86.ActiveCfg = Release|Any CPU
		{ECAC0000-D1E8-4049-A261-F48B8E2A3F28}.RaspberryPi|x86.Build.0 = Release|Any CPU
		{ECAC0000-D1E8-4049-A261-F48B8E2A3F28}.Release|Any CPU.ActiveCfg = Release|Any CPU
		{ECAC0000-D1E8-4049-A261-F48B8E2A3F28}.Release|Any CPU.Build.0 = Release|Any CPU
		{ECAC0000-D1E8-4049-A261-F48B8E2A3F28}.Release|x64.ActiveCfg = Release|Any CPU
		{ECAC0000-D1E8-4049-A261-F48B8E2A3F28}.Release|x64.Build.0 = Release|Any CPU
		{ECAC0000-D1E8-4049-A261-F48B8E2A3F28}.Release|x86.ActiveCfg = Release|Any CPU
		{ECAC0000-D1E8-4049-A261-F48B8E2A3F28}.Release|x86.Build.0 = Release|Any CPU
		{1964EDD7-75B8-4CCE-999F-A494B291AC98}.Debug|Any CPU.ActiveCfg = Debug|Any CPU
		{1964EDD7-75B8-4CCE-999F-A494B291AC98}.Debug|Any CPU.Build.0 = Debug|Any CPU
		{1964EDD7-75B8-4CCE-999F-A494B291AC98}.Debug|x64.ActiveCfg = Debug|Any CPU
		{1964EDD7-75B8-4CCE-999F-A494B291AC98}.Debug|x64.Build.0 = Debug|Any CPU
		{1964EDD7-75B8-4CCE-999F-A494B291AC98}.Debug|x86.ActiveCfg = Debug|Any CPU
		{1964EDD7-75B8-4CCE-999F-A494B291AC98}.Debug|x86.Build.0 = Debug|Any CPU
		{1964EDD7-75B8-4CCE-999F-A494B291AC98}.DotNet|Any CPU.ActiveCfg = Debug|Any CPU
		{1964EDD7-75B8-4CCE-999F-A494B291AC98}.DotNet|Any CPU.Build.0 = Debug|Any CPU
		{1964EDD7-75B8-4CCE-999F-A494B291AC98}.DotNet|x64.ActiveCfg = Debug|Any CPU
		{1964EDD7-75B8-4CCE-999F-A494B291AC98}.DotNet|x64.Build.0 = Debug|Any CPU
		{1964EDD7-75B8-4CCE-999F-A494B291AC98}.DotNet|x86.ActiveCfg = Debug|Any CPU
		{1964EDD7-75B8-4CCE-999F-A494B291AC98}.DotNet|x86.Build.0 = Debug|Any CPU
		{1964EDD7-75B8-4CCE-999F-A494B291AC98}.Focus|Any CPU.ActiveCfg = Debug|Any CPU
		{1964EDD7-75B8-4CCE-999F-A494B291AC98}.Focus|Any CPU.Build.0 = Debug|Any CPU
		{1964EDD7-75B8-4CCE-999F-A494B291AC98}.Focus|x64.ActiveCfg = Debug|Any CPU
		{1964EDD7-75B8-4CCE-999F-A494B291AC98}.Focus|x64.Build.0 = Debug|Any CPU
		{1964EDD7-75B8-4CCE-999F-A494B291AC98}.Focus|x86.ActiveCfg = Debug|Any CPU
		{1964EDD7-75B8-4CCE-999F-A494B291AC98}.Focus|x86.Build.0 = Debug|Any CPU
		{1964EDD7-75B8-4CCE-999F-A494B291AC98}.Publish|Any CPU.ActiveCfg = Debug|Any CPU
		{1964EDD7-75B8-4CCE-999F-A494B291AC98}.Publish|Any CPU.Build.0 = Debug|Any CPU
		{1964EDD7-75B8-4CCE-999F-A494B291AC98}.Publish|x64.ActiveCfg = Debug|Any CPU
		{1964EDD7-75B8-4CCE-999F-A494B291AC98}.Publish|x64.Build.0 = Debug|Any CPU
		{1964EDD7-75B8-4CCE-999F-A494B291AC98}.Publish|x86.ActiveCfg = Debug|Any CPU
		{1964EDD7-75B8-4CCE-999F-A494B291AC98}.Publish|x86.Build.0 = Debug|Any CPU
		{1964EDD7-75B8-4CCE-999F-A494B291AC98}.RaspberryPi|Any CPU.ActiveCfg = Release|Any CPU
		{1964EDD7-75B8-4CCE-999F-A494B291AC98}.RaspberryPi|Any CPU.Build.0 = Release|Any CPU
		{1964EDD7-75B8-4CCE-999F-A494B291AC98}.RaspberryPi|x64.ActiveCfg = Release|Any CPU
		{1964EDD7-75B8-4CCE-999F-A494B291AC98}.RaspberryPi|x64.Build.0 = Release|Any CPU
		{1964EDD7-75B8-4CCE-999F-A494B291AC98}.RaspberryPi|x86.ActiveCfg = Release|Any CPU
		{1964EDD7-75B8-4CCE-999F-A494B291AC98}.RaspberryPi|x86.Build.0 = Release|Any CPU
		{1964EDD7-75B8-4CCE-999F-A494B291AC98}.Release|Any CPU.ActiveCfg = Release|Any CPU
		{1964EDD7-75B8-4CCE-999F-A494B291AC98}.Release|Any CPU.Build.0 = Release|Any CPU
		{1964EDD7-75B8-4CCE-999F-A494B291AC98}.Release|x64.ActiveCfg = Release|Any CPU
		{1964EDD7-75B8-4CCE-999F-A494B291AC98}.Release|x64.Build.0 = Release|Any CPU
		{1964EDD7-75B8-4CCE-999F-A494B291AC98}.Release|x86.ActiveCfg = Release|Any CPU
		{1964EDD7-75B8-4CCE-999F-A494B291AC98}.Release|x86.Build.0 = Release|Any CPU
		{649290AC-7BBB-4549-8C43-9E43A9F26E0C}.Debug|Any CPU.ActiveCfg = Debug|Any CPU
		{649290AC-7BBB-4549-8C43-9E43A9F26E0C}.Debug|Any CPU.Build.0 = Debug|Any CPU
		{649290AC-7BBB-4549-8C43-9E43A9F26E0C}.Debug|x64.ActiveCfg = Debug|Any CPU
		{649290AC-7BBB-4549-8C43-9E43A9F26E0C}.Debug|x64.Build.0 = Debug|Any CPU
		{649290AC-7BBB-4549-8C43-9E43A9F26E0C}.Debug|x86.ActiveCfg = Debug|Any CPU
		{649290AC-7BBB-4549-8C43-9E43A9F26E0C}.Debug|x86.Build.0 = Debug|Any CPU
		{649290AC-7BBB-4549-8C43-9E43A9F26E0C}.DotNet|Any CPU.ActiveCfg = Debug|Any CPU
		{649290AC-7BBB-4549-8C43-9E43A9F26E0C}.DotNet|Any CPU.Build.0 = Debug|Any CPU
		{649290AC-7BBB-4549-8C43-9E43A9F26E0C}.DotNet|x64.ActiveCfg = Debug|Any CPU
		{649290AC-7BBB-4549-8C43-9E43A9F26E0C}.DotNet|x64.Build.0 = Debug|Any CPU
		{649290AC-7BBB-4549-8C43-9E43A9F26E0C}.DotNet|x86.ActiveCfg = Debug|Any CPU
		{649290AC-7BBB-4549-8C43-9E43A9F26E0C}.DotNet|x86.Build.0 = Debug|Any CPU
		{649290AC-7BBB-4549-8C43-9E43A9F26E0C}.Focus|Any CPU.ActiveCfg = Debug|Any CPU
		{649290AC-7BBB-4549-8C43-9E43A9F26E0C}.Focus|Any CPU.Build.0 = Debug|Any CPU
		{649290AC-7BBB-4549-8C43-9E43A9F26E0C}.Focus|x64.ActiveCfg = Debug|Any CPU
		{649290AC-7BBB-4549-8C43-9E43A9F26E0C}.Focus|x64.Build.0 = Debug|Any CPU
		{649290AC-7BBB-4549-8C43-9E43A9F26E0C}.Focus|x86.ActiveCfg = Debug|Any CPU
		{649290AC-7BBB-4549-8C43-9E43A9F26E0C}.Focus|x86.Build.0 = Debug|Any CPU
		{649290AC-7BBB-4549-8C43-9E43A9F26E0C}.Publish|Any CPU.ActiveCfg = Debug|Any CPU
		{649290AC-7BBB-4549-8C43-9E43A9F26E0C}.Publish|Any CPU.Build.0 = Debug|Any CPU
		{649290AC-7BBB-4549-8C43-9E43A9F26E0C}.Publish|x64.ActiveCfg = Debug|Any CPU
		{649290AC-7BBB-4549-8C43-9E43A9F26E0C}.Publish|x64.Build.0 = Debug|Any CPU
		{649290AC-7BBB-4549-8C43-9E43A9F26E0C}.Publish|x86.ActiveCfg = Debug|Any CPU
		{649290AC-7BBB-4549-8C43-9E43A9F26E0C}.Publish|x86.Build.0 = Debug|Any CPU
		{649290AC-7BBB-4549-8C43-9E43A9F26E0C}.RaspberryPi|Any CPU.ActiveCfg = Release|Any CPU
		{649290AC-7BBB-4549-8C43-9E43A9F26E0C}.RaspberryPi|Any CPU.Build.0 = Release|Any CPU
		{649290AC-7BBB-4549-8C43-9E43A9F26E0C}.RaspberryPi|x64.ActiveCfg = Release|Any CPU
		{649290AC-7BBB-4549-8C43-9E43A9F26E0C}.RaspberryPi|x64.Build.0 = Release|Any CPU
		{649290AC-7BBB-4549-8C43-9E43A9F26E0C}.RaspberryPi|x86.ActiveCfg = Release|Any CPU
		{649290AC-7BBB-4549-8C43-9E43A9F26E0C}.RaspberryPi|x86.Build.0 = Release|Any CPU
		{649290AC-7BBB-4549-8C43-9E43A9F26E0C}.Release|Any CPU.ActiveCfg = Release|Any CPU
		{649290AC-7BBB-4549-8C43-9E43A9F26E0C}.Release|Any CPU.Build.0 = Release|Any CPU
		{649290AC-7BBB-4549-8C43-9E43A9F26E0C}.Release|x64.ActiveCfg = Release|Any CPU
		{649290AC-7BBB-4549-8C43-9E43A9F26E0C}.Release|x64.Build.0 = Release|Any CPU
		{649290AC-7BBB-4549-8C43-9E43A9F26E0C}.Release|x86.ActiveCfg = Release|Any CPU
		{649290AC-7BBB-4549-8C43-9E43A9F26E0C}.Release|x86.Build.0 = Release|Any CPU
		{AB63DA2B-EC91-4413-820A-3F755F15861D}.Debug|Any CPU.ActiveCfg = Debug|Any CPU
		{AB63DA2B-EC91-4413-820A-3F755F15861D}.Debug|Any CPU.Build.0 = Debug|Any CPU
		{AB63DA2B-EC91-4413-820A-3F755F15861D}.Debug|x64.ActiveCfg = Debug|Any CPU
		{AB63DA2B-EC91-4413-820A-3F755F15861D}.Debug|x64.Build.0 = Debug|Any CPU
		{AB63DA2B-EC91-4413-820A-3F755F15861D}.Debug|x86.ActiveCfg = Debug|Any CPU
		{AB63DA2B-EC91-4413-820A-3F755F15861D}.Debug|x86.Build.0 = Debug|Any CPU
		{AB63DA2B-EC91-4413-820A-3F755F15861D}.DotNet|Any CPU.ActiveCfg = Debug|Any CPU
		{AB63DA2B-EC91-4413-820A-3F755F15861D}.DotNet|Any CPU.Build.0 = Debug|Any CPU
		{AB63DA2B-EC91-4413-820A-3F755F15861D}.DotNet|x64.ActiveCfg = Debug|Any CPU
		{AB63DA2B-EC91-4413-820A-3F755F15861D}.DotNet|x64.Build.0 = Debug|Any CPU
		{AB63DA2B-EC91-4413-820A-3F755F15861D}.DotNet|x86.ActiveCfg = Debug|Any CPU
		{AB63DA2B-EC91-4413-820A-3F755F15861D}.DotNet|x86.Build.0 = Debug|Any CPU
		{AB63DA2B-EC91-4413-820A-3F755F15861D}.Focus|Any CPU.ActiveCfg = Debug|Any CPU
		{AB63DA2B-EC91-4413-820A-3F755F15861D}.Focus|Any CPU.Build.0 = Debug|Any CPU
		{AB63DA2B-EC91-4413-820A-3F755F15861D}.Focus|x64.ActiveCfg = Debug|Any CPU
		{AB63DA2B-EC91-4413-820A-3F755F15861D}.Focus|x64.Build.0 = Debug|Any CPU
		{AB63DA2B-EC91-4413-820A-3F755F15861D}.Focus|x86.ActiveCfg = Debug|Any CPU
		{AB63DA2B-EC91-4413-820A-3F755F15861D}.Focus|x86.Build.0 = Debug|Any CPU
		{AB63DA2B-EC91-4413-820A-3F755F15861D}.Publish|Any CPU.ActiveCfg = Debug|Any CPU
		{AB63DA2B-EC91-4413-820A-3F755F15861D}.Publish|Any CPU.Build.0 = Debug|Any CPU
		{AB63DA2B-EC91-4413-820A-3F755F15861D}.Publish|x64.ActiveCfg = Debug|Any CPU
		{AB63DA2B-EC91-4413-820A-3F755F15861D}.Publish|x64.Build.0 = Debug|Any CPU
		{AB63DA2B-EC91-4413-820A-3F755F15861D}.Publish|x86.ActiveCfg = Debug|Any CPU
		{AB63DA2B-EC91-4413-820A-3F755F15861D}.Publish|x86.Build.0 = Debug|Any CPU
		{AB63DA2B-EC91-4413-820A-3F755F15861D}.RaspberryPi|Any CPU.ActiveCfg = Release|Any CPU
		{AB63DA2B-EC91-4413-820A-3F755F15861D}.RaspberryPi|Any CPU.Build.0 = Release|Any CPU
		{AB63DA2B-EC91-4413-820A-3F755F15861D}.RaspberryPi|x64.ActiveCfg = Release|Any CPU
		{AB63DA2B-EC91-4413-820A-3F755F15861D}.RaspberryPi|x64.Build.0 = Release|Any CPU
		{AB63DA2B-EC91-4413-820A-3F755F15861D}.RaspberryPi|x86.ActiveCfg = Release|Any CPU
		{AB63DA2B-EC91-4413-820A-3F755F15861D}.RaspberryPi|x86.Build.0 = Release|Any CPU
		{AB63DA2B-EC91-4413-820A-3F755F15861D}.Release|Any CPU.ActiveCfg = Release|Any CPU
		{AB63DA2B-EC91-4413-820A-3F755F15861D}.Release|Any CPU.Build.0 = Release|Any CPU
		{AB63DA2B-EC91-4413-820A-3F755F15861D}.Release|x64.ActiveCfg = Release|Any CPU
		{AB63DA2B-EC91-4413-820A-3F755F15861D}.Release|x64.Build.0 = Release|Any CPU
		{AB63DA2B-EC91-4413-820A-3F755F15861D}.Release|x86.ActiveCfg = Release|Any CPU
		{AB63DA2B-EC91-4413-820A-3F755F15861D}.Release|x86.Build.0 = Release|Any CPU
		{E831F24C-571D-4779-B02A-2BD23E1DCD7A}.Debug|Any CPU.ActiveCfg = Debug|Any CPU
		{E831F24C-571D-4779-B02A-2BD23E1DCD7A}.Debug|Any CPU.Build.0 = Debug|Any CPU
		{E831F24C-571D-4779-B02A-2BD23E1DCD7A}.Debug|x64.ActiveCfg = Debug|Any CPU
		{E831F24C-571D-4779-B02A-2BD23E1DCD7A}.Debug|x64.Build.0 = Debug|Any CPU
		{E831F24C-571D-4779-B02A-2BD23E1DCD7A}.Debug|x86.ActiveCfg = Debug|Any CPU
		{E831F24C-571D-4779-B02A-2BD23E1DCD7A}.Debug|x86.Build.0 = Debug|Any CPU
		{E831F24C-571D-4779-B02A-2BD23E1DCD7A}.DotNet|Any CPU.ActiveCfg = Debug|Any CPU
		{E831F24C-571D-4779-B02A-2BD23E1DCD7A}.DotNet|Any CPU.Build.0 = Debug|Any CPU
		{E831F24C-571D-4779-B02A-2BD23E1DCD7A}.DotNet|x64.ActiveCfg = Debug|Any CPU
		{E831F24C-571D-4779-B02A-2BD23E1DCD7A}.DotNet|x64.Build.0 = Debug|Any CPU
		{E831F24C-571D-4779-B02A-2BD23E1DCD7A}.DotNet|x86.ActiveCfg = Debug|Any CPU
		{E831F24C-571D-4779-B02A-2BD23E1DCD7A}.DotNet|x86.Build.0 = Debug|Any CPU
		{E831F24C-571D-4779-B02A-2BD23E1DCD7A}.Focus|Any CPU.ActiveCfg = Debug|Any CPU
		{E831F24C-571D-4779-B02A-2BD23E1DCD7A}.Focus|Any CPU.Build.0 = Debug|Any CPU
		{E831F24C-571D-4779-B02A-2BD23E1DCD7A}.Focus|x64.ActiveCfg = Debug|Any CPU
		{E831F24C-571D-4779-B02A-2BD23E1DCD7A}.Focus|x64.Build.0 = Debug|Any CPU
		{E831F24C-571D-4779-B02A-2BD23E1DCD7A}.Focus|x86.ActiveCfg = Debug|Any CPU
		{E831F24C-571D-4779-B02A-2BD23E1DCD7A}.Focus|x86.Build.0 = Debug|Any CPU
		{E831F24C-571D-4779-B02A-2BD23E1DCD7A}.Publish|Any CPU.ActiveCfg = Debug|Any CPU
		{E831F24C-571D-4779-B02A-2BD23E1DCD7A}.Publish|Any CPU.Build.0 = Debug|Any CPU
		{E831F24C-571D-4779-B02A-2BD23E1DCD7A}.Publish|x64.ActiveCfg = Debug|Any CPU
		{E831F24C-571D-4779-B02A-2BD23E1DCD7A}.Publish|x64.Build.0 = Debug|Any CPU
		{E831F24C-571D-4779-B02A-2BD23E1DCD7A}.Publish|x86.ActiveCfg = Debug|Any CPU
		{E831F24C-571D-4779-B02A-2BD23E1DCD7A}.Publish|x86.Build.0 = Debug|Any CPU
		{E831F24C-571D-4779-B02A-2BD23E1DCD7A}.RaspberryPi|Any CPU.ActiveCfg = Release|Any CPU
		{E831F24C-571D-4779-B02A-2BD23E1DCD7A}.RaspberryPi|Any CPU.Build.0 = Release|Any CPU
		{E831F24C-571D-4779-B02A-2BD23E1DCD7A}.RaspberryPi|x64.ActiveCfg = Release|Any CPU
		{E831F24C-571D-4779-B02A-2BD23E1DCD7A}.RaspberryPi|x64.Build.0 = Release|Any CPU
		{E831F24C-571D-4779-B02A-2BD23E1DCD7A}.RaspberryPi|x86.ActiveCfg = Release|Any CPU
		{E831F24C-571D-4779-B02A-2BD23E1DCD7A}.RaspberryPi|x86.Build.0 = Release|Any CPU
		{E831F24C-571D-4779-B02A-2BD23E1DCD7A}.Release|Any CPU.ActiveCfg = Release|Any CPU
		{E831F24C-571D-4779-B02A-2BD23E1DCD7A}.Release|Any CPU.Build.0 = Release|Any CPU
		{E831F24C-571D-4779-B02A-2BD23E1DCD7A}.Release|x64.ActiveCfg = Release|Any CPU
		{E831F24C-571D-4779-B02A-2BD23E1DCD7A}.Release|x64.Build.0 = Release|Any CPU
		{E831F24C-571D-4779-B02A-2BD23E1DCD7A}.Release|x86.ActiveCfg = Release|Any CPU
		{E831F24C-571D-4779-B02A-2BD23E1DCD7A}.Release|x86.Build.0 = Release|Any CPU
	EndGlobalSection
	GlobalSection(SolutionProperties) = preSolution
		HideSolutionNode = FALSE
	EndGlobalSection
	GlobalSection(NestedProjects) = preSolution
		{9E54DC54-C592-49A7-B0FD-D8A92D4F2076} = {0B0479B0-052D-4BCA-8920-7B2BAA788BE5}
		{2B5532B5-5F59-4298-8DE7-E5CAFBF08E53} = {0B0479B0-052D-4BCA-8920-7B2BAA788BE5}
		{D752F09C-50C2-4E86-B7BD-98043D0DC644} = {0A4437E5-0681-4CD2-9EAF-62B5BBF3AC15}
		{DEA0FFE6-53A8-4DF8-833F-717C4E109626} = {0A4437E5-0681-4CD2-9EAF-62B5BBF3AC15}
		{896FC296-8EB1-426D-9D34-3F0AB0C73E22} = {6319D855-7BE8-4691-9638-2183778EE5B7}
		{4A16CF88-5DDA-49D2-BF06-501F36788E3D} = {7D0B89C4-CDA3-483E-970D-E8E9E9F692F6}
		{6E8C8C89-4F68-463A-A6E0-D68D2A48E58D} = {7D0B89C4-CDA3-483E-970D-E8E9E9F692F6}
		{D0842BD6-DF8A-4B36-9CF2-3507682B7C88} = {E9EAA6CF-ACFD-4F68-A4B9-18DBB8A98B48}
		{00E45E8D-5215-45ED-A003-BB3280181D35} = {0B0479B0-052D-4BCA-8920-7B2BAA788BE5}
		{2710747A-139D-4D0C-8F6E-79C40C050EC1} = {21335470-2C7E-418E-A7CD-9EB6D3A45190}
		{9B98AE17-E2BC-4697-979D-154F526F24D3} = {E9EAA6CF-ACFD-4F68-A4B9-18DBB8A98B48}
		{1F0272D1-11B0-4316-B650-D66EB977FBE2} = {0B0479B0-052D-4BCA-8920-7B2BAA788BE5}
		{EB3B1879-6198-48A5-A1FB-B118DCD090DF} = {21335470-2C7E-418E-A7CD-9EB6D3A45190}
		{D156A789-CEFD-4042-B992-795DD86E7B9B} = {21335470-2C7E-418E-A7CD-9EB6D3A45190}
		{76AEE656-53D3-4150-81A5-3AC6FA1194EC} = {21335470-2C7E-418E-A7CD-9EB6D3A45190}
		{6B2D9659-E2A6-4E0F-A6E4-2AF27BDAEA89} = {5EC1032D-6112-4154-B52F-2DA29CD605E3}
		{1A14C73E-960C-4E21-AEB7-184B6D5A0AB3} = {5EC1032D-6112-4154-B52F-2DA29CD605E3}
		{602358C6-28B7-446D-86D3-02B3FD1B3D6C} = {5EC1032D-6112-4154-B52F-2DA29CD605E3}
		{0E631986-5213-4FB5-B4CA-09488EA5C4B5} = {5EC1032D-6112-4154-B52F-2DA29CD605E3}
		{40FE220D-247A-4C25-BF06-AF1B4378AF75} = {D1FDE60F-FECA-4925-BFDE-A3CC9F40FCE9}
		{D1FDE60F-FECA-4925-BFDE-A3CC9F40FCE9} = {E9EAA6CF-ACFD-4F68-A4B9-18DBB8A98B48}
		{21335470-2C7E-418E-A7CD-9EB6D3A45190} = {E9EAA6CF-ACFD-4F68-A4B9-18DBB8A98B48}
		{F3026337-A5B7-4F31-8743-BF76C4130EFF} = {5EC1032D-6112-4154-B52F-2DA29CD605E3}
		{F9E0B777-B706-4812-9573-986D014F4801} = {5EC1032D-6112-4154-B52F-2DA29CD605E3}
		{13C72979-9555-4A79-830E-6D4A620AD606} = {6319D855-7BE8-4691-9638-2183778EE5B7}
		{CCC68D11-C8D9-440E-BFFA-4115FC5F727C} = {21335470-2C7E-418E-A7CD-9EB6D3A45190}
		{6319D855-7BE8-4691-9638-2183778EE5B7} = {E9EAA6CF-ACFD-4F68-A4B9-18DBB8A98B48}
		{2C18BD1E-8FCB-4D87-8562-9EFBA698AED3} = {D1FDE60F-FECA-4925-BFDE-A3CC9F40FCE9}
		{4B588C05-1081-4714-B752-2C4E4AC428DD} = {D1FDE60F-FECA-4925-BFDE-A3CC9F40FCE9}
		{C36BF619-3E79-484E-A33E-27CD37D866EA} = {D1FDE60F-FECA-4925-BFDE-A3CC9F40FCE9}
		{C6E22A32-D923-4598-9552-347562F3F3AB} = {D1FDE60F-FECA-4925-BFDE-A3CC9F40FCE9}
		{7E0FA8F1-6242-417E-A1B9-3FD29A6F2D33} = {D1FDE60F-FECA-4925-BFDE-A3CC9F40FCE9}
		{ECAC0000-D1E8-4049-A261-F48B8E2A3F28} = {D1FDE60F-FECA-4925-BFDE-A3CC9F40FCE9}
		{1964EDD7-75B8-4CCE-999F-A494B291AC98} = {D1FDE60F-FECA-4925-BFDE-A3CC9F40FCE9}
		{649290AC-7BBB-4549-8C43-9E43A9F26E0C} = {D1FDE60F-FECA-4925-BFDE-A3CC9F40FCE9}
		{AB63DA2B-EC91-4413-820A-3F755F15861D} = {5EC1032D-6112-4154-B52F-2DA29CD605E3}
		{E831F24C-571D-4779-B02A-2BD23E1DCD7A} = {D1FDE60F-FECA-4925-BFDE-A3CC9F40FCE9}
	EndGlobalSection
	GlobalSection(ExtensibilityGlobals) = postSolution
		SolutionGuid = {480B9067-AB16-45B8-BFE3-8EF8803D9D07}
	EndGlobalSection
EndGlobal
