
Microsoft Visual Studio Solution File, Format Version 12.00
# Visual Studio 14
VisualStudioVersion = 14.0.25123.0
MinimumVisualStudioVersion = 10.0.40219.1
Project("{FAE04EC0-301F-11D3-BF4B-00C04F79EFBC}") = "AdminDumpLog", "AdminDumpLog\AdminDumpLog.csproj", "{5B17F3FE-8CED-4DE6-BBBD-08C65B419F1D}"
EndProject
Project("{FAE04EC0-301F-11D3-BF4B-00C04F79EFBC}") = "ClientMeshConnectOnly", "ClientMeshConnectOnly\ClientMeshConnectOnly.csproj", "{640192B9-DF4F-41AB-BF78-9043874763DB}"
EndProject
Project("{FAE04EC0-301F-11D3-BF4B-00C04F79EFBC}") = "ClientMeshProfileManager", "ClientMeshProfileManager\ClientMeshProfileManager.csproj", "{072EE504-5743-4A61-BDB8-77DA20C17F4A}"
EndProject
Project("{FAE04EC0-301F-11D3-BF4B-00C04F79EFBC}") = "Goedel.Cryptography", "Goedel.Cryptography\Goedel.Cryptography.csproj", "{1BABC0E9-D939-4DE5-82A3-16752104B14B}"
EndProject
Project("{FAE04EC0-301F-11D3-BF4B-00C04F79EFBC}") = "Goedel.Cryptography.Jose", "Goedel.Cryptography.Jose\Goedel.Cryptography.Jose.csproj", "{59F7F1A5-ABBC-4830-B7A3-140FD8E4C369}"
EndProject
Project("{FAE04EC0-301F-11D3-BF4B-00C04F79EFBC}") = "Goedel.Debug", "Goedel.Debug\Goedel.Debug.csproj", "{A8090B80-D658-45F6-BDA1-4F9DFD2B976F}"
EndProject
Project("{FAE04EC0-301F-11D3-BF4B-00C04F79EFBC}") = "Goedel.Persistence", "Goedel.Persistence\Goedel.Persistence.csproj", "{81E30B95-C59D-4A04-925E-85877FD37FDD}"
EndProject
Project("{FAE04EC0-301F-11D3-BF4B-00C04F79EFBC}") = "Goedel.Mesh", "Goedel.Mesh\Goedel.Mesh.csproj", "{0D8DD801-65D2-497C-8379-2D6ADF3867C3}"
EndProject
Project("{FAE04EC0-301F-11D3-BF4B-00C04F79EFBC}") = "Goedel.Mesh.Portal", "Goedel.Mesh.Portal\Goedel.Mesh.Portal.csproj", "{F6343F1B-D03D-4965-9113-5120A8054E9E}"
EndProject
Project("{FAE04EC0-301F-11D3-BF4B-00C04F79EFBC}") = "Goedel.Protocol", "Goedel.Protocol\Goedel.Protocol.csproj", "{24419F2D-F425-4E0F-A0EA-9D3E7A57E12F}"
EndProject
Project("{FAE04EC0-301F-11D3-BF4B-00C04F79EFBC}") = "LibTrojan", "LibTrojan\LibTrojan.csproj", "{E5A8ACB3-08F7-4BC9-9297-67DA400A740B}"
EndProject
Project("{FAE04EC0-301F-11D3-BF4B-00C04F79EFBC}") = "RunCrypto", "RunCrypto\RunCrypto.csproj", "{C943B7B9-D8B1-4532-962A-36EFA72218E9}"
EndProject
Project("{FAE04EC0-301F-11D3-BF4B-00C04F79EFBC}") = "RunMesh", "RunMesh\RunMesh.csproj", "{BFFBF220-972F-4E71-8EBC-F92AEC7AC178}"
EndProject
Project("{FAE04EC0-301F-11D3-BF4B-00C04F79EFBC}") = "ServerMesh", "ServerMesh\ServerMesh.csproj", "{98BCF5B8-9232-437B-A2FA-BA769BF4D982}"
	ProjectSection(ProjectDependencies) = postProject
		{072EE504-5743-4A61-BDB8-77DA20C17F4A} = {072EE504-5743-4A61-BDB8-77DA20C17F4A}
		{BFFBF220-972F-4E71-8EBC-F92AEC7AC178} = {BFFBF220-972F-4E71-8EBC-F92AEC7AC178}
		{640192B9-DF4F-41AB-BF78-9043874763DB} = {640192B9-DF4F-41AB-BF78-9043874763DB}
	EndProjectSection
EndProject
Project("{FAE04EC0-301F-11D3-BF4B-00C04F79EFBC}") = "TestLibCrypto", "TestLibCrypto\TestLibCrypto.csproj", "{7188B158-9282-4255-B79B-73510E8B4C99}"
EndProject
Project("{FAE04EC0-301F-11D3-BF4B-00C04F79EFBC}") = "TestLibJose", "TestLibJose\TestLibJose.csproj", "{4BBDAF05-E8E9-48EF-9151-A2188EE52D64}"
EndProject
Project("{FAE04EC0-301F-11D3-BF4B-00C04F79EFBC}") = "TestMeshLib", "TestMeshLib\TestMeshLib.csproj", "{58F7E680-361B-4588-A60F-4BB4B9482ED8}"
EndProject
Project("{2150E333-8FDC-42A3-9474-1A3956D46DE8}") = "Solution Items", "Solution Items", "{9456E6EC-9DBB-4AA7-8AEC-A98A83D8D3CD}"
	ProjectSection(SolutionItems) = preProject
		.gitignore = .gitignore
		ToDo.txt = ToDo.txt
	EndProjectSection
EndProject
Project("{FAE04EC0-301F-11D3-BF4B-00C04F79EFBC}") = "Documentation", "Documentation\Documentation.csproj", "{C26ACE75-2B6C-4553-944B-2C95986E103A}"
	ProjectSection(ProjectDependencies) = postProject
		{42B19C98-005A-4797-B636-DA8A8E99532F} = {42B19C98-005A-4797-B636-DA8A8E99532F}
	EndProjectSection
EndProject
Project("{FAE04EC0-301F-11D3-BF4B-00C04F79EFBC}") = "ExampleGenerator", "ExampleGenerator\ExampleGenerator.csproj", "{42B19C98-005A-4797-B636-DA8A8E99532F}"
EndProject
Project("{FAE04EC0-301F-11D3-BF4B-00C04F79EFBC}") = "Goedel.DNS", "Goedel.DNS\Goedel.DNS.csproj", "{DD994F50-5CA7-474D-AC4A-DBF05949621F}"
EndProject
Project("{930C7802-8A8C-48F9-8165-68863BCCD9DD}") = "InstallerMesh", "Installer\InstallerMesh.wixproj", "{AF1A5C5E-4FD1-4BCC-9C96-7D145E5A4EB3}"
EndProject
Project("{FAE04EC0-301F-11D3-BF4B-00C04F79EFBC}") = "Goedel.Protocol.Debug", "Goedel.Protocol.Debug\Goedel.Protocol.Debug.csproj", "{0586B4C1-814C-4D98-B6F1-180CD4E2FAAB}"
EndProject
Project("{2150E333-8FDC-42A3-9474-1A3956D46DE8}") = "TestTrojan", "TestTrojan", "{8B8B3B78-F903-4847-9305-13D598E742B0}"
	ProjectSection(SolutionItems) = preProject
		GTK Crib Sheet.txt = GTK Crib Sheet.txt
		ToDo.md.html = ToDo.md.html
	EndProjectSection
EndProject
Project("{FAE04EC0-301F-11D3-BF4B-00C04F79EFBC}") = "Goedel.Trojan.GTK", "..\buildtools\Trojan3\Goedel.Trojan.GTK\Goedel.Trojan.GTK.csproj", "{3DB16DB9-3144-4953-892E-77606701FFF8}"
EndProject
Project("{FAE04EC0-301F-11D3-BF4B-00C04F79EFBC}") = "Goedel.Trojan", "..\buildtools\Trojan3\Goedel.Trojan\Goedel.Trojan.csproj", "{30425912-50AE-4CAC-8A26-CF672F1D94F8}"
EndProject
Project("{FAE04EC0-301F-11D3-BF4B-00C04F79EFBC}") = "ClientTrojan3", "ClientTrojan3\ClientTrojan3.csproj", "{27874B2E-7FCC-4D11-A3A0-493E8A0EDEE7}"
EndProject
Project("{FAE04EC0-301F-11D3-BF4B-00C04F79EFBC}") = "Goedel.Mesh.Client", "Goedel.Mesh.Client\Goedel.Mesh.Client.csproj", "{A803FE85-50D9-4CCD-8FFC-F653A4BD73E3}"
EndProject
Project("{FAE04EC0-301F-11D3-BF4B-00C04F79EFBC}") = "Goedel.Platform (Windows)", "Goedel.Portability.Windows\Goedel.Platform (Windows).csproj", "{574F9F99-A364-4225-B28E-1037A37703B4}"
EndProject
Project("{FAE04EC0-301F-11D3-BF4B-00C04F79EFBC}") = "Goedel.Mesh.Platform (Windows)", "Goedel.Mesh.Windows\Goedel.Mesh.Platform (Windows).csproj", "{C378C917-F41D-4388-B467-EFD6677C4459}"
EndProject
Project("{FAE04EC0-301F-11D3-BF4B-00C04F79EFBC}") = "Goedel.Mesh.Platform (Windows)Tests", "Goedel.Mesh.Platform (Windows)Tests\Goedel.Mesh.Platform (Windows)Tests.csproj", "{3272DE86-EAE8-4F72-9B6E-4F1E46CA38D7}"
EndProject
Global
	GlobalSection(SolutionConfigurationPlatforms) = preSolution
		Debug|Any CPU = Debug|Any CPU
		Debug|x64 = Debug|x64
		Debug|x86 = Debug|x86
		RaspberryPi|Any CPU = RaspberryPi|Any CPU
		RaspberryPi|x64 = RaspberryPi|x64
		RaspberryPi|x86 = RaspberryPi|x86
		Release|Any CPU = Release|Any CPU
		Release|x64 = Release|x64
		Release|x86 = Release|x86
	EndGlobalSection
	GlobalSection(ProjectConfigurationPlatforms) = postSolution
		{5B17F3FE-8CED-4DE6-BBBD-08C65B419F1D}.Debug|Any CPU.ActiveCfg = Debug|Any CPU
		{5B17F3FE-8CED-4DE6-BBBD-08C65B419F1D}.Debug|Any CPU.Build.0 = Debug|Any CPU
		{5B17F3FE-8CED-4DE6-BBBD-08C65B419F1D}.Debug|x64.ActiveCfg = Debug|Any CPU
		{5B17F3FE-8CED-4DE6-BBBD-08C65B419F1D}.Debug|x64.Build.0 = Debug|Any CPU
		{5B17F3FE-8CED-4DE6-BBBD-08C65B419F1D}.Debug|x86.ActiveCfg = Debug|Any CPU
		{5B17F3FE-8CED-4DE6-BBBD-08C65B419F1D}.Debug|x86.Build.0 = Debug|Any CPU
		{5B17F3FE-8CED-4DE6-BBBD-08C65B419F1D}.RaspberryPi|Any CPU.ActiveCfg = Release|Any CPU
		{5B17F3FE-8CED-4DE6-BBBD-08C65B419F1D}.RaspberryPi|Any CPU.Build.0 = Release|Any CPU
		{5B17F3FE-8CED-4DE6-BBBD-08C65B419F1D}.RaspberryPi|x64.ActiveCfg = Release|Any CPU
		{5B17F3FE-8CED-4DE6-BBBD-08C65B419F1D}.RaspberryPi|x64.Build.0 = Release|Any CPU
		{5B17F3FE-8CED-4DE6-BBBD-08C65B419F1D}.RaspberryPi|x86.ActiveCfg = Release|Any CPU
		{5B17F3FE-8CED-4DE6-BBBD-08C65B419F1D}.RaspberryPi|x86.Build.0 = Release|Any CPU
		{5B17F3FE-8CED-4DE6-BBBD-08C65B419F1D}.Release|Any CPU.ActiveCfg = Release|Any CPU
		{5B17F3FE-8CED-4DE6-BBBD-08C65B419F1D}.Release|Any CPU.Build.0 = Release|Any CPU
		{5B17F3FE-8CED-4DE6-BBBD-08C65B419F1D}.Release|x64.ActiveCfg = Release|Any CPU
		{5B17F3FE-8CED-4DE6-BBBD-08C65B419F1D}.Release|x64.Build.0 = Release|Any CPU
		{5B17F3FE-8CED-4DE6-BBBD-08C65B419F1D}.Release|x86.ActiveCfg = Release|Any CPU
		{5B17F3FE-8CED-4DE6-BBBD-08C65B419F1D}.Release|x86.Build.0 = Release|Any CPU
		{640192B9-DF4F-41AB-BF78-9043874763DB}.Debug|Any CPU.ActiveCfg = Debug|Any CPU
		{640192B9-DF4F-41AB-BF78-9043874763DB}.Debug|Any CPU.Build.0 = Debug|Any CPU
		{640192B9-DF4F-41AB-BF78-9043874763DB}.Debug|x64.ActiveCfg = Debug|Any CPU
		{640192B9-DF4F-41AB-BF78-9043874763DB}.Debug|x64.Build.0 = Debug|Any CPU
		{640192B9-DF4F-41AB-BF78-9043874763DB}.Debug|x86.ActiveCfg = Debug|Any CPU
		{640192B9-DF4F-41AB-BF78-9043874763DB}.Debug|x86.Build.0 = Debug|Any CPU
		{640192B9-DF4F-41AB-BF78-9043874763DB}.RaspberryPi|Any CPU.ActiveCfg = RaspberryPi|Any CPU
		{640192B9-DF4F-41AB-BF78-9043874763DB}.RaspberryPi|Any CPU.Build.0 = RaspberryPi|Any CPU
		{640192B9-DF4F-41AB-BF78-9043874763DB}.RaspberryPi|x64.ActiveCfg = RaspberryPi|Any CPU
		{640192B9-DF4F-41AB-BF78-9043874763DB}.RaspberryPi|x64.Build.0 = RaspberryPi|Any CPU
		{640192B9-DF4F-41AB-BF78-9043874763DB}.RaspberryPi|x86.ActiveCfg = RaspberryPi|Any CPU
		{640192B9-DF4F-41AB-BF78-9043874763DB}.RaspberryPi|x86.Build.0 = RaspberryPi|Any CPU
		{640192B9-DF4F-41AB-BF78-9043874763DB}.Release|Any CPU.ActiveCfg = Release|Any CPU
		{640192B9-DF4F-41AB-BF78-9043874763DB}.Release|Any CPU.Build.0 = Release|Any CPU
		{640192B9-DF4F-41AB-BF78-9043874763DB}.Release|x64.ActiveCfg = Release|Any CPU
		{640192B9-DF4F-41AB-BF78-9043874763DB}.Release|x64.Build.0 = Release|Any CPU
		{640192B9-DF4F-41AB-BF78-9043874763DB}.Release|x86.ActiveCfg = Release|Any CPU
		{640192B9-DF4F-41AB-BF78-9043874763DB}.Release|x86.Build.0 = Release|Any CPU
		{072EE504-5743-4A61-BDB8-77DA20C17F4A}.Debug|Any CPU.ActiveCfg = Debug|Any CPU
		{072EE504-5743-4A61-BDB8-77DA20C17F4A}.Debug|Any CPU.Build.0 = Debug|Any CPU
		{072EE504-5743-4A61-BDB8-77DA20C17F4A}.Debug|x64.ActiveCfg = Debug|Any CPU
		{072EE504-5743-4A61-BDB8-77DA20C17F4A}.Debug|x64.Build.0 = Debug|Any CPU
		{072EE504-5743-4A61-BDB8-77DA20C17F4A}.Debug|x86.ActiveCfg = Debug|Any CPU
		{072EE504-5743-4A61-BDB8-77DA20C17F4A}.Debug|x86.Build.0 = Debug|Any CPU
		{072EE504-5743-4A61-BDB8-77DA20C17F4A}.RaspberryPi|Any CPU.ActiveCfg = RaspberryPi|Any CPU
		{072EE504-5743-4A61-BDB8-77DA20C17F4A}.RaspberryPi|Any CPU.Build.0 = RaspberryPi|Any CPU
		{072EE504-5743-4A61-BDB8-77DA20C17F4A}.RaspberryPi|x64.ActiveCfg = RaspberryPi|Any CPU
		{072EE504-5743-4A61-BDB8-77DA20C17F4A}.RaspberryPi|x64.Build.0 = RaspberryPi|Any CPU
		{072EE504-5743-4A61-BDB8-77DA20C17F4A}.RaspberryPi|x86.ActiveCfg = RaspberryPi|Any CPU
		{072EE504-5743-4A61-BDB8-77DA20C17F4A}.RaspberryPi|x86.Build.0 = RaspberryPi|Any CPU
		{072EE504-5743-4A61-BDB8-77DA20C17F4A}.Release|Any CPU.ActiveCfg = Release|Any CPU
		{072EE504-5743-4A61-BDB8-77DA20C17F4A}.Release|Any CPU.Build.0 = Release|Any CPU
		{072EE504-5743-4A61-BDB8-77DA20C17F4A}.Release|x64.ActiveCfg = Release|Any CPU
		{072EE504-5743-4A61-BDB8-77DA20C17F4A}.Release|x64.Build.0 = Release|Any CPU
		{072EE504-5743-4A61-BDB8-77DA20C17F4A}.Release|x86.ActiveCfg = Release|Any CPU
		{072EE504-5743-4A61-BDB8-77DA20C17F4A}.Release|x86.Build.0 = Release|Any CPU
		{1BABC0E9-D939-4DE5-82A3-16752104B14B}.Debug|Any CPU.ActiveCfg = Debug|Any CPU
		{1BABC0E9-D939-4DE5-82A3-16752104B14B}.Debug|Any CPU.Build.0 = Debug|Any CPU
		{1BABC0E9-D939-4DE5-82A3-16752104B14B}.Debug|x64.ActiveCfg = Debug|Any CPU
		{1BABC0E9-D939-4DE5-82A3-16752104B14B}.Debug|x64.Build.0 = Debug|Any CPU
		{1BABC0E9-D939-4DE5-82A3-16752104B14B}.Debug|x86.ActiveCfg = Debug|Any CPU
		{1BABC0E9-D939-4DE5-82A3-16752104B14B}.Debug|x86.Build.0 = Debug|Any CPU
		{1BABC0E9-D939-4DE5-82A3-16752104B14B}.RaspberryPi|Any CPU.ActiveCfg = RaspberryPi|Any CPU
		{1BABC0E9-D939-4DE5-82A3-16752104B14B}.RaspberryPi|Any CPU.Build.0 = RaspberryPi|Any CPU
		{1BABC0E9-D939-4DE5-82A3-16752104B14B}.RaspberryPi|x64.ActiveCfg = RaspberryPi|Any CPU
		{1BABC0E9-D939-4DE5-82A3-16752104B14B}.RaspberryPi|x64.Build.0 = RaspberryPi|Any CPU
		{1BABC0E9-D939-4DE5-82A3-16752104B14B}.RaspberryPi|x86.ActiveCfg = RaspberryPi|Any CPU
		{1BABC0E9-D939-4DE5-82A3-16752104B14B}.RaspberryPi|x86.Build.0 = RaspberryPi|Any CPU
		{1BABC0E9-D939-4DE5-82A3-16752104B14B}.Release|Any CPU.ActiveCfg = Release|Any CPU
		{1BABC0E9-D939-4DE5-82A3-16752104B14B}.Release|Any CPU.Build.0 = Release|Any CPU
		{1BABC0E9-D939-4DE5-82A3-16752104B14B}.Release|x64.ActiveCfg = Release|Any CPU
		{1BABC0E9-D939-4DE5-82A3-16752104B14B}.Release|x64.Build.0 = Release|Any CPU
		{1BABC0E9-D939-4DE5-82A3-16752104B14B}.Release|x86.ActiveCfg = Release|Any CPU
		{1BABC0E9-D939-4DE5-82A3-16752104B14B}.Release|x86.Build.0 = Release|Any CPU
		{59F7F1A5-ABBC-4830-B7A3-140FD8E4C369}.Debug|Any CPU.ActiveCfg = Debug|Any CPU
		{59F7F1A5-ABBC-4830-B7A3-140FD8E4C369}.Debug|Any CPU.Build.0 = Debug|Any CPU
		{59F7F1A5-ABBC-4830-B7A3-140FD8E4C369}.Debug|x64.ActiveCfg = Debug|Any CPU
		{59F7F1A5-ABBC-4830-B7A3-140FD8E4C369}.Debug|x64.Build.0 = Debug|Any CPU
		{59F7F1A5-ABBC-4830-B7A3-140FD8E4C369}.Debug|x86.ActiveCfg = Debug|x86
		{59F7F1A5-ABBC-4830-B7A3-140FD8E4C369}.Debug|x86.Build.0 = Debug|x86
		{59F7F1A5-ABBC-4830-B7A3-140FD8E4C369}.RaspberryPi|Any CPU.ActiveCfg = RaspberryPi|Any CPU
		{59F7F1A5-ABBC-4830-B7A3-140FD8E4C369}.RaspberryPi|Any CPU.Build.0 = RaspberryPi|Any CPU
		{59F7F1A5-ABBC-4830-B7A3-140FD8E4C369}.RaspberryPi|x64.ActiveCfg = RaspberryPi|Any CPU
		{59F7F1A5-ABBC-4830-B7A3-140FD8E4C369}.RaspberryPi|x64.Build.0 = RaspberryPi|Any CPU
		{59F7F1A5-ABBC-4830-B7A3-140FD8E4C369}.RaspberryPi|x86.ActiveCfg = RaspberryPi|x86
		{59F7F1A5-ABBC-4830-B7A3-140FD8E4C369}.RaspberryPi|x86.Build.0 = RaspberryPi|x86
		{59F7F1A5-ABBC-4830-B7A3-140FD8E4C369}.Release|Any CPU.ActiveCfg = Release|Any CPU
		{59F7F1A5-ABBC-4830-B7A3-140FD8E4C369}.Release|Any CPU.Build.0 = Release|Any CPU
		{59F7F1A5-ABBC-4830-B7A3-140FD8E4C369}.Release|x64.ActiveCfg = Release|Any CPU
		{59F7F1A5-ABBC-4830-B7A3-140FD8E4C369}.Release|x64.Build.0 = Release|Any CPU
		{59F7F1A5-ABBC-4830-B7A3-140FD8E4C369}.Release|x86.ActiveCfg = Release|x86
		{59F7F1A5-ABBC-4830-B7A3-140FD8E4C369}.Release|x86.Build.0 = Release|x86
		{A8090B80-D658-45F6-BDA1-4F9DFD2B976F}.Debug|Any CPU.ActiveCfg = Debug|Any CPU
		{A8090B80-D658-45F6-BDA1-4F9DFD2B976F}.Debug|Any CPU.Build.0 = Debug|Any CPU
		{A8090B80-D658-45F6-BDA1-4F9DFD2B976F}.Debug|x64.ActiveCfg = Debug|Any CPU
		{A8090B80-D658-45F6-BDA1-4F9DFD2B976F}.Debug|x64.Build.0 = Debug|Any CPU
		{A8090B80-D658-45F6-BDA1-4F9DFD2B976F}.Debug|x86.ActiveCfg = Debug|Any CPU
		{A8090B80-D658-45F6-BDA1-4F9DFD2B976F}.Debug|x86.Build.0 = Debug|Any CPU
		{A8090B80-D658-45F6-BDA1-4F9DFD2B976F}.RaspberryPi|Any CPU.ActiveCfg = RaspberryPi|Any CPU
		{A8090B80-D658-45F6-BDA1-4F9DFD2B976F}.RaspberryPi|Any CPU.Build.0 = RaspberryPi|Any CPU
		{A8090B80-D658-45F6-BDA1-4F9DFD2B976F}.RaspberryPi|x64.ActiveCfg = RaspberryPi|Any CPU
		{A8090B80-D658-45F6-BDA1-4F9DFD2B976F}.RaspberryPi|x64.Build.0 = RaspberryPi|Any CPU
		{A8090B80-D658-45F6-BDA1-4F9DFD2B976F}.RaspberryPi|x86.ActiveCfg = RaspberryPi|Any CPU
		{A8090B80-D658-45F6-BDA1-4F9DFD2B976F}.RaspberryPi|x86.Build.0 = RaspberryPi|Any CPU
		{A8090B80-D658-45F6-BDA1-4F9DFD2B976F}.Release|Any CPU.ActiveCfg = Release|Any CPU
		{A8090B80-D658-45F6-BDA1-4F9DFD2B976F}.Release|Any CPU.Build.0 = Release|Any CPU
		{A8090B80-D658-45F6-BDA1-4F9DFD2B976F}.Release|x64.ActiveCfg = Release|Any CPU
		{A8090B80-D658-45F6-BDA1-4F9DFD2B976F}.Release|x64.Build.0 = Release|Any CPU
		{A8090B80-D658-45F6-BDA1-4F9DFD2B976F}.Release|x86.ActiveCfg = Release|Any CPU
		{A8090B80-D658-45F6-BDA1-4F9DFD2B976F}.Release|x86.Build.0 = Release|Any CPU
		{81E30B95-C59D-4A04-925E-85877FD37FDD}.Debug|Any CPU.ActiveCfg = Debug|Any CPU
		{81E30B95-C59D-4A04-925E-85877FD37FDD}.Debug|Any CPU.Build.0 = Debug|Any CPU
		{81E30B95-C59D-4A04-925E-85877FD37FDD}.Debug|x64.ActiveCfg = Debug|x64
		{81E30B95-C59D-4A04-925E-85877FD37FDD}.Debug|x64.Build.0 = Debug|x64
		{81E30B95-C59D-4A04-925E-85877FD37FDD}.Debug|x86.ActiveCfg = Debug|Any CPU
		{81E30B95-C59D-4A04-925E-85877FD37FDD}.Debug|x86.Build.0 = Debug|Any CPU
		{81E30B95-C59D-4A04-925E-85877FD37FDD}.RaspberryPi|Any CPU.ActiveCfg = RaspberryPi|Any CPU
		{81E30B95-C59D-4A04-925E-85877FD37FDD}.RaspberryPi|Any CPU.Build.0 = RaspberryPi|Any CPU
		{81E30B95-C59D-4A04-925E-85877FD37FDD}.RaspberryPi|x64.ActiveCfg = RaspberryPi|x64
		{81E30B95-C59D-4A04-925E-85877FD37FDD}.RaspberryPi|x64.Build.0 = RaspberryPi|x64
		{81E30B95-C59D-4A04-925E-85877FD37FDD}.RaspberryPi|x86.ActiveCfg = RaspberryPi|Any CPU
		{81E30B95-C59D-4A04-925E-85877FD37FDD}.RaspberryPi|x86.Build.0 = RaspberryPi|Any CPU
		{81E30B95-C59D-4A04-925E-85877FD37FDD}.Release|Any CPU.ActiveCfg = Release|Any CPU
		{81E30B95-C59D-4A04-925E-85877FD37FDD}.Release|Any CPU.Build.0 = Release|Any CPU
		{81E30B95-C59D-4A04-925E-85877FD37FDD}.Release|x64.ActiveCfg = Release|x64
		{81E30B95-C59D-4A04-925E-85877FD37FDD}.Release|x64.Build.0 = Release|x64
		{81E30B95-C59D-4A04-925E-85877FD37FDD}.Release|x86.ActiveCfg = Release|Any CPU
		{81E30B95-C59D-4A04-925E-85877FD37FDD}.Release|x86.Build.0 = Release|Any CPU
		{0D8DD801-65D2-497C-8379-2D6ADF3867C3}.Debug|Any CPU.ActiveCfg = Debug|Any CPU
		{0D8DD801-65D2-497C-8379-2D6ADF3867C3}.Debug|Any CPU.Build.0 = Debug|Any CPU
		{0D8DD801-65D2-497C-8379-2D6ADF3867C3}.Debug|x64.ActiveCfg = Debug|Any CPU
		{0D8DD801-65D2-497C-8379-2D6ADF3867C3}.Debug|x64.Build.0 = Debug|Any CPU
		{0D8DD801-65D2-497C-8379-2D6ADF3867C3}.Debug|x86.ActiveCfg = Debug|Any CPU
		{0D8DD801-65D2-497C-8379-2D6ADF3867C3}.Debug|x86.Build.0 = Debug|Any CPU
		{0D8DD801-65D2-497C-8379-2D6ADF3867C3}.RaspberryPi|Any CPU.ActiveCfg = RaspberryPi|Any CPU
		{0D8DD801-65D2-497C-8379-2D6ADF3867C3}.RaspberryPi|Any CPU.Build.0 = RaspberryPi|Any CPU
		{0D8DD801-65D2-497C-8379-2D6ADF3867C3}.RaspberryPi|x64.ActiveCfg = RaspberryPi|Any CPU
		{0D8DD801-65D2-497C-8379-2D6ADF3867C3}.RaspberryPi|x64.Build.0 = RaspberryPi|Any CPU
		{0D8DD801-65D2-497C-8379-2D6ADF3867C3}.RaspberryPi|x86.ActiveCfg = RaspberryPi|Any CPU
		{0D8DD801-65D2-497C-8379-2D6ADF3867C3}.RaspberryPi|x86.Build.0 = RaspberryPi|Any CPU
		{0D8DD801-65D2-497C-8379-2D6ADF3867C3}.Release|Any CPU.ActiveCfg = Release|Any CPU
		{0D8DD801-65D2-497C-8379-2D6ADF3867C3}.Release|Any CPU.Build.0 = Release|Any CPU
		{0D8DD801-65D2-497C-8379-2D6ADF3867C3}.Release|x64.ActiveCfg = Release|Any CPU
		{0D8DD801-65D2-497C-8379-2D6ADF3867C3}.Release|x64.Build.0 = Release|Any CPU
		{0D8DD801-65D2-497C-8379-2D6ADF3867C3}.Release|x86.ActiveCfg = Release|Any CPU
		{0D8DD801-65D2-497C-8379-2D6ADF3867C3}.Release|x86.Build.0 = Release|Any CPU
		{F6343F1B-D03D-4965-9113-5120A8054E9E}.Debug|Any CPU.ActiveCfg = Debug|Any CPU
		{F6343F1B-D03D-4965-9113-5120A8054E9E}.Debug|Any CPU.Build.0 = Debug|Any CPU
		{F6343F1B-D03D-4965-9113-5120A8054E9E}.Debug|x64.ActiveCfg = Debug|Any CPU
		{F6343F1B-D03D-4965-9113-5120A8054E9E}.Debug|x64.Build.0 = Debug|Any CPU
		{F6343F1B-D03D-4965-9113-5120A8054E9E}.Debug|x86.ActiveCfg = Debug|Any CPU
		{F6343F1B-D03D-4965-9113-5120A8054E9E}.Debug|x86.Build.0 = Debug|Any CPU
		{F6343F1B-D03D-4965-9113-5120A8054E9E}.RaspberryPi|Any CPU.ActiveCfg = Release|Any CPU
		{F6343F1B-D03D-4965-9113-5120A8054E9E}.RaspberryPi|Any CPU.Build.0 = Release|Any CPU
		{F6343F1B-D03D-4965-9113-5120A8054E9E}.RaspberryPi|x64.ActiveCfg = Release|Any CPU
		{F6343F1B-D03D-4965-9113-5120A8054E9E}.RaspberryPi|x64.Build.0 = Release|Any CPU
		{F6343F1B-D03D-4965-9113-5120A8054E9E}.RaspberryPi|x86.ActiveCfg = Release|Any CPU
		{F6343F1B-D03D-4965-9113-5120A8054E9E}.RaspberryPi|x86.Build.0 = Release|Any CPU
		{F6343F1B-D03D-4965-9113-5120A8054E9E}.Release|Any CPU.ActiveCfg = Release|Any CPU
		{F6343F1B-D03D-4965-9113-5120A8054E9E}.Release|Any CPU.Build.0 = Release|Any CPU
		{F6343F1B-D03D-4965-9113-5120A8054E9E}.Release|x64.ActiveCfg = Release|Any CPU
		{F6343F1B-D03D-4965-9113-5120A8054E9E}.Release|x64.Build.0 = Release|Any CPU
		{F6343F1B-D03D-4965-9113-5120A8054E9E}.Release|x86.ActiveCfg = Release|Any CPU
		{F6343F1B-D03D-4965-9113-5120A8054E9E}.Release|x86.Build.0 = Release|Any CPU
		{24419F2D-F425-4E0F-A0EA-9D3E7A57E12F}.Debug|Any CPU.ActiveCfg = Debug|Any CPU
		{24419F2D-F425-4E0F-A0EA-9D3E7A57E12F}.Debug|Any CPU.Build.0 = Debug|Any CPU
		{24419F2D-F425-4E0F-A0EA-9D3E7A57E12F}.Debug|x64.ActiveCfg = Debug|Any CPU
		{24419F2D-F425-4E0F-A0EA-9D3E7A57E12F}.Debug|x64.Build.0 = Debug|Any CPU
		{24419F2D-F425-4E0F-A0EA-9D3E7A57E12F}.Debug|x86.ActiveCfg = Debug|Any CPU
		{24419F2D-F425-4E0F-A0EA-9D3E7A57E12F}.Debug|x86.Build.0 = Debug|Any CPU
		{24419F2D-F425-4E0F-A0EA-9D3E7A57E12F}.RaspberryPi|Any CPU.ActiveCfg = RaspberryPi|Any CPU
		{24419F2D-F425-4E0F-A0EA-9D3E7A57E12F}.RaspberryPi|Any CPU.Build.0 = RaspberryPi|Any CPU
		{24419F2D-F425-4E0F-A0EA-9D3E7A57E12F}.RaspberryPi|x64.ActiveCfg = RaspberryPi|Any CPU
		{24419F2D-F425-4E0F-A0EA-9D3E7A57E12F}.RaspberryPi|x64.Build.0 = RaspberryPi|Any CPU
		{24419F2D-F425-4E0F-A0EA-9D3E7A57E12F}.RaspberryPi|x86.ActiveCfg = RaspberryPi|Any CPU
		{24419F2D-F425-4E0F-A0EA-9D3E7A57E12F}.RaspberryPi|x86.Build.0 = RaspberryPi|Any CPU
		{24419F2D-F425-4E0F-A0EA-9D3E7A57E12F}.Release|Any CPU.ActiveCfg = Release|Any CPU
		{24419F2D-F425-4E0F-A0EA-9D3E7A57E12F}.Release|Any CPU.Build.0 = Release|Any CPU
		{24419F2D-F425-4E0F-A0EA-9D3E7A57E12F}.Release|x64.ActiveCfg = Release|Any CPU
		{24419F2D-F425-4E0F-A0EA-9D3E7A57E12F}.Release|x64.Build.0 = Release|Any CPU
		{24419F2D-F425-4E0F-A0EA-9D3E7A57E12F}.Release|x86.ActiveCfg = Release|Any CPU
		{24419F2D-F425-4E0F-A0EA-9D3E7A57E12F}.Release|x86.Build.0 = Release|Any CPU
		{E5A8ACB3-08F7-4BC9-9297-67DA400A740B}.Debug|Any CPU.ActiveCfg = Debug|Any CPU
		{E5A8ACB3-08F7-4BC9-9297-67DA400A740B}.Debug|Any CPU.Build.0 = Debug|Any CPU
		{E5A8ACB3-08F7-4BC9-9297-67DA400A740B}.Debug|x64.ActiveCfg = Debug|Any CPU
		{E5A8ACB3-08F7-4BC9-9297-67DA400A740B}.Debug|x64.Build.0 = Debug|Any CPU
		{E5A8ACB3-08F7-4BC9-9297-67DA400A740B}.Debug|x86.ActiveCfg = Debug|Any CPU
		{E5A8ACB3-08F7-4BC9-9297-67DA400A740B}.Debug|x86.Build.0 = Debug|Any CPU
		{E5A8ACB3-08F7-4BC9-9297-67DA400A740B}.RaspberryPi|Any CPU.ActiveCfg = Release|Any CPU
		{E5A8ACB3-08F7-4BC9-9297-67DA400A740B}.RaspberryPi|Any CPU.Build.0 = Release|Any CPU
		{E5A8ACB3-08F7-4BC9-9297-67DA400A740B}.RaspberryPi|x64.ActiveCfg = Release|Any CPU
		{E5A8ACB3-08F7-4BC9-9297-67DA400A740B}.RaspberryPi|x64.Build.0 = Release|Any CPU
		{E5A8ACB3-08F7-4BC9-9297-67DA400A740B}.RaspberryPi|x86.ActiveCfg = Release|Any CPU
		{E5A8ACB3-08F7-4BC9-9297-67DA400A740B}.RaspberryPi|x86.Build.0 = Release|Any CPU
		{E5A8ACB3-08F7-4BC9-9297-67DA400A740B}.Release|Any CPU.ActiveCfg = Release|Any CPU
		{E5A8ACB3-08F7-4BC9-9297-67DA400A740B}.Release|Any CPU.Build.0 = Release|Any CPU
		{E5A8ACB3-08F7-4BC9-9297-67DA400A740B}.Release|x64.ActiveCfg = Release|Any CPU
		{E5A8ACB3-08F7-4BC9-9297-67DA400A740B}.Release|x64.Build.0 = Release|Any CPU
		{E5A8ACB3-08F7-4BC9-9297-67DA400A740B}.Release|x86.ActiveCfg = Release|Any CPU
		{E5A8ACB3-08F7-4BC9-9297-67DA400A740B}.Release|x86.Build.0 = Release|Any CPU
		{C943B7B9-D8B1-4532-962A-36EFA72218E9}.Debug|Any CPU.ActiveCfg = Debug|Any CPU
		{C943B7B9-D8B1-4532-962A-36EFA72218E9}.Debug|Any CPU.Build.0 = Debug|Any CPU
		{C943B7B9-D8B1-4532-962A-36EFA72218E9}.Debug|x64.ActiveCfg = Debug|Any CPU
		{C943B7B9-D8B1-4532-962A-36EFA72218E9}.Debug|x64.Build.0 = Debug|Any CPU
		{C943B7B9-D8B1-4532-962A-36EFA72218E9}.Debug|x86.ActiveCfg = Debug|Any CPU
		{C943B7B9-D8B1-4532-962A-36EFA72218E9}.Debug|x86.Build.0 = Debug|Any CPU
		{C943B7B9-D8B1-4532-962A-36EFA72218E9}.RaspberryPi|Any CPU.ActiveCfg = RaspberryPi|Any CPU
		{C943B7B9-D8B1-4532-962A-36EFA72218E9}.RaspberryPi|Any CPU.Build.0 = RaspberryPi|Any CPU
		{C943B7B9-D8B1-4532-962A-36EFA72218E9}.RaspberryPi|x64.ActiveCfg = RaspberryPi|Any CPU
		{C943B7B9-D8B1-4532-962A-36EFA72218E9}.RaspberryPi|x64.Build.0 = RaspberryPi|Any CPU
		{C943B7B9-D8B1-4532-962A-36EFA72218E9}.RaspberryPi|x86.ActiveCfg = RaspberryPi|Any CPU
		{C943B7B9-D8B1-4532-962A-36EFA72218E9}.RaspberryPi|x86.Build.0 = RaspberryPi|Any CPU
		{C943B7B9-D8B1-4532-962A-36EFA72218E9}.Release|Any CPU.ActiveCfg = Release|Any CPU
		{C943B7B9-D8B1-4532-962A-36EFA72218E9}.Release|Any CPU.Build.0 = Release|Any CPU
		{C943B7B9-D8B1-4532-962A-36EFA72218E9}.Release|x64.ActiveCfg = Release|Any CPU
		{C943B7B9-D8B1-4532-962A-36EFA72218E9}.Release|x64.Build.0 = Release|Any CPU
		{C943B7B9-D8B1-4532-962A-36EFA72218E9}.Release|x86.ActiveCfg = Release|Any CPU
		{C943B7B9-D8B1-4532-962A-36EFA72218E9}.Release|x86.Build.0 = Release|Any CPU
		{BFFBF220-972F-4E71-8EBC-F92AEC7AC178}.Debug|Any CPU.ActiveCfg = Debug|Any CPU
		{BFFBF220-972F-4E71-8EBC-F92AEC7AC178}.Debug|Any CPU.Build.0 = Debug|Any CPU
		{BFFBF220-972F-4E71-8EBC-F92AEC7AC178}.Debug|x64.ActiveCfg = Debug|Any CPU
		{BFFBF220-972F-4E71-8EBC-F92AEC7AC178}.Debug|x64.Build.0 = Debug|Any CPU
		{BFFBF220-972F-4E71-8EBC-F92AEC7AC178}.Debug|x86.ActiveCfg = Debug|Any CPU
		{BFFBF220-972F-4E71-8EBC-F92AEC7AC178}.Debug|x86.Build.0 = Debug|Any CPU
		{BFFBF220-972F-4E71-8EBC-F92AEC7AC178}.RaspberryPi|Any CPU.ActiveCfg = RaspberryPi|Any CPU
		{BFFBF220-972F-4E71-8EBC-F92AEC7AC178}.RaspberryPi|Any CPU.Build.0 = RaspberryPi|Any CPU
		{BFFBF220-972F-4E71-8EBC-F92AEC7AC178}.RaspberryPi|x64.ActiveCfg = RaspberryPi|Any CPU
		{BFFBF220-972F-4E71-8EBC-F92AEC7AC178}.RaspberryPi|x64.Build.0 = RaspberryPi|Any CPU
		{BFFBF220-972F-4E71-8EBC-F92AEC7AC178}.RaspberryPi|x86.ActiveCfg = RaspberryPi|Any CPU
		{BFFBF220-972F-4E71-8EBC-F92AEC7AC178}.RaspberryPi|x86.Build.0 = RaspberryPi|Any CPU
		{BFFBF220-972F-4E71-8EBC-F92AEC7AC178}.Release|Any CPU.ActiveCfg = Release|Any CPU
		{BFFBF220-972F-4E71-8EBC-F92AEC7AC178}.Release|Any CPU.Build.0 = Release|Any CPU
		{BFFBF220-972F-4E71-8EBC-F92AEC7AC178}.Release|x64.ActiveCfg = Release|Any CPU
		{BFFBF220-972F-4E71-8EBC-F92AEC7AC178}.Release|x64.Build.0 = Release|Any CPU
		{BFFBF220-972F-4E71-8EBC-F92AEC7AC178}.Release|x86.ActiveCfg = Release|Any CPU
		{BFFBF220-972F-4E71-8EBC-F92AEC7AC178}.Release|x86.Build.0 = Release|Any CPU
		{98BCF5B8-9232-437B-A2FA-BA769BF4D982}.Debug|Any CPU.ActiveCfg = Debug|Any CPU
		{98BCF5B8-9232-437B-A2FA-BA769BF4D982}.Debug|Any CPU.Build.0 = Debug|Any CPU
		{98BCF5B8-9232-437B-A2FA-BA769BF4D982}.Debug|x64.ActiveCfg = Debug|Any CPU
		{98BCF5B8-9232-437B-A2FA-BA769BF4D982}.Debug|x64.Build.0 = Debug|Any CPU
		{98BCF5B8-9232-437B-A2FA-BA769BF4D982}.Debug|x86.ActiveCfg = Debug|Any CPU
		{98BCF5B8-9232-437B-A2FA-BA769BF4D982}.Debug|x86.Build.0 = Debug|Any CPU
		{98BCF5B8-9232-437B-A2FA-BA769BF4D982}.RaspberryPi|Any CPU.ActiveCfg = Release|Any CPU
		{98BCF5B8-9232-437B-A2FA-BA769BF4D982}.RaspberryPi|Any CPU.Build.0 = Release|Any CPU
		{98BCF5B8-9232-437B-A2FA-BA769BF4D982}.RaspberryPi|x64.ActiveCfg = Release|Any CPU
		{98BCF5B8-9232-437B-A2FA-BA769BF4D982}.RaspberryPi|x64.Build.0 = Release|Any CPU
		{98BCF5B8-9232-437B-A2FA-BA769BF4D982}.RaspberryPi|x86.ActiveCfg = Release|Any CPU
		{98BCF5B8-9232-437B-A2FA-BA769BF4D982}.RaspberryPi|x86.Build.0 = Release|Any CPU
		{98BCF5B8-9232-437B-A2FA-BA769BF4D982}.Release|Any CPU.ActiveCfg = Release|Any CPU
		{98BCF5B8-9232-437B-A2FA-BA769BF4D982}.Release|Any CPU.Build.0 = Release|Any CPU
		{98BCF5B8-9232-437B-A2FA-BA769BF4D982}.Release|x64.ActiveCfg = Release|Any CPU
		{98BCF5B8-9232-437B-A2FA-BA769BF4D982}.Release|x64.Build.0 = Release|Any CPU
		{98BCF5B8-9232-437B-A2FA-BA769BF4D982}.Release|x86.ActiveCfg = Release|Any CPU
		{98BCF5B8-9232-437B-A2FA-BA769BF4D982}.Release|x86.Build.0 = Release|Any CPU
		{7188B158-9282-4255-B79B-73510E8B4C99}.Debug|Any CPU.ActiveCfg = Debug|Any CPU
		{7188B158-9282-4255-B79B-73510E8B4C99}.Debug|Any CPU.Build.0 = Debug|Any CPU
		{7188B158-9282-4255-B79B-73510E8B4C99}.Debug|x64.ActiveCfg = Debug|Any CPU
		{7188B158-9282-4255-B79B-73510E8B4C99}.Debug|x64.Build.0 = Debug|Any CPU
		{7188B158-9282-4255-B79B-73510E8B4C99}.Debug|x86.ActiveCfg = Debug|Any CPU
		{7188B158-9282-4255-B79B-73510E8B4C99}.Debug|x86.Build.0 = Debug|Any CPU
		{7188B158-9282-4255-B79B-73510E8B4C99}.RaspberryPi|Any CPU.ActiveCfg = RaspberryPi|Any CPU
		{7188B158-9282-4255-B79B-73510E8B4C99}.RaspberryPi|Any CPU.Build.0 = RaspberryPi|Any CPU
		{7188B158-9282-4255-B79B-73510E8B4C99}.RaspberryPi|x64.ActiveCfg = RaspberryPi|Any CPU
		{7188B158-9282-4255-B79B-73510E8B4C99}.RaspberryPi|x64.Build.0 = RaspberryPi|Any CPU
		{7188B158-9282-4255-B79B-73510E8B4C99}.RaspberryPi|x86.ActiveCfg = RaspberryPi|Any CPU
		{7188B158-9282-4255-B79B-73510E8B4C99}.RaspberryPi|x86.Build.0 = RaspberryPi|Any CPU
		{7188B158-9282-4255-B79B-73510E8B4C99}.Release|Any CPU.ActiveCfg = Release|Any CPU
		{7188B158-9282-4255-B79B-73510E8B4C99}.Release|Any CPU.Build.0 = Release|Any CPU
		{7188B158-9282-4255-B79B-73510E8B4C99}.Release|x64.ActiveCfg = Release|Any CPU
		{7188B158-9282-4255-B79B-73510E8B4C99}.Release|x64.Build.0 = Release|Any CPU
		{7188B158-9282-4255-B79B-73510E8B4C99}.Release|x86.ActiveCfg = Release|Any CPU
		{7188B158-9282-4255-B79B-73510E8B4C99}.Release|x86.Build.0 = Release|Any CPU
		{4BBDAF05-E8E9-48EF-9151-A2188EE52D64}.Debug|Any CPU.ActiveCfg = Debug|Any CPU
		{4BBDAF05-E8E9-48EF-9151-A2188EE52D64}.Debug|Any CPU.Build.0 = Debug|Any CPU
		{4BBDAF05-E8E9-48EF-9151-A2188EE52D64}.Debug|x64.ActiveCfg = Debug|Any CPU
		{4BBDAF05-E8E9-48EF-9151-A2188EE52D64}.Debug|x64.Build.0 = Debug|Any CPU
		{4BBDAF05-E8E9-48EF-9151-A2188EE52D64}.Debug|x86.ActiveCfg = Debug|Any CPU
		{4BBDAF05-E8E9-48EF-9151-A2188EE52D64}.Debug|x86.Build.0 = Debug|Any CPU
		{4BBDAF05-E8E9-48EF-9151-A2188EE52D64}.RaspberryPi|Any CPU.ActiveCfg = RaspberryPi|Any CPU
		{4BBDAF05-E8E9-48EF-9151-A2188EE52D64}.RaspberryPi|Any CPU.Build.0 = RaspberryPi|Any CPU
		{4BBDAF05-E8E9-48EF-9151-A2188EE52D64}.RaspberryPi|x64.ActiveCfg = RaspberryPi|Any CPU
		{4BBDAF05-E8E9-48EF-9151-A2188EE52D64}.RaspberryPi|x64.Build.0 = RaspberryPi|Any CPU
		{4BBDAF05-E8E9-48EF-9151-A2188EE52D64}.RaspberryPi|x86.ActiveCfg = RaspberryPi|Any CPU
		{4BBDAF05-E8E9-48EF-9151-A2188EE52D64}.RaspberryPi|x86.Build.0 = RaspberryPi|Any CPU
		{4BBDAF05-E8E9-48EF-9151-A2188EE52D64}.Release|Any CPU.ActiveCfg = Release|Any CPU
		{4BBDAF05-E8E9-48EF-9151-A2188EE52D64}.Release|Any CPU.Build.0 = Release|Any CPU
		{4BBDAF05-E8E9-48EF-9151-A2188EE52D64}.Release|x64.ActiveCfg = Release|Any CPU
		{4BBDAF05-E8E9-48EF-9151-A2188EE52D64}.Release|x64.Build.0 = Release|Any CPU
		{4BBDAF05-E8E9-48EF-9151-A2188EE52D64}.Release|x86.ActiveCfg = Release|Any CPU
		{4BBDAF05-E8E9-48EF-9151-A2188EE52D64}.Release|x86.Build.0 = Release|Any CPU
		{58F7E680-361B-4588-A60F-4BB4B9482ED8}.Debug|Any CPU.ActiveCfg = Debug|Any CPU
		{58F7E680-361B-4588-A60F-4BB4B9482ED8}.Debug|Any CPU.Build.0 = Debug|Any CPU
		{58F7E680-361B-4588-A60F-4BB4B9482ED8}.Debug|x64.ActiveCfg = Debug|Any CPU
		{58F7E680-361B-4588-A60F-4BB4B9482ED8}.Debug|x64.Build.0 = Debug|Any CPU
		{58F7E680-361B-4588-A60F-4BB4B9482ED8}.Debug|x86.ActiveCfg = Debug|Any CPU
		{58F7E680-361B-4588-A60F-4BB4B9482ED8}.Debug|x86.Build.0 = Debug|Any CPU
		{58F7E680-361B-4588-A60F-4BB4B9482ED8}.RaspberryPi|Any CPU.ActiveCfg = RaspberryPi|Any CPU
		{58F7E680-361B-4588-A60F-4BB4B9482ED8}.RaspberryPi|Any CPU.Build.0 = RaspberryPi|Any CPU
		{58F7E680-361B-4588-A60F-4BB4B9482ED8}.RaspberryPi|x64.ActiveCfg = RaspberryPi|Any CPU
		{58F7E680-361B-4588-A60F-4BB4B9482ED8}.RaspberryPi|x64.Build.0 = RaspberryPi|Any CPU
		{58F7E680-361B-4588-A60F-4BB4B9482ED8}.RaspberryPi|x86.ActiveCfg = RaspberryPi|Any CPU
		{58F7E680-361B-4588-A60F-4BB4B9482ED8}.RaspberryPi|x86.Build.0 = RaspberryPi|Any CPU
		{58F7E680-361B-4588-A60F-4BB4B9482ED8}.Release|Any CPU.ActiveCfg = Release|Any CPU
		{58F7E680-361B-4588-A60F-4BB4B9482ED8}.Release|Any CPU.Build.0 = Release|Any CPU
		{58F7E680-361B-4588-A60F-4BB4B9482ED8}.Release|x64.ActiveCfg = Release|Any CPU
		{58F7E680-361B-4588-A60F-4BB4B9482ED8}.Release|x64.Build.0 = Release|Any CPU
		{58F7E680-361B-4588-A60F-4BB4B9482ED8}.Release|x86.ActiveCfg = Release|Any CPU
		{58F7E680-361B-4588-A60F-4BB4B9482ED8}.Release|x86.Build.0 = Release|Any CPU
		{C26ACE75-2B6C-4553-944B-2C95986E103A}.Debug|Any CPU.ActiveCfg = Debug|Any CPU
		{C26ACE75-2B6C-4553-944B-2C95986E103A}.Debug|Any CPU.Build.0 = Debug|Any CPU
		{C26ACE75-2B6C-4553-944B-2C95986E103A}.Debug|x64.ActiveCfg = Debug|Any CPU
		{C26ACE75-2B6C-4553-944B-2C95986E103A}.Debug|x64.Build.0 = Debug|Any CPU
		{C26ACE75-2B6C-4553-944B-2C95986E103A}.Debug|x86.ActiveCfg = Debug|Any CPU
		{C26ACE75-2B6C-4553-944B-2C95986E103A}.Debug|x86.Build.0 = Debug|Any CPU
		{C26ACE75-2B6C-4553-944B-2C95986E103A}.RaspberryPi|Any CPU.ActiveCfg = Release|Any CPU
		{C26ACE75-2B6C-4553-944B-2C95986E103A}.RaspberryPi|Any CPU.Build.0 = Release|Any CPU
		{C26ACE75-2B6C-4553-944B-2C95986E103A}.RaspberryPi|x64.ActiveCfg = Release|Any CPU
		{C26ACE75-2B6C-4553-944B-2C95986E103A}.RaspberryPi|x64.Build.0 = Release|Any CPU
		{C26ACE75-2B6C-4553-944B-2C95986E103A}.RaspberryPi|x86.ActiveCfg = Release|Any CPU
		{C26ACE75-2B6C-4553-944B-2C95986E103A}.RaspberryPi|x86.Build.0 = Release|Any CPU
		{C26ACE75-2B6C-4553-944B-2C95986E103A}.Release|Any CPU.ActiveCfg = Release|Any CPU
		{C26ACE75-2B6C-4553-944B-2C95986E103A}.Release|Any CPU.Build.0 = Release|Any CPU
		{C26ACE75-2B6C-4553-944B-2C95986E103A}.Release|x64.ActiveCfg = Release|Any CPU
		{C26ACE75-2B6C-4553-944B-2C95986E103A}.Release|x64.Build.0 = Release|Any CPU
		{C26ACE75-2B6C-4553-944B-2C95986E103A}.Release|x86.ActiveCfg = Release|Any CPU
		{C26ACE75-2B6C-4553-944B-2C95986E103A}.Release|x86.Build.0 = Release|Any CPU
		{42B19C98-005A-4797-B636-DA8A8E99532F}.Debug|Any CPU.ActiveCfg = Debug|Any CPU
		{42B19C98-005A-4797-B636-DA8A8E99532F}.Debug|Any CPU.Build.0 = Debug|Any CPU
		{42B19C98-005A-4797-B636-DA8A8E99532F}.Debug|x64.ActiveCfg = Debug|Any CPU
		{42B19C98-005A-4797-B636-DA8A8E99532F}.Debug|x64.Build.0 = Debug|Any CPU
		{42B19C98-005A-4797-B636-DA8A8E99532F}.Debug|x86.ActiveCfg = Debug|Any CPU
		{42B19C98-005A-4797-B636-DA8A8E99532F}.Debug|x86.Build.0 = Debug|Any CPU
		{42B19C98-005A-4797-B636-DA8A8E99532F}.RaspberryPi|Any CPU.ActiveCfg = Release|Any CPU
		{42B19C98-005A-4797-B636-DA8A8E99532F}.RaspberryPi|Any CPU.Build.0 = Release|Any CPU
		{42B19C98-005A-4797-B636-DA8A8E99532F}.RaspberryPi|x64.ActiveCfg = Release|Any CPU
		{42B19C98-005A-4797-B636-DA8A8E99532F}.RaspberryPi|x64.Build.0 = Release|Any CPU
		{42B19C98-005A-4797-B636-DA8A8E99532F}.RaspberryPi|x86.ActiveCfg = Release|Any CPU
		{42B19C98-005A-4797-B636-DA8A8E99532F}.RaspberryPi|x86.Build.0 = Release|Any CPU
		{42B19C98-005A-4797-B636-DA8A8E99532F}.Release|Any CPU.ActiveCfg = Release|Any CPU
		{42B19C98-005A-4797-B636-DA8A8E99532F}.Release|Any CPU.Build.0 = Release|Any CPU
		{42B19C98-005A-4797-B636-DA8A8E99532F}.Release|x64.ActiveCfg = Release|Any CPU
		{42B19C98-005A-4797-B636-DA8A8E99532F}.Release|x64.Build.0 = Release|Any CPU
		{42B19C98-005A-4797-B636-DA8A8E99532F}.Release|x86.ActiveCfg = Release|Any CPU
		{42B19C98-005A-4797-B636-DA8A8E99532F}.Release|x86.Build.0 = Release|Any CPU
		{DD994F50-5CA7-474D-AC4A-DBF05949621F}.Debug|Any CPU.ActiveCfg = Debug|Any CPU
		{DD994F50-5CA7-474D-AC4A-DBF05949621F}.Debug|Any CPU.Build.0 = Debug|Any CPU
		{DD994F50-5CA7-474D-AC4A-DBF05949621F}.Debug|x64.ActiveCfg = Debug|Any CPU
		{DD994F50-5CA7-474D-AC4A-DBF05949621F}.Debug|x64.Build.0 = Debug|Any CPU
		{DD994F50-5CA7-474D-AC4A-DBF05949621F}.Debug|x86.ActiveCfg = Debug|Any CPU
		{DD994F50-5CA7-474D-AC4A-DBF05949621F}.Debug|x86.Build.0 = Debug|Any CPU
		{DD994F50-5CA7-474D-AC4A-DBF05949621F}.RaspberryPi|Any CPU.ActiveCfg = Release|Any CPU
		{DD994F50-5CA7-474D-AC4A-DBF05949621F}.RaspberryPi|Any CPU.Build.0 = Release|Any CPU
		{DD994F50-5CA7-474D-AC4A-DBF05949621F}.RaspberryPi|x64.ActiveCfg = Release|Any CPU
		{DD994F50-5CA7-474D-AC4A-DBF05949621F}.RaspberryPi|x64.Build.0 = Release|Any CPU
		{DD994F50-5CA7-474D-AC4A-DBF05949621F}.RaspberryPi|x86.ActiveCfg = Release|Any CPU
		{DD994F50-5CA7-474D-AC4A-DBF05949621F}.RaspberryPi|x86.Build.0 = Release|Any CPU
		{DD994F50-5CA7-474D-AC4A-DBF05949621F}.Release|Any CPU.ActiveCfg = Release|Any CPU
		{DD994F50-5CA7-474D-AC4A-DBF05949621F}.Release|Any CPU.Build.0 = Release|Any CPU
		{DD994F50-5CA7-474D-AC4A-DBF05949621F}.Release|x64.ActiveCfg = Release|Any CPU
		{DD994F50-5CA7-474D-AC4A-DBF05949621F}.Release|x64.Build.0 = Release|Any CPU
		{DD994F50-5CA7-474D-AC4A-DBF05949621F}.Release|x86.ActiveCfg = Release|Any CPU
		{DD994F50-5CA7-474D-AC4A-DBF05949621F}.Release|x86.Build.0 = Release|Any CPU
		{AF1A5C5E-4FD1-4BCC-9C96-7D145E5A4EB3}.Debug|Any CPU.ActiveCfg = Debug|x86
		{AF1A5C5E-4FD1-4BCC-9C96-7D145E5A4EB3}.Debug|x64.ActiveCfg = Debug|x86
		{AF1A5C5E-4FD1-4BCC-9C96-7D145E5A4EB3}.Debug|x86.ActiveCfg = Debug|x86
		{AF1A5C5E-4FD1-4BCC-9C96-7D145E5A4EB3}.Debug|x86.Build.0 = Debug|x86
		{AF1A5C5E-4FD1-4BCC-9C96-7D145E5A4EB3}.RaspberryPi|Any CPU.ActiveCfg = Release|x86
		{AF1A5C5E-4FD1-4BCC-9C96-7D145E5A4EB3}.RaspberryPi|Any CPU.Build.0 = Release|x86
		{AF1A5C5E-4FD1-4BCC-9C96-7D145E5A4EB3}.RaspberryPi|x64.ActiveCfg = Release|x86
		{AF1A5C5E-4FD1-4BCC-9C96-7D145E5A4EB3}.RaspberryPi|x64.Build.0 = Release|x86
		{AF1A5C5E-4FD1-4BCC-9C96-7D145E5A4EB3}.RaspberryPi|x86.ActiveCfg = Release|x86
		{AF1A5C5E-4FD1-4BCC-9C96-7D145E5A4EB3}.RaspberryPi|x86.Build.0 = Release|x86
		{AF1A5C5E-4FD1-4BCC-9C96-7D145E5A4EB3}.Release|Any CPU.ActiveCfg = Release|x86
		{AF1A5C5E-4FD1-4BCC-9C96-7D145E5A4EB3}.Release|x64.ActiveCfg = Release|x86
		{AF1A5C5E-4FD1-4BCC-9C96-7D145E5A4EB3}.Release|x86.ActiveCfg = Release|x86
		{AF1A5C5E-4FD1-4BCC-9C96-7D145E5A4EB3}.Release|x86.Build.0 = Release|x86
		{0586B4C1-814C-4D98-B6F1-180CD4E2FAAB}.Debug|Any CPU.ActiveCfg = Debug|Any CPU
		{0586B4C1-814C-4D98-B6F1-180CD4E2FAAB}.Debug|Any CPU.Build.0 = Debug|Any CPU
		{0586B4C1-814C-4D98-B6F1-180CD4E2FAAB}.Debug|x64.ActiveCfg = Debug|Any CPU
		{0586B4C1-814C-4D98-B6F1-180CD4E2FAAB}.Debug|x64.Build.0 = Debug|Any CPU
		{0586B4C1-814C-4D98-B6F1-180CD4E2FAAB}.Debug|x86.ActiveCfg = Debug|Any CPU
		{0586B4C1-814C-4D98-B6F1-180CD4E2FAAB}.Debug|x86.Build.0 = Debug|Any CPU
		{0586B4C1-814C-4D98-B6F1-180CD4E2FAAB}.RaspberryPi|Any CPU.ActiveCfg = Release|Any CPU
		{0586B4C1-814C-4D98-B6F1-180CD4E2FAAB}.RaspberryPi|Any CPU.Build.0 = Release|Any CPU
		{0586B4C1-814C-4D98-B6F1-180CD4E2FAAB}.RaspberryPi|x64.ActiveCfg = Release|Any CPU
		{0586B4C1-814C-4D98-B6F1-180CD4E2FAAB}.RaspberryPi|x64.Build.0 = Release|Any CPU
		{0586B4C1-814C-4D98-B6F1-180CD4E2FAAB}.RaspberryPi|x86.ActiveCfg = Release|Any CPU
		{0586B4C1-814C-4D98-B6F1-180CD4E2FAAB}.RaspberryPi|x86.Build.0 = Release|Any CPU
		{0586B4C1-814C-4D98-B6F1-180CD4E2FAAB}.Release|Any CPU.ActiveCfg = Release|Any CPU
		{0586B4C1-814C-4D98-B6F1-180CD4E2FAAB}.Release|Any CPU.Build.0 = Release|Any CPU
		{0586B4C1-814C-4D98-B6F1-180CD4E2FAAB}.Release|x64.ActiveCfg = Release|Any CPU
		{0586B4C1-814C-4D98-B6F1-180CD4E2FAAB}.Release|x64.Build.0 = Release|Any CPU
		{0586B4C1-814C-4D98-B6F1-180CD4E2FAAB}.Release|x86.ActiveCfg = Release|Any CPU
		{0586B4C1-814C-4D98-B6F1-180CD4E2FAAB}.Release|x86.Build.0 = Release|Any CPU
		{3DB16DB9-3144-4953-892E-77606701FFF8}.Debug|Any CPU.ActiveCfg = Debug|Any CPU
		{3DB16DB9-3144-4953-892E-77606701FFF8}.Debug|Any CPU.Build.0 = Debug|Any CPU
		{3DB16DB9-3144-4953-892E-77606701FFF8}.Debug|x64.ActiveCfg = Debug|Any CPU
		{3DB16DB9-3144-4953-892E-77606701FFF8}.Debug|x64.Build.0 = Debug|Any CPU
		{3DB16DB9-3144-4953-892E-77606701FFF8}.Debug|x86.ActiveCfg = Debug|Any CPU
		{3DB16DB9-3144-4953-892E-77606701FFF8}.Debug|x86.Build.0 = Debug|Any CPU
		{3DB16DB9-3144-4953-892E-77606701FFF8}.RaspberryPi|Any CPU.ActiveCfg = Release|Any CPU
		{3DB16DB9-3144-4953-892E-77606701FFF8}.RaspberryPi|Any CPU.Build.0 = Release|Any CPU
		{3DB16DB9-3144-4953-892E-77606701FFF8}.RaspberryPi|x64.ActiveCfg = Release|Any CPU
		{3DB16DB9-3144-4953-892E-77606701FFF8}.RaspberryPi|x64.Build.0 = Release|Any CPU
		{3DB16DB9-3144-4953-892E-77606701FFF8}.RaspberryPi|x86.ActiveCfg = Release|Any CPU
		{3DB16DB9-3144-4953-892E-77606701FFF8}.RaspberryPi|x86.Build.0 = Release|Any CPU
		{3DB16DB9-3144-4953-892E-77606701FFF8}.Release|Any CPU.ActiveCfg = Release|Any CPU
		{3DB16DB9-3144-4953-892E-77606701FFF8}.Release|Any CPU.Build.0 = Release|Any CPU
		{3DB16DB9-3144-4953-892E-77606701FFF8}.Release|x64.ActiveCfg = Release|Any CPU
		{3DB16DB9-3144-4953-892E-77606701FFF8}.Release|x64.Build.0 = Release|Any CPU
		{3DB16DB9-3144-4953-892E-77606701FFF8}.Release|x86.ActiveCfg = Release|Any CPU
		{3DB16DB9-3144-4953-892E-77606701FFF8}.Release|x86.Build.0 = Release|Any CPU
		{30425912-50AE-4CAC-8A26-CF672F1D94F8}.Debug|Any CPU.ActiveCfg = Debug|Any CPU
		{30425912-50AE-4CAC-8A26-CF672F1D94F8}.Debug|Any CPU.Build.0 = Debug|Any CPU
		{30425912-50AE-4CAC-8A26-CF672F1D94F8}.Debug|x64.ActiveCfg = Debug|Any CPU
		{30425912-50AE-4CAC-8A26-CF672F1D94F8}.Debug|x64.Build.0 = Debug|Any CPU
		{30425912-50AE-4CAC-8A26-CF672F1D94F8}.Debug|x86.ActiveCfg = Debug|Any CPU
		{30425912-50AE-4CAC-8A26-CF672F1D94F8}.Debug|x86.Build.0 = Debug|Any CPU
		{30425912-50AE-4CAC-8A26-CF672F1D94F8}.RaspberryPi|Any CPU.ActiveCfg = Release|Any CPU
		{30425912-50AE-4CAC-8A26-CF672F1D94F8}.RaspberryPi|Any CPU.Build.0 = Release|Any CPU
		{30425912-50AE-4CAC-8A26-CF672F1D94F8}.RaspberryPi|x64.ActiveCfg = Release|Any CPU
		{30425912-50AE-4CAC-8A26-CF672F1D94F8}.RaspberryPi|x64.Build.0 = Release|Any CPU
		{30425912-50AE-4CAC-8A26-CF672F1D94F8}.RaspberryPi|x86.ActiveCfg = Release|Any CPU
		{30425912-50AE-4CAC-8A26-CF672F1D94F8}.RaspberryPi|x86.Build.0 = Release|Any CPU
		{30425912-50AE-4CAC-8A26-CF672F1D94F8}.Release|Any CPU.ActiveCfg = Release|Any CPU
		{30425912-50AE-4CAC-8A26-CF672F1D94F8}.Release|Any CPU.Build.0 = Release|Any CPU
		{30425912-50AE-4CAC-8A26-CF672F1D94F8}.Release|x64.ActiveCfg = Release|Any CPU
		{30425912-50AE-4CAC-8A26-CF672F1D94F8}.Release|x64.Build.0 = Release|Any CPU
		{30425912-50AE-4CAC-8A26-CF672F1D94F8}.Release|x86.ActiveCfg = Release|Any CPU
		{30425912-50AE-4CAC-8A26-CF672F1D94F8}.Release|x86.Build.0 = Release|Any CPU
		{27874B2E-7FCC-4D11-A3A0-493E8A0EDEE7}.Debug|Any CPU.ActiveCfg = Debug|Any CPU
		{27874B2E-7FCC-4D11-A3A0-493E8A0EDEE7}.Debug|Any CPU.Build.0 = Debug|Any CPU
		{27874B2E-7FCC-4D11-A3A0-493E8A0EDEE7}.Debug|x64.ActiveCfg = Debug|Any CPU
		{27874B2E-7FCC-4D11-A3A0-493E8A0EDEE7}.Debug|x64.Build.0 = Debug|Any CPU
		{27874B2E-7FCC-4D11-A3A0-493E8A0EDEE7}.Debug|x86.ActiveCfg = Debug|Any CPU
		{27874B2E-7FCC-4D11-A3A0-493E8A0EDEE7}.Debug|x86.Build.0 = Debug|Any CPU
		{27874B2E-7FCC-4D11-A3A0-493E8A0EDEE7}.RaspberryPi|Any CPU.ActiveCfg = Release|Any CPU
		{27874B2E-7FCC-4D11-A3A0-493E8A0EDEE7}.RaspberryPi|Any CPU.Build.0 = Release|Any CPU
		{27874B2E-7FCC-4D11-A3A0-493E8A0EDEE7}.RaspberryPi|x64.ActiveCfg = Release|Any CPU
		{27874B2E-7FCC-4D11-A3A0-493E8A0EDEE7}.RaspberryPi|x64.Build.0 = Release|Any CPU
		{27874B2E-7FCC-4D11-A3A0-493E8A0EDEE7}.RaspberryPi|x86.ActiveCfg = Release|Any CPU
		{27874B2E-7FCC-4D11-A3A0-493E8A0EDEE7}.RaspberryPi|x86.Build.0 = Release|Any CPU
		{27874B2E-7FCC-4D11-A3A0-493E8A0EDEE7}.Release|Any CPU.ActiveCfg = Release|Any CPU
		{27874B2E-7FCC-4D11-A3A0-493E8A0EDEE7}.Release|Any CPU.Build.0 = Release|Any CPU
		{27874B2E-7FCC-4D11-A3A0-493E8A0EDEE7}.Release|x64.ActiveCfg = Release|Any CPU
		{27874B2E-7FCC-4D11-A3A0-493E8A0EDEE7}.Release|x64.Build.0 = Release|Any CPU
		{27874B2E-7FCC-4D11-A3A0-493E8A0EDEE7}.Release|x86.ActiveCfg = Release|Any CPU
		{27874B2E-7FCC-4D11-A3A0-493E8A0EDEE7}.Release|x86.Build.0 = Release|Any CPU
		{A803FE85-50D9-4CCD-8FFC-F653A4BD73E3}.Debug|Any CPU.ActiveCfg = Debug|Any CPU
		{A803FE85-50D9-4CCD-8FFC-F653A4BD73E3}.Debug|Any CPU.Build.0 = Debug|Any CPU
		{A803FE85-50D9-4CCD-8FFC-F653A4BD73E3}.Debug|x64.ActiveCfg = Debug|Any CPU
		{A803FE85-50D9-4CCD-8FFC-F653A4BD73E3}.Debug|x64.Build.0 = Debug|Any CPU
		{A803FE85-50D9-4CCD-8FFC-F653A4BD73E3}.Debug|x86.ActiveCfg = Debug|Any CPU
		{A803FE85-50D9-4CCD-8FFC-F653A4BD73E3}.Debug|x86.Build.0 = Debug|Any CPU
		{A803FE85-50D9-4CCD-8FFC-F653A4BD73E3}.RaspberryPi|Any CPU.ActiveCfg = Release|Any CPU
		{A803FE85-50D9-4CCD-8FFC-F653A4BD73E3}.RaspberryPi|Any CPU.Build.0 = Release|Any CPU
		{A803FE85-50D9-4CCD-8FFC-F653A4BD73E3}.RaspberryPi|x64.ActiveCfg = Release|Any CPU
		{A803FE85-50D9-4CCD-8FFC-F653A4BD73E3}.RaspberryPi|x64.Build.0 = Release|Any CPU
		{A803FE85-50D9-4CCD-8FFC-F653A4BD73E3}.RaspberryPi|x86.ActiveCfg = Release|Any CPU
		{A803FE85-50D9-4CCD-8FFC-F653A4BD73E3}.RaspberryPi|x86.Build.0 = Release|Any CPU
		{A803FE85-50D9-4CCD-8FFC-F653A4BD73E3}.Release|Any CPU.ActiveCfg = Release|Any CPU
		{A803FE85-50D9-4CCD-8FFC-F653A4BD73E3}.Release|Any CPU.Build.0 = Release|Any CPU
		{A803FE85-50D9-4CCD-8FFC-F653A4BD73E3}.Release|x64.ActiveCfg = Release|Any CPU
		{A803FE85-50D9-4CCD-8FFC-F653A4BD73E3}.Release|x64.Build.0 = Release|Any CPU
		{A803FE85-50D9-4CCD-8FFC-F653A4BD73E3}.Release|x86.ActiveCfg = Release|Any CPU
		{A803FE85-50D9-4CCD-8FFC-F653A4BD73E3}.Release|x86.Build.0 = Release|Any CPU
		{574F9F99-A364-4225-B28E-1037A37703B4}.Debug|Any CPU.ActiveCfg = Debug|Any CPU
		{574F9F99-A364-4225-B28E-1037A37703B4}.Debug|Any CPU.Build.0 = Debug|Any CPU
		{574F9F99-A364-4225-B28E-1037A37703B4}.Debug|x64.ActiveCfg = Debug|Any CPU
		{574F9F99-A364-4225-B28E-1037A37703B4}.Debug|x64.Build.0 = Debug|Any CPU
		{574F9F99-A364-4225-B28E-1037A37703B4}.Debug|x86.ActiveCfg = Debug|Any CPU
		{574F9F99-A364-4225-B28E-1037A37703B4}.Debug|x86.Build.0 = Debug|Any CPU
		{574F9F99-A364-4225-B28E-1037A37703B4}.RaspberryPi|Any CPU.ActiveCfg = Release|Any CPU
		{574F9F99-A364-4225-B28E-1037A37703B4}.RaspberryPi|Any CPU.Build.0 = Release|Any CPU
		{574F9F99-A364-4225-B28E-1037A37703B4}.RaspberryPi|x64.ActiveCfg = Release|Any CPU
		{574F9F99-A364-4225-B28E-1037A37703B4}.RaspberryPi|x64.Build.0 = Release|Any CPU
		{574F9F99-A364-4225-B28E-1037A37703B4}.RaspberryPi|x86.ActiveCfg = Release|Any CPU
		{574F9F99-A364-4225-B28E-1037A37703B4}.RaspberryPi|x86.Build.0 = Release|Any CPU
		{574F9F99-A364-4225-B28E-1037A37703B4}.Release|Any CPU.ActiveCfg = Release|Any CPU
		{574F9F99-A364-4225-B28E-1037A37703B4}.Release|Any CPU.Build.0 = Release|Any CPU
		{574F9F99-A364-4225-B28E-1037A37703B4}.Release|x64.ActiveCfg = Release|Any CPU
		{574F9F99-A364-4225-B28E-1037A37703B4}.Release|x64.Build.0 = Release|Any CPU
		{574F9F99-A364-4225-B28E-1037A37703B4}.Release|x86.ActiveCfg = Release|Any CPU
		{574F9F99-A364-4225-B28E-1037A37703B4}.Release|x86.Build.0 = Release|Any CPU
		{C378C917-F41D-4388-B467-EFD6677C4459}.Debug|Any CPU.ActiveCfg = Debug|Any CPU
		{C378C917-F41D-4388-B467-EFD6677C4459}.Debug|Any CPU.Build.0 = Debug|Any CPU
		{C378C917-F41D-4388-B467-EFD6677C4459}.Debug|x64.ActiveCfg = Debug|Any CPU
		{C378C917-F41D-4388-B467-EFD6677C4459}.Debug|x64.Build.0 = Debug|Any CPU
		{C378C917-F41D-4388-B467-EFD6677C4459}.Debug|x86.ActiveCfg = Debug|Any CPU
		{C378C917-F41D-4388-B467-EFD6677C4459}.Debug|x86.Build.0 = Debug|Any CPU
		{C378C917-F41D-4388-B467-EFD6677C4459}.RaspberryPi|Any CPU.ActiveCfg = Release|Any CPU
		{C378C917-F41D-4388-B467-EFD6677C4459}.RaspberryPi|Any CPU.Build.0 = Release|Any CPU
		{C378C917-F41D-4388-B467-EFD6677C4459}.RaspberryPi|x64.ActiveCfg = Release|Any CPU
		{C378C917-F41D-4388-B467-EFD6677C4459}.RaspberryPi|x64.Build.0 = Release|Any CPU
		{C378C917-F41D-4388-B467-EFD6677C4459}.RaspberryPi|x86.ActiveCfg = Release|Any CPU
		{C378C917-F41D-4388-B467-EFD6677C4459}.RaspberryPi|x86.Build.0 = Release|Any CPU
		{C378C917-F41D-4388-B467-EFD6677C4459}.Release|Any CPU.ActiveCfg = Release|Any CPU
		{C378C917-F41D-4388-B467-EFD6677C4459}.Release|Any CPU.Build.0 = Release|Any CPU
		{C378C917-F41D-4388-B467-EFD6677C4459}.Release|x64.ActiveCfg = Release|Any CPU
		{C378C917-F41D-4388-B467-EFD6677C4459}.Release|x64.Build.0 = Release|Any CPU
		{C378C917-F41D-4388-B467-EFD6677C4459}.Release|x86.ActiveCfg = Release|Any CPU
		{C378C917-F41D-4388-B467-EFD6677C4459}.Release|x86.Build.0 = Release|Any CPU
		{3272DE86-EAE8-4F72-9B6E-4F1E46CA38D7}.Debug|Any CPU.ActiveCfg = Debug|Any CPU
		{3272DE86-EAE8-4F72-9B6E-4F1E46CA38D7}.Debug|Any CPU.Build.0 = Debug|Any CPU
		{3272DE86-EAE8-4F72-9B6E-4F1E46CA38D7}.Debug|x64.ActiveCfg = Debug|Any CPU
		{3272DE86-EAE8-4F72-9B6E-4F1E46CA38D7}.Debug|x64.Build.0 = Debug|Any CPU
		{3272DE86-EAE8-4F72-9B6E-4F1E46CA38D7}.Debug|x86.ActiveCfg = Debug|Any CPU
		{3272DE86-EAE8-4F72-9B6E-4F1E46CA38D7}.Debug|x86.Build.0 = Debug|Any CPU
		{3272DE86-EAE8-4F72-9B6E-4F1E46CA38D7}.RaspberryPi|Any CPU.ActiveCfg = Release|Any CPU
		{3272DE86-EAE8-4F72-9B6E-4F1E46CA38D7}.RaspberryPi|Any CPU.Build.0 = Release|Any CPU
		{3272DE86-EAE8-4F72-9B6E-4F1E46CA38D7}.RaspberryPi|x64.ActiveCfg = Release|Any CPU
		{3272DE86-EAE8-4F72-9B6E-4F1E46CA38D7}.RaspberryPi|x64.Build.0 = Release|Any CPU
		{3272DE86-EAE8-4F72-9B6E-4F1E46CA38D7}.RaspberryPi|x86.ActiveCfg = Release|Any CPU
		{3272DE86-EAE8-4F72-9B6E-4F1E46CA38D7}.RaspberryPi|x86.Build.0 = Release|Any CPU
		{3272DE86-EAE8-4F72-9B6E-4F1E46CA38D7}.Release|Any CPU.ActiveCfg = Release|Any CPU
		{3272DE86-EAE8-4F72-9B6E-4F1E46CA38D7}.Release|Any CPU.Build.0 = Release|Any CPU
		{3272DE86-EAE8-4F72-9B6E-4F1E46CA38D7}.Release|x64.ActiveCfg = Release|Any CPU
		{3272DE86-EAE8-4F72-9B6E-4F1E46CA38D7}.Release|x64.Build.0 = Release|Any CPU
		{3272DE86-EAE8-4F72-9B6E-4F1E46CA38D7}.Release|x86.ActiveCfg = Release|Any CPU
		{3272DE86-EAE8-4F72-9B6E-4F1E46CA38D7}.Release|x86.Build.0 = Release|Any CPU
	EndGlobalSection
	GlobalSection(SolutionProperties) = preSolution
		HideSolutionNode = FALSE
	EndGlobalSection
	GlobalSection(NestedProjects) = preSolution
		{3DB16DB9-3144-4953-892E-77606701FFF8} = {8B8B3B78-F903-4847-9305-13D598E742B0}
		{30425912-50AE-4CAC-8A26-CF672F1D94F8} = {8B8B3B78-F903-4847-9305-13D598E742B0}
		{27874B2E-7FCC-4D11-A3A0-493E8A0EDEE7} = {8B8B3B78-F903-4847-9305-13D598E742B0}
	EndGlobalSection
EndGlobal
