
Microsoft Visual Studio Solution File, Format Version 12.00
# Visual Studio 14
VisualStudioVersion = 14.0.25420.1
MinimumVisualStudioVersion = 10.0.40219.1
Project("{FAE04EC0-301F-11D3-BF4B-00C04F79EFBC}") = "AdminDumpLog", "AdminDumpLog\AdminDumpLog.csproj", "{5B17F3FE-8CED-4DE6-BBBD-08C65B419F1D}"
EndProject
Project("{FAE04EC0-301F-11D3-BF4B-00C04F79EFBC}") = "Goedel.Persistence", "Goedel.Persistence\Goedel.Persistence.csproj", "{81E30B95-C59D-4A04-925E-85877FD37FDD}"
EndProject
Project("{FAE04EC0-301F-11D3-BF4B-00C04F79EFBC}") = "Goedel.Mesh", "Goedel.Mesh\Goedel.Mesh.csproj", "{0D8DD801-65D2-497C-8379-2D6ADF3867C3}"
EndProject
Project("{FAE04EC0-301F-11D3-BF4B-00C04F79EFBC}") = "Goedel.Mesh.Server", "Goedel.Mesh.Server\Goedel.Mesh.Server.csproj", "{F6343F1B-D03D-4965-9113-5120A8054E9E}"
EndProject
Project("{FAE04EC0-301F-11D3-BF4B-00C04F79EFBC}") = "RunMesh", "RunMesh\RunMesh.csproj", "{BFFBF220-972F-4E71-8EBC-F92AEC7AC178}"
EndProject
Project("{FAE04EC0-301F-11D3-BF4B-00C04F79EFBC}") = "ServerMesh", "ServerMesh\ServerMesh.csproj", "{98BCF5B8-9232-437B-A2FA-BA769BF4D982}"
	ProjectSection(ProjectDependencies) = postProject
		{BFFBF220-972F-4E71-8EBC-F92AEC7AC178} = {BFFBF220-972F-4E71-8EBC-F92AEC7AC178}
		{5B17F3FE-8CED-4DE6-BBBD-08C65B419F1D} = {5B17F3FE-8CED-4DE6-BBBD-08C65B419F1D}
	EndProjectSection
EndProject
Project("{2150E333-8FDC-42A3-9474-1A3956D46DE8}") = "Solution Items", "Solution Items", "{9456E6EC-9DBB-4AA7-8AEC-A98A83D8D3CD}"
	ProjectSection(SolutionItems) = preProject
		.gitignore = .gitignore
		Configuration.md = Configuration.md
		Debugging.md = Debugging.md
		make.log = make.log
		Makefile = Makefile
		prebuild.bat = prebuild.bat
		StartExamples.md = StartExamples.md
		ToDo.md = ToDo.md
		visualstudio.md = visualstudio.md
	EndProjectSection
EndProject
Project("{930C7802-8A8C-48F9-8165-68863BCCD9DD}") = "InstallerMesh", "Installer\InstallerMesh.wixproj", "{AF1A5C5E-4FD1-4BCC-9C96-7D145E5A4EB3}"
EndProject
Project("{2150E333-8FDC-42A3-9474-1A3956D46DE8}") = "TestTrojan", "TestTrojan", "{8B8B3B78-F903-4847-9305-13D598E742B0}"
	ProjectSection(SolutionItems) = preProject
		GTK Crib Sheet.txt = GTK Crib Sheet.txt
		ToDo.md.html = ToDo.md.html
	EndProjectSection
EndProject
Project("{FAE04EC0-301F-11D3-BF4B-00C04F79EFBC}") = "Goedel.Mesh.Client", "Goedel.Mesh.Client\Goedel.Mesh.Client.csproj", "{A803FE85-50D9-4CCD-8FFC-F653A4BD73E3}"
EndProject
Project("{FAE04EC0-301F-11D3-BF4B-00C04F79EFBC}") = "Goedel.Platform.Windows", "Goedel.Platform.Windows\Goedel.Platform.Windows.csproj", "{574F9F99-A364-4225-B28E-1037A37703B4}"
EndProject
Project("{FAE04EC0-301F-11D3-BF4B-00C04F79EFBC}") = "Goedel.Mesh.Platform.Windows", "Goedel.Mesh.Platform.Windows\Goedel.Mesh.Platform.Windows.csproj", "{C378C917-F41D-4388-B467-EFD6677C4459}"
EndProject
Project("{2150E333-8FDC-42A3-9474-1A3956D46DE8}") = "Libraries", "Libraries", "{6701013C-C37E-4EFB-8075-899D2941EE6A}"
EndProject
Project("{2150E333-8FDC-42A3-9474-1A3956D46DE8}") = "Documentation", "Documentation", "{ED594FED-B95F-4EF7-8818-F7D8593BD371}"
EndProject
Project("{FAE04EC0-301F-11D3-BF4B-00C04F79EFBC}") = "Specification", "Documentation\Specification\Specification.csproj", "{C26ACE75-2B6C-4553-944B-2C95986E103A}"
EndProject
Project("{7CF6DF6D-3B04-46F8-A40B-537D21BCA0B4}") = "MeshLibraries", "Documentation\MeshLibraries\MeshLibraries.shfbproj", "{6A14BB38-B57F-4F1F-B392-E7DB6EF160FD}"
	ProjectSection(ProjectDependencies) = postProject
		{0D8DD801-65D2-497C-8379-2D6ADF3867C3} = {0D8DD801-65D2-497C-8379-2D6ADF3867C3}
		{C378C917-F41D-4388-B467-EFD6677C4459} = {C378C917-F41D-4388-B467-EFD6677C4459}
		{F6343F1B-D03D-4965-9113-5120A8054E9E} = {F6343F1B-D03D-4965-9113-5120A8054E9E}
		{A803FE85-50D9-4CCD-8FFC-F653A4BD73E3} = {A803FE85-50D9-4CCD-8FFC-F653A4BD73E3}
		{81E30B95-C59D-4A04-925E-85877FD37FDD} = {81E30B95-C59D-4A04-925E-85877FD37FDD}
		{574F9F99-A364-4225-B28E-1037A37703B4} = {574F9F99-A364-4225-B28E-1037A37703B4}
	EndProjectSection
EndProject
Project("{2150E333-8FDC-42A3-9474-1A3956D46DE8}") = "Shells", "Shells", "{363B3D86-F9EF-4AE3-978A-809EAE1796AF}"
EndProject
Project("{2150E333-8FDC-42A3-9474-1A3956D46DE8}") = "Distribution", "Distribution", "{8349D92A-1E71-4046-A5FE-3C6401C397B3}"
EndProject
Project("{FAE04EC0-301F-11D3-BF4B-00C04F79EFBC}") = "Goedel.Mesh.Shell.MeshMan", "Goedel.Mesh.Shell.MeshMan\Goedel.Mesh.Shell.MeshMan.csproj", "{64EF7E6F-1D8E-449C-90E7-5C974E50533F}"
EndProject
Project("{FAE04EC0-301F-11D3-BF4B-00C04F79EFBC}") = "Goedel.Mesh.Platform", "Goedel.Mesh.Platform\Goedel.Mesh.Platform.csproj", "{90E3D724-811E-41CB-AE8D-91FD0677187C}"
EndProject
Project("{FAE04EC0-301F-11D3-BF4B-00C04F79EFBC}") = "meshman_windows", "meshman_windows\meshman_windows.csproj", "{C99A9102-88F3-4E35-9590-D75E608094FF}"
EndProject
Project("{FAE04EC0-301F-11D3-BF4B-00C04F79EFBC}") = "meshman_linux", "meshman_linux\meshman_linux.csproj", "{A9D15C4A-4B6B-4385-ABBF-B6932E66E3CF}"
EndProject
Project("{FAE04EC0-301F-11D3-BF4B-00C04F79EFBC}") = "meshman_osx", "meshman_osx\meshman_osx.csproj", "{4EABF69F-E836-4B11-8C0F-ACF8E771892B}"
EndProject
Project("{2150E333-8FDC-42A3-9474-1A3956D46DE8}") = "Testing", "Testing", "{BA78A14B-7C32-4A9D-BB9B-BA5F32AA4721}"
EndProject
Project("{FAE04EC0-301F-11D3-BF4B-00C04F79EFBC}") = "TestMeshLib (Obsolete)", "TestMeshLib\TestMeshLib (Obsolete).csproj", "{58F7E680-361B-4588-A60F-4BB4B9482ED8}"
EndProject
Project("{FAE04EC0-301F-11D3-BF4B-00C04F79EFBC}") = "Test.Goedel.Mesh.Mail", "Testing\Test.Goedel.Mesh.Mail\Test.Goedel.Mesh.Mail.csproj", "{0C481A2C-5B51-419D-B4A4-D519573A21FC}"
EndProject
Project("{FAE04EC0-301F-11D3-BF4B-00C04F79EFBC}") = "Test.Goedel.Mesh.Profile", "Testing\Test.Goedel.Mesh.Profile\Test.Goedel.Mesh.Profile.csproj", "{B2A06A39-87E7-4A01-A494-AF493A48B969}"
EndProject
Project("{FAE04EC0-301F-11D3-BF4B-00C04F79EFBC}") = "Test.Goedel.Mesh.Recrypt", "Testing\Test.Goedel.Mesh.Recrypt\Test.Goedel.Mesh.Recrypt.csproj", "{C7CD8096-9B18-4237-BD94-C4DD8F90852D}"
EndProject
Project("{FAE04EC0-301F-11D3-BF4B-00C04F79EFBC}") = "Test.Goedel.Mesh.SSH", "Testing\Test.Goedel.Mesh.SSH\Test.Goedel.Mesh.SSH.csproj", "{DCABAE8E-3847-4403-91AF-C14B58EF0491}"
EndProject
Project("{FAE04EC0-301F-11D3-BF4B-00C04F79EFBC}") = "Test.Goedel.Mesh.Web", "Testing\Test.Goedel.Mesh.Web\Test.Goedel.Mesh.Web.csproj", "{91DDE8D1-BFEF-450A-83EF-2127D5E81700}"
EndProject
Project("{FAE04EC0-301F-11D3-BF4B-00C04F79EFBC}") = "Test.Goedel.Mesh.Confirm", "Testing\Test.Goedel.Mesh.Confirm\Test.Goedel.Mesh.Confirm.csproj", "{E5220FE0-039D-4589-AA94-DF3A91B07A60}"
EndProject
Project("{FAE04EC0-301F-11D3-BF4B-00C04F79EFBC}") = "Test.Goedel.Mesh.Services", "Testing\Test.Goedel.Mesh.Services\Test.Goedel.Mesh.Services.csproj", "{2D02C81B-7A18-4C5D-932E-9C171F0F7E6C}"
EndProject
Project("{FAE04EC0-301F-11D3-BF4B-00C04F79EFBC}") = "Test.Goedel.Mesh.Network", "Testing\Test.Goedel.Mesh.Network\Test.Goedel.Mesh.Network.csproj", "{04F1504E-74C1-4BA4-96FD-5A51B5AD585F}"
EndProject
Project("{FAE04EC0-301F-11D3-BF4B-00C04F79EFBC}") = "Test.Goedel.Mesh.Proxy", "Testing\Test.Goedel.Mesh.Proxy\Test.Goedel.Mesh.Proxy.csproj", "{62AA43F3-3F25-47CB-9E37-27D331A2DDDF}"
EndProject
Global
	GlobalSection(SolutionConfigurationPlatforms) = preSolution
		Debug|Any CPU = Debug|Any CPU
		Debug|x64 = Debug|x64
		Debug|x86 = Debug|x86
		Publish|Any CPU = Publish|Any CPU
		Publish|x64 = Publish|x64
		Publish|x86 = Publish|x86
		RaspberryPi|Any CPU = RaspberryPi|Any CPU
		RaspberryPi|x64 = RaspberryPi|x64
		RaspberryPi|x86 = RaspberryPi|x86
		Release|Any CPU = Release|Any CPU
		Release|x64 = Release|x64
		Release|x86 = Release|x86
	EndGlobalSection
	GlobalSection(ProjectConfigurationPlatforms) = postSolution
		{5B17F3FE-8CED-4DE6-BBBD-08C65B419F1D}.Debug|Any CPU.ActiveCfg = Debug|Any CPU
		{5B17F3FE-8CED-4DE6-BBBD-08C65B419F1D}.Debug|Any CPU.Build.0 = Debug|Any CPU
		{5B17F3FE-8CED-4DE6-BBBD-08C65B419F1D}.Debug|x64.ActiveCfg = Debug|Any CPU
		{5B17F3FE-8CED-4DE6-BBBD-08C65B419F1D}.Debug|x64.Build.0 = Debug|Any CPU
		{5B17F3FE-8CED-4DE6-BBBD-08C65B419F1D}.Debug|x86.ActiveCfg = Debug|Any CPU
		{5B17F3FE-8CED-4DE6-BBBD-08C65B419F1D}.Debug|x86.Build.0 = Debug|Any CPU
		{5B17F3FE-8CED-4DE6-BBBD-08C65B419F1D}.Publish|Any CPU.ActiveCfg = Publish|Any CPU
		{5B17F3FE-8CED-4DE6-BBBD-08C65B419F1D}.Publish|x64.ActiveCfg = Publish|Any CPU
		{5B17F3FE-8CED-4DE6-BBBD-08C65B419F1D}.Publish|x64.Build.0 = Publish|Any CPU
		{5B17F3FE-8CED-4DE6-BBBD-08C65B419F1D}.Publish|x86.ActiveCfg = Publish|Any CPU
		{5B17F3FE-8CED-4DE6-BBBD-08C65B419F1D}.Publish|x86.Build.0 = Publish|Any CPU
		{5B17F3FE-8CED-4DE6-BBBD-08C65B419F1D}.RaspberryPi|Any CPU.ActiveCfg = Release|Any CPU
		{5B17F3FE-8CED-4DE6-BBBD-08C65B419F1D}.RaspberryPi|Any CPU.Build.0 = Release|Any CPU
		{5B17F3FE-8CED-4DE6-BBBD-08C65B419F1D}.RaspberryPi|x64.ActiveCfg = Release|Any CPU
		{5B17F3FE-8CED-4DE6-BBBD-08C65B419F1D}.RaspberryPi|x64.Build.0 = Release|Any CPU
		{5B17F3FE-8CED-4DE6-BBBD-08C65B419F1D}.RaspberryPi|x86.ActiveCfg = Release|Any CPU
		{5B17F3FE-8CED-4DE6-BBBD-08C65B419F1D}.RaspberryPi|x86.Build.0 = Release|Any CPU
		{5B17F3FE-8CED-4DE6-BBBD-08C65B419F1D}.Release|Any CPU.ActiveCfg = Release|Any CPU
		{5B17F3FE-8CED-4DE6-BBBD-08C65B419F1D}.Release|Any CPU.Build.0 = Release|Any CPU
		{5B17F3FE-8CED-4DE6-BBBD-08C65B419F1D}.Release|x64.ActiveCfg = Release|Any CPU
		{5B17F3FE-8CED-4DE6-BBBD-08C65B419F1D}.Release|x64.Build.0 = Release|Any CPU
		{5B17F3FE-8CED-4DE6-BBBD-08C65B419F1D}.Release|x86.ActiveCfg = Release|Any CPU
		{5B17F3FE-8CED-4DE6-BBBD-08C65B419F1D}.Release|x86.Build.0 = Release|Any CPU
		{81E30B95-C59D-4A04-925E-85877FD37FDD}.Debug|Any CPU.ActiveCfg = Debug|Any CPU
		{81E30B95-C59D-4A04-925E-85877FD37FDD}.Debug|Any CPU.Build.0 = Debug|Any CPU
		{81E30B95-C59D-4A04-925E-85877FD37FDD}.Debug|x64.ActiveCfg = Debug|x64
		{81E30B95-C59D-4A04-925E-85877FD37FDD}.Debug|x64.Build.0 = Debug|x64
		{81E30B95-C59D-4A04-925E-85877FD37FDD}.Debug|x86.ActiveCfg = Debug|Any CPU
		{81E30B95-C59D-4A04-925E-85877FD37FDD}.Debug|x86.Build.0 = Debug|Any CPU
		{81E30B95-C59D-4A04-925E-85877FD37FDD}.Publish|Any CPU.ActiveCfg = Publish|Any CPU
		{81E30B95-C59D-4A04-925E-85877FD37FDD}.Publish|Any CPU.Build.0 = Publish|Any CPU
		{81E30B95-C59D-4A04-925E-85877FD37FDD}.Publish|x64.ActiveCfg = Publish|x64
		{81E30B95-C59D-4A04-925E-85877FD37FDD}.Publish|x64.Build.0 = Publish|x64
		{81E30B95-C59D-4A04-925E-85877FD37FDD}.Publish|x86.ActiveCfg = Publish|Any CPU
		{81E30B95-C59D-4A04-925E-85877FD37FDD}.Publish|x86.Build.0 = Publish|Any CPU
		{81E30B95-C59D-4A04-925E-85877FD37FDD}.RaspberryPi|Any CPU.ActiveCfg = RaspberryPi|Any CPU
		{81E30B95-C59D-4A04-925E-85877FD37FDD}.RaspberryPi|Any CPU.Build.0 = RaspberryPi|Any CPU
		{81E30B95-C59D-4A04-925E-85877FD37FDD}.RaspberryPi|x64.ActiveCfg = RaspberryPi|x64
		{81E30B95-C59D-4A04-925E-85877FD37FDD}.RaspberryPi|x64.Build.0 = RaspberryPi|x64
		{81E30B95-C59D-4A04-925E-85877FD37FDD}.RaspberryPi|x86.ActiveCfg = RaspberryPi|Any CPU
		{81E30B95-C59D-4A04-925E-85877FD37FDD}.RaspberryPi|x86.Build.0 = RaspberryPi|Any CPU
		{81E30B95-C59D-4A04-925E-85877FD37FDD}.Release|Any CPU.ActiveCfg = Release|Any CPU
		{81E30B95-C59D-4A04-925E-85877FD37FDD}.Release|Any CPU.Build.0 = Release|Any CPU
		{81E30B95-C59D-4A04-925E-85877FD37FDD}.Release|x64.ActiveCfg = Release|x64
		{81E30B95-C59D-4A04-925E-85877FD37FDD}.Release|x64.Build.0 = Release|x64
		{81E30B95-C59D-4A04-925E-85877FD37FDD}.Release|x86.ActiveCfg = Release|Any CPU
		{81E30B95-C59D-4A04-925E-85877FD37FDD}.Release|x86.Build.0 = Release|Any CPU
		{0D8DD801-65D2-497C-8379-2D6ADF3867C3}.Debug|Any CPU.ActiveCfg = Debug|Any CPU
		{0D8DD801-65D2-497C-8379-2D6ADF3867C3}.Debug|Any CPU.Build.0 = Debug|Any CPU
		{0D8DD801-65D2-497C-8379-2D6ADF3867C3}.Debug|x64.ActiveCfg = Debug|Any CPU
		{0D8DD801-65D2-497C-8379-2D6ADF3867C3}.Debug|x64.Build.0 = Debug|Any CPU
		{0D8DD801-65D2-497C-8379-2D6ADF3867C3}.Debug|x86.ActiveCfg = Debug|Any CPU
		{0D8DD801-65D2-497C-8379-2D6ADF3867C3}.Debug|x86.Build.0 = Debug|Any CPU
		{0D8DD801-65D2-497C-8379-2D6ADF3867C3}.Publish|Any CPU.ActiveCfg = Publish|Any CPU
		{0D8DD801-65D2-497C-8379-2D6ADF3867C3}.Publish|Any CPU.Build.0 = Publish|Any CPU
		{0D8DD801-65D2-497C-8379-2D6ADF3867C3}.Publish|x64.ActiveCfg = Publish|Any CPU
		{0D8DD801-65D2-497C-8379-2D6ADF3867C3}.Publish|x64.Build.0 = Publish|Any CPU
		{0D8DD801-65D2-497C-8379-2D6ADF3867C3}.Publish|x86.ActiveCfg = Publish|Any CPU
		{0D8DD801-65D2-497C-8379-2D6ADF3867C3}.Publish|x86.Build.0 = Publish|Any CPU
		{0D8DD801-65D2-497C-8379-2D6ADF3867C3}.RaspberryPi|Any CPU.ActiveCfg = RaspberryPi|Any CPU
		{0D8DD801-65D2-497C-8379-2D6ADF3867C3}.RaspberryPi|Any CPU.Build.0 = RaspberryPi|Any CPU
		{0D8DD801-65D2-497C-8379-2D6ADF3867C3}.RaspberryPi|x64.ActiveCfg = RaspberryPi|Any CPU
		{0D8DD801-65D2-497C-8379-2D6ADF3867C3}.RaspberryPi|x64.Build.0 = RaspberryPi|Any CPU
		{0D8DD801-65D2-497C-8379-2D6ADF3867C3}.RaspberryPi|x86.ActiveCfg = RaspberryPi|Any CPU
		{0D8DD801-65D2-497C-8379-2D6ADF3867C3}.RaspberryPi|x86.Build.0 = RaspberryPi|Any CPU
		{0D8DD801-65D2-497C-8379-2D6ADF3867C3}.Release|Any CPU.ActiveCfg = Release|Any CPU
		{0D8DD801-65D2-497C-8379-2D6ADF3867C3}.Release|Any CPU.Build.0 = Release|Any CPU
		{0D8DD801-65D2-497C-8379-2D6ADF3867C3}.Release|x64.ActiveCfg = Release|Any CPU
		{0D8DD801-65D2-497C-8379-2D6ADF3867C3}.Release|x64.Build.0 = Release|Any CPU
		{0D8DD801-65D2-497C-8379-2D6ADF3867C3}.Release|x86.ActiveCfg = Release|Any CPU
		{0D8DD801-65D2-497C-8379-2D6ADF3867C3}.Release|x86.Build.0 = Release|Any CPU
		{F6343F1B-D03D-4965-9113-5120A8054E9E}.Debug|Any CPU.ActiveCfg = Debug|Any CPU
		{F6343F1B-D03D-4965-9113-5120A8054E9E}.Debug|Any CPU.Build.0 = Debug|Any CPU
		{F6343F1B-D03D-4965-9113-5120A8054E9E}.Debug|x64.ActiveCfg = Debug|Any CPU
		{F6343F1B-D03D-4965-9113-5120A8054E9E}.Debug|x64.Build.0 = Debug|Any CPU
		{F6343F1B-D03D-4965-9113-5120A8054E9E}.Debug|x86.ActiveCfg = Debug|Any CPU
		{F6343F1B-D03D-4965-9113-5120A8054E9E}.Debug|x86.Build.0 = Debug|Any CPU
		{F6343F1B-D03D-4965-9113-5120A8054E9E}.Publish|Any CPU.ActiveCfg = Publish|Any CPU
		{F6343F1B-D03D-4965-9113-5120A8054E9E}.Publish|Any CPU.Build.0 = Publish|Any CPU
		{F6343F1B-D03D-4965-9113-5120A8054E9E}.Publish|x64.ActiveCfg = Publish|Any CPU
		{F6343F1B-D03D-4965-9113-5120A8054E9E}.Publish|x64.Build.0 = Publish|Any CPU
		{F6343F1B-D03D-4965-9113-5120A8054E9E}.Publish|x86.ActiveCfg = Publish|Any CPU
		{F6343F1B-D03D-4965-9113-5120A8054E9E}.Publish|x86.Build.0 = Publish|Any CPU
		{F6343F1B-D03D-4965-9113-5120A8054E9E}.RaspberryPi|Any CPU.ActiveCfg = Release|Any CPU
		{F6343F1B-D03D-4965-9113-5120A8054E9E}.RaspberryPi|Any CPU.Build.0 = Release|Any CPU
		{F6343F1B-D03D-4965-9113-5120A8054E9E}.RaspberryPi|x64.ActiveCfg = Release|Any CPU
		{F6343F1B-D03D-4965-9113-5120A8054E9E}.RaspberryPi|x64.Build.0 = Release|Any CPU
		{F6343F1B-D03D-4965-9113-5120A8054E9E}.RaspberryPi|x86.ActiveCfg = Release|Any CPU
		{F6343F1B-D03D-4965-9113-5120A8054E9E}.RaspberryPi|x86.Build.0 = Release|Any CPU
		{F6343F1B-D03D-4965-9113-5120A8054E9E}.Release|Any CPU.ActiveCfg = Release|Any CPU
		{F6343F1B-D03D-4965-9113-5120A8054E9E}.Release|Any CPU.Build.0 = Release|Any CPU
		{F6343F1B-D03D-4965-9113-5120A8054E9E}.Release|x64.ActiveCfg = Release|Any CPU
		{F6343F1B-D03D-4965-9113-5120A8054E9E}.Release|x64.Build.0 = Release|Any CPU
		{F6343F1B-D03D-4965-9113-5120A8054E9E}.Release|x86.ActiveCfg = Release|Any CPU
		{F6343F1B-D03D-4965-9113-5120A8054E9E}.Release|x86.Build.0 = Release|Any CPU
		{BFFBF220-972F-4E71-8EBC-F92AEC7AC178}.Debug|Any CPU.ActiveCfg = Debug|Any CPU
		{BFFBF220-972F-4E71-8EBC-F92AEC7AC178}.Debug|Any CPU.Build.0 = Debug|Any CPU
		{BFFBF220-972F-4E71-8EBC-F92AEC7AC178}.Debug|x64.ActiveCfg = Debug|Any CPU
		{BFFBF220-972F-4E71-8EBC-F92AEC7AC178}.Debug|x64.Build.0 = Debug|Any CPU
		{BFFBF220-972F-4E71-8EBC-F92AEC7AC178}.Debug|x86.ActiveCfg = Debug|Any CPU
		{BFFBF220-972F-4E71-8EBC-F92AEC7AC178}.Debug|x86.Build.0 = Debug|Any CPU
		{BFFBF220-972F-4E71-8EBC-F92AEC7AC178}.Publish|Any CPU.ActiveCfg = Publish|Any CPU
		{BFFBF220-972F-4E71-8EBC-F92AEC7AC178}.Publish|x64.ActiveCfg = Publish|Any CPU
		{BFFBF220-972F-4E71-8EBC-F92AEC7AC178}.Publish|x64.Build.0 = Publish|Any CPU
		{BFFBF220-972F-4E71-8EBC-F92AEC7AC178}.Publish|x86.ActiveCfg = Publish|Any CPU
		{BFFBF220-972F-4E71-8EBC-F92AEC7AC178}.Publish|x86.Build.0 = Publish|Any CPU
		{BFFBF220-972F-4E71-8EBC-F92AEC7AC178}.RaspberryPi|Any CPU.ActiveCfg = RaspberryPi|Any CPU
		{BFFBF220-972F-4E71-8EBC-F92AEC7AC178}.RaspberryPi|Any CPU.Build.0 = RaspberryPi|Any CPU
		{BFFBF220-972F-4E71-8EBC-F92AEC7AC178}.RaspberryPi|x64.ActiveCfg = RaspberryPi|Any CPU
		{BFFBF220-972F-4E71-8EBC-F92AEC7AC178}.RaspberryPi|x64.Build.0 = RaspberryPi|Any CPU
		{BFFBF220-972F-4E71-8EBC-F92AEC7AC178}.RaspberryPi|x86.ActiveCfg = RaspberryPi|Any CPU
		{BFFBF220-972F-4E71-8EBC-F92AEC7AC178}.RaspberryPi|x86.Build.0 = RaspberryPi|Any CPU
		{BFFBF220-972F-4E71-8EBC-F92AEC7AC178}.Release|Any CPU.ActiveCfg = Release|Any CPU
		{BFFBF220-972F-4E71-8EBC-F92AEC7AC178}.Release|Any CPU.Build.0 = Release|Any CPU
		{BFFBF220-972F-4E71-8EBC-F92AEC7AC178}.Release|x64.ActiveCfg = Release|Any CPU
		{BFFBF220-972F-4E71-8EBC-F92AEC7AC178}.Release|x64.Build.0 = Release|Any CPU
		{BFFBF220-972F-4E71-8EBC-F92AEC7AC178}.Release|x86.ActiveCfg = Release|Any CPU
		{BFFBF220-972F-4E71-8EBC-F92AEC7AC178}.Release|x86.Build.0 = Release|Any CPU
		{98BCF5B8-9232-437B-A2FA-BA769BF4D982}.Debug|Any CPU.ActiveCfg = Debug|Any CPU
		{98BCF5B8-9232-437B-A2FA-BA769BF4D982}.Debug|Any CPU.Build.0 = Debug|Any CPU
		{98BCF5B8-9232-437B-A2FA-BA769BF4D982}.Debug|x64.ActiveCfg = Debug|Any CPU
		{98BCF5B8-9232-437B-A2FA-BA769BF4D982}.Debug|x64.Build.0 = Debug|Any CPU
		{98BCF5B8-9232-437B-A2FA-BA769BF4D982}.Debug|x86.ActiveCfg = Debug|Any CPU
		{98BCF5B8-9232-437B-A2FA-BA769BF4D982}.Debug|x86.Build.0 = Debug|Any CPU
		{98BCF5B8-9232-437B-A2FA-BA769BF4D982}.Publish|Any CPU.ActiveCfg = Publish|Any CPU
		{98BCF5B8-9232-437B-A2FA-BA769BF4D982}.Publish|x64.ActiveCfg = Publish|Any CPU
		{98BCF5B8-9232-437B-A2FA-BA769BF4D982}.Publish|x64.Build.0 = Publish|Any CPU
		{98BCF5B8-9232-437B-A2FA-BA769BF4D982}.Publish|x86.ActiveCfg = Publish|Any CPU
		{98BCF5B8-9232-437B-A2FA-BA769BF4D982}.Publish|x86.Build.0 = Publish|Any CPU
		{98BCF5B8-9232-437B-A2FA-BA769BF4D982}.RaspberryPi|Any CPU.ActiveCfg = Release|Any CPU
		{98BCF5B8-9232-437B-A2FA-BA769BF4D982}.RaspberryPi|Any CPU.Build.0 = Release|Any CPU
		{98BCF5B8-9232-437B-A2FA-BA769BF4D982}.RaspberryPi|x64.ActiveCfg = Release|Any CPU
		{98BCF5B8-9232-437B-A2FA-BA769BF4D982}.RaspberryPi|x64.Build.0 = Release|Any CPU
		{98BCF5B8-9232-437B-A2FA-BA769BF4D982}.RaspberryPi|x86.ActiveCfg = Release|Any CPU
		{98BCF5B8-9232-437B-A2FA-BA769BF4D982}.RaspberryPi|x86.Build.0 = Release|Any CPU
		{98BCF5B8-9232-437B-A2FA-BA769BF4D982}.Release|Any CPU.ActiveCfg = Release|Any CPU
		{98BCF5B8-9232-437B-A2FA-BA769BF4D982}.Release|Any CPU.Build.0 = Release|Any CPU
		{98BCF5B8-9232-437B-A2FA-BA769BF4D982}.Release|x64.ActiveCfg = Release|Any CPU
		{98BCF5B8-9232-437B-A2FA-BA769BF4D982}.Release|x64.Build.0 = Release|Any CPU
		{98BCF5B8-9232-437B-A2FA-BA769BF4D982}.Release|x86.ActiveCfg = Release|Any CPU
		{98BCF5B8-9232-437B-A2FA-BA769BF4D982}.Release|x86.Build.0 = Release|Any CPU
		{AF1A5C5E-4FD1-4BCC-9C96-7D145E5A4EB3}.Debug|Any CPU.ActiveCfg = Debug|x86
		{AF1A5C5E-4FD1-4BCC-9C96-7D145E5A4EB3}.Debug|x64.ActiveCfg = Debug|x86
		{AF1A5C5E-4FD1-4BCC-9C96-7D145E5A4EB3}.Debug|x86.ActiveCfg = Debug|x86
		{AF1A5C5E-4FD1-4BCC-9C96-7D145E5A4EB3}.Debug|x86.Build.0 = Debug|x86
		{AF1A5C5E-4FD1-4BCC-9C96-7D145E5A4EB3}.Publish|Any CPU.ActiveCfg = Release|x86
		{AF1A5C5E-4FD1-4BCC-9C96-7D145E5A4EB3}.Publish|x64.ActiveCfg = Release|x86
		{AF1A5C5E-4FD1-4BCC-9C96-7D145E5A4EB3}.Publish|x64.Build.0 = Release|x86
		{AF1A5C5E-4FD1-4BCC-9C96-7D145E5A4EB3}.Publish|x86.ActiveCfg = Release|x86
		{AF1A5C5E-4FD1-4BCC-9C96-7D145E5A4EB3}.Publish|x86.Build.0 = Release|x86
		{AF1A5C5E-4FD1-4BCC-9C96-7D145E5A4EB3}.RaspberryPi|Any CPU.ActiveCfg = Release|x86
		{AF1A5C5E-4FD1-4BCC-9C96-7D145E5A4EB3}.RaspberryPi|Any CPU.Build.0 = Release|x86
		{AF1A5C5E-4FD1-4BCC-9C96-7D145E5A4EB3}.RaspberryPi|x64.ActiveCfg = Release|x86
		{AF1A5C5E-4FD1-4BCC-9C96-7D145E5A4EB3}.RaspberryPi|x64.Build.0 = Release|x86
		{AF1A5C5E-4FD1-4BCC-9C96-7D145E5A4EB3}.RaspberryPi|x86.ActiveCfg = Release|x86
		{AF1A5C5E-4FD1-4BCC-9C96-7D145E5A4EB3}.RaspberryPi|x86.Build.0 = Release|x86
		{AF1A5C5E-4FD1-4BCC-9C96-7D145E5A4EB3}.Release|Any CPU.ActiveCfg = Release|x86
		{AF1A5C5E-4FD1-4BCC-9C96-7D145E5A4EB3}.Release|x64.ActiveCfg = Release|x86
		{AF1A5C5E-4FD1-4BCC-9C96-7D145E5A4EB3}.Release|x86.ActiveCfg = Release|x86
		{AF1A5C5E-4FD1-4BCC-9C96-7D145E5A4EB3}.Release|x86.Build.0 = Release|x86
		{A803FE85-50D9-4CCD-8FFC-F653A4BD73E3}.Debug|Any CPU.ActiveCfg = Debug|Any CPU
		{A803FE85-50D9-4CCD-8FFC-F653A4BD73E3}.Debug|Any CPU.Build.0 = Debug|Any CPU
		{A803FE85-50D9-4CCD-8FFC-F653A4BD73E3}.Debug|x64.ActiveCfg = Debug|Any CPU
		{A803FE85-50D9-4CCD-8FFC-F653A4BD73E3}.Debug|x64.Build.0 = Debug|Any CPU
		{A803FE85-50D9-4CCD-8FFC-F653A4BD73E3}.Debug|x86.ActiveCfg = Debug|Any CPU
		{A803FE85-50D9-4CCD-8FFC-F653A4BD73E3}.Debug|x86.Build.0 = Debug|Any CPU
		{A803FE85-50D9-4CCD-8FFC-F653A4BD73E3}.Publish|Any CPU.ActiveCfg = Publish|Any CPU
		{A803FE85-50D9-4CCD-8FFC-F653A4BD73E3}.Publish|Any CPU.Build.0 = Publish|Any CPU
		{A803FE85-50D9-4CCD-8FFC-F653A4BD73E3}.Publish|x64.ActiveCfg = Publish|Any CPU
		{A803FE85-50D9-4CCD-8FFC-F653A4BD73E3}.Publish|x64.Build.0 = Publish|Any CPU
		{A803FE85-50D9-4CCD-8FFC-F653A4BD73E3}.Publish|x86.ActiveCfg = Publish|Any CPU
		{A803FE85-50D9-4CCD-8FFC-F653A4BD73E3}.Publish|x86.Build.0 = Publish|Any CPU
		{A803FE85-50D9-4CCD-8FFC-F653A4BD73E3}.RaspberryPi|Any CPU.ActiveCfg = Release|Any CPU
		{A803FE85-50D9-4CCD-8FFC-F653A4BD73E3}.RaspberryPi|Any CPU.Build.0 = Release|Any CPU
		{A803FE85-50D9-4CCD-8FFC-F653A4BD73E3}.RaspberryPi|x64.ActiveCfg = Release|Any CPU
		{A803FE85-50D9-4CCD-8FFC-F653A4BD73E3}.RaspberryPi|x64.Build.0 = Release|Any CPU
		{A803FE85-50D9-4CCD-8FFC-F653A4BD73E3}.RaspberryPi|x86.ActiveCfg = Release|Any CPU
		{A803FE85-50D9-4CCD-8FFC-F653A4BD73E3}.RaspberryPi|x86.Build.0 = Release|Any CPU
		{A803FE85-50D9-4CCD-8FFC-F653A4BD73E3}.Release|Any CPU.ActiveCfg = Release|Any CPU
		{A803FE85-50D9-4CCD-8FFC-F653A4BD73E3}.Release|Any CPU.Build.0 = Release|Any CPU
		{A803FE85-50D9-4CCD-8FFC-F653A4BD73E3}.Release|x64.ActiveCfg = Release|Any CPU
		{A803FE85-50D9-4CCD-8FFC-F653A4BD73E3}.Release|x64.Build.0 = Release|Any CPU
		{A803FE85-50D9-4CCD-8FFC-F653A4BD73E3}.Release|x86.ActiveCfg = Release|Any CPU
		{A803FE85-50D9-4CCD-8FFC-F653A4BD73E3}.Release|x86.Build.0 = Release|Any CPU
		{574F9F99-A364-4225-B28E-1037A37703B4}.Debug|Any CPU.ActiveCfg = Debug|Any CPU
		{574F9F99-A364-4225-B28E-1037A37703B4}.Debug|Any CPU.Build.0 = Debug|Any CPU
		{574F9F99-A364-4225-B28E-1037A37703B4}.Debug|x64.ActiveCfg = Debug|Any CPU
		{574F9F99-A364-4225-B28E-1037A37703B4}.Debug|x64.Build.0 = Debug|Any CPU
		{574F9F99-A364-4225-B28E-1037A37703B4}.Debug|x86.ActiveCfg = Debug|Any CPU
		{574F9F99-A364-4225-B28E-1037A37703B4}.Debug|x86.Build.0 = Debug|Any CPU
		{574F9F99-A364-4225-B28E-1037A37703B4}.Publish|Any CPU.ActiveCfg = Publish|Any CPU
		{574F9F99-A364-4225-B28E-1037A37703B4}.Publish|Any CPU.Build.0 = Publish|Any CPU
		{574F9F99-A364-4225-B28E-1037A37703B4}.Publish|x64.ActiveCfg = Publish|Any CPU
		{574F9F99-A364-4225-B28E-1037A37703B4}.Publish|x64.Build.0 = Publish|Any CPU
		{574F9F99-A364-4225-B28E-1037A37703B4}.Publish|x86.ActiveCfg = Publish|Any CPU
		{574F9F99-A364-4225-B28E-1037A37703B4}.Publish|x86.Build.0 = Publish|Any CPU
		{574F9F99-A364-4225-B28E-1037A37703B4}.RaspberryPi|Any CPU.ActiveCfg = Release|Any CPU
		{574F9F99-A364-4225-B28E-1037A37703B4}.RaspberryPi|Any CPU.Build.0 = Release|Any CPU
		{574F9F99-A364-4225-B28E-1037A37703B4}.RaspberryPi|x64.ActiveCfg = Release|Any CPU
		{574F9F99-A364-4225-B28E-1037A37703B4}.RaspberryPi|x64.Build.0 = Release|Any CPU
		{574F9F99-A364-4225-B28E-1037A37703B4}.RaspberryPi|x86.ActiveCfg = Release|Any CPU
		{574F9F99-A364-4225-B28E-1037A37703B4}.RaspberryPi|x86.Build.0 = Release|Any CPU
		{574F9F99-A364-4225-B28E-1037A37703B4}.Release|Any CPU.ActiveCfg = Release|Any CPU
		{574F9F99-A364-4225-B28E-1037A37703B4}.Release|Any CPU.Build.0 = Release|Any CPU
		{574F9F99-A364-4225-B28E-1037A37703B4}.Release|x64.ActiveCfg = Release|Any CPU
		{574F9F99-A364-4225-B28E-1037A37703B4}.Release|x64.Build.0 = Release|Any CPU
		{574F9F99-A364-4225-B28E-1037A37703B4}.Release|x86.ActiveCfg = Release|Any CPU
		{574F9F99-A364-4225-B28E-1037A37703B4}.Release|x86.Build.0 = Release|Any CPU
		{C378C917-F41D-4388-B467-EFD6677C4459}.Debug|Any CPU.ActiveCfg = Debug|Any CPU
		{C378C917-F41D-4388-B467-EFD6677C4459}.Debug|Any CPU.Build.0 = Debug|Any CPU
		{C378C917-F41D-4388-B467-EFD6677C4459}.Debug|x64.ActiveCfg = Debug|Any CPU
		{C378C917-F41D-4388-B467-EFD6677C4459}.Debug|x64.Build.0 = Debug|Any CPU
		{C378C917-F41D-4388-B467-EFD6677C4459}.Debug|x86.ActiveCfg = Debug|Any CPU
		{C378C917-F41D-4388-B467-EFD6677C4459}.Debug|x86.Build.0 = Debug|Any CPU
		{C378C917-F41D-4388-B467-EFD6677C4459}.Publish|Any CPU.ActiveCfg = Publish|Any CPU
		{C378C917-F41D-4388-B467-EFD6677C4459}.Publish|Any CPU.Build.0 = Publish|Any CPU
		{C378C917-F41D-4388-B467-EFD6677C4459}.Publish|x64.ActiveCfg = Publish|Any CPU
		{C378C917-F41D-4388-B467-EFD6677C4459}.Publish|x64.Build.0 = Publish|Any CPU
		{C378C917-F41D-4388-B467-EFD6677C4459}.Publish|x86.ActiveCfg = Publish|Any CPU
		{C378C917-F41D-4388-B467-EFD6677C4459}.Publish|x86.Build.0 = Publish|Any CPU
		{C378C917-F41D-4388-B467-EFD6677C4459}.RaspberryPi|Any CPU.ActiveCfg = Release|Any CPU
		{C378C917-F41D-4388-B467-EFD6677C4459}.RaspberryPi|Any CPU.Build.0 = Release|Any CPU
		{C378C917-F41D-4388-B467-EFD6677C4459}.RaspberryPi|x64.ActiveCfg = Release|Any CPU
		{C378C917-F41D-4388-B467-EFD6677C4459}.RaspberryPi|x64.Build.0 = Release|Any CPU
		{C378C917-F41D-4388-B467-EFD6677C4459}.RaspberryPi|x86.ActiveCfg = Release|Any CPU
		{C378C917-F41D-4388-B467-EFD6677C4459}.RaspberryPi|x86.Build.0 = Release|Any CPU
		{C378C917-F41D-4388-B467-EFD6677C4459}.Release|Any CPU.ActiveCfg = Release|Any CPU
		{C378C917-F41D-4388-B467-EFD6677C4459}.Release|Any CPU.Build.0 = Release|Any CPU
		{C378C917-F41D-4388-B467-EFD6677C4459}.Release|x64.ActiveCfg = Release|Any CPU
		{C378C917-F41D-4388-B467-EFD6677C4459}.Release|x64.Build.0 = Release|Any CPU
		{C378C917-F41D-4388-B467-EFD6677C4459}.Release|x86.ActiveCfg = Release|Any CPU
		{C378C917-F41D-4388-B467-EFD6677C4459}.Release|x86.Build.0 = Release|Any CPU
		{C26ACE75-2B6C-4553-944B-2C95986E103A}.Debug|Any CPU.ActiveCfg = Debug|Any CPU
		{C26ACE75-2B6C-4553-944B-2C95986E103A}.Debug|x64.ActiveCfg = Debug|Any CPU
		{C26ACE75-2B6C-4553-944B-2C95986E103A}.Debug|x64.Build.0 = Debug|Any CPU
		{C26ACE75-2B6C-4553-944B-2C95986E103A}.Debug|x86.ActiveCfg = Debug|Any CPU
		{C26ACE75-2B6C-4553-944B-2C95986E103A}.Debug|x86.Build.0 = Debug|Any CPU
		{C26ACE75-2B6C-4553-944B-2C95986E103A}.Publish|Any CPU.ActiveCfg = Publish|Any CPU
		{C26ACE75-2B6C-4553-944B-2C95986E103A}.Publish|Any CPU.Build.0 = Publish|Any CPU
		{C26ACE75-2B6C-4553-944B-2C95986E103A}.Publish|x64.ActiveCfg = Publish|Any CPU
		{C26ACE75-2B6C-4553-944B-2C95986E103A}.Publish|x64.Build.0 = Publish|Any CPU
		{C26ACE75-2B6C-4553-944B-2C95986E103A}.Publish|x86.ActiveCfg = Publish|Any CPU
		{C26ACE75-2B6C-4553-944B-2C95986E103A}.Publish|x86.Build.0 = Publish|Any CPU
		{C26ACE75-2B6C-4553-944B-2C95986E103A}.RaspberryPi|Any CPU.ActiveCfg = Release|Any CPU
		{C26ACE75-2B6C-4553-944B-2C95986E103A}.RaspberryPi|Any CPU.Build.0 = Release|Any CPU
		{C26ACE75-2B6C-4553-944B-2C95986E103A}.RaspberryPi|x64.ActiveCfg = Release|Any CPU
		{C26ACE75-2B6C-4553-944B-2C95986E103A}.RaspberryPi|x64.Build.0 = Release|Any CPU
		{C26ACE75-2B6C-4553-944B-2C95986E103A}.RaspberryPi|x86.ActiveCfg = Release|Any CPU
		{C26ACE75-2B6C-4553-944B-2C95986E103A}.RaspberryPi|x86.Build.0 = Release|Any CPU
		{C26ACE75-2B6C-4553-944B-2C95986E103A}.Release|Any CPU.ActiveCfg = Release|Any CPU
		{C26ACE75-2B6C-4553-944B-2C95986E103A}.Release|Any CPU.Build.0 = Release|Any CPU
		{C26ACE75-2B6C-4553-944B-2C95986E103A}.Release|x64.ActiveCfg = Release|Any CPU
		{C26ACE75-2B6C-4553-944B-2C95986E103A}.Release|x64.Build.0 = Release|Any CPU
		{C26ACE75-2B6C-4553-944B-2C95986E103A}.Release|x86.ActiveCfg = Release|Any CPU
		{C26ACE75-2B6C-4553-944B-2C95986E103A}.Release|x86.Build.0 = Release|Any CPU
		{6A14BB38-B57F-4F1F-B392-E7DB6EF160FD}.Debug|Any CPU.ActiveCfg = Debug|Any CPU
		{6A14BB38-B57F-4F1F-B392-E7DB6EF160FD}.Debug|x64.ActiveCfg = Debug|Any CPU
		{6A14BB38-B57F-4F1F-B392-E7DB6EF160FD}.Debug|x64.Build.0 = Debug|Any CPU
		{6A14BB38-B57F-4F1F-B392-E7DB6EF160FD}.Debug|x86.ActiveCfg = Debug|Any CPU
		{6A14BB38-B57F-4F1F-B392-E7DB6EF160FD}.Debug|x86.Build.0 = Debug|Any CPU
		{6A14BB38-B57F-4F1F-B392-E7DB6EF160FD}.Publish|Any CPU.ActiveCfg = Publish|Any CPU
		{6A14BB38-B57F-4F1F-B392-E7DB6EF160FD}.Publish|Any CPU.Build.0 = Publish|Any CPU
		{6A14BB38-B57F-4F1F-B392-E7DB6EF160FD}.Publish|x64.ActiveCfg = Publish|Any CPU
		{6A14BB38-B57F-4F1F-B392-E7DB6EF160FD}.Publish|x64.Build.0 = Publish|Any CPU
		{6A14BB38-B57F-4F1F-B392-E7DB6EF160FD}.Publish|x86.ActiveCfg = Publish|Any CPU
		{6A14BB38-B57F-4F1F-B392-E7DB6EF160FD}.Publish|x86.Build.0 = Publish|Any CPU
		{6A14BB38-B57F-4F1F-B392-E7DB6EF160FD}.RaspberryPi|Any CPU.ActiveCfg = Release|Any CPU
		{6A14BB38-B57F-4F1F-B392-E7DB6EF160FD}.RaspberryPi|Any CPU.Build.0 = Release|Any CPU
		{6A14BB38-B57F-4F1F-B392-E7DB6EF160FD}.RaspberryPi|x64.ActiveCfg = Release|Any CPU
		{6A14BB38-B57F-4F1F-B392-E7DB6EF160FD}.RaspberryPi|x64.Build.0 = Release|Any CPU
		{6A14BB38-B57F-4F1F-B392-E7DB6EF160FD}.RaspberryPi|x86.ActiveCfg = Release|Any CPU
		{6A14BB38-B57F-4F1F-B392-E7DB6EF160FD}.RaspberryPi|x86.Build.0 = Release|Any CPU
		{6A14BB38-B57F-4F1F-B392-E7DB6EF160FD}.Release|Any CPU.ActiveCfg = Release|Any CPU
		{6A14BB38-B57F-4F1F-B392-E7DB6EF160FD}.Release|Any CPU.Build.0 = Release|Any CPU
		{6A14BB38-B57F-4F1F-B392-E7DB6EF160FD}.Release|x64.ActiveCfg = Release|Any CPU
		{6A14BB38-B57F-4F1F-B392-E7DB6EF160FD}.Release|x64.Build.0 = Release|Any CPU
		{6A14BB38-B57F-4F1F-B392-E7DB6EF160FD}.Release|x86.ActiveCfg = Release|Any CPU
		{6A14BB38-B57F-4F1F-B392-E7DB6EF160FD}.Release|x86.Build.0 = Release|Any CPU
		{64EF7E6F-1D8E-449C-90E7-5C974E50533F}.Debug|Any CPU.ActiveCfg = Debug|Any CPU
		{64EF7E6F-1D8E-449C-90E7-5C974E50533F}.Debug|Any CPU.Build.0 = Debug|Any CPU
		{64EF7E6F-1D8E-449C-90E7-5C974E50533F}.Debug|x64.ActiveCfg = Debug|Any CPU
		{64EF7E6F-1D8E-449C-90E7-5C974E50533F}.Debug|x64.Build.0 = Debug|Any CPU
		{64EF7E6F-1D8E-449C-90E7-5C974E50533F}.Debug|x86.ActiveCfg = Debug|Any CPU
		{64EF7E6F-1D8E-449C-90E7-5C974E50533F}.Debug|x86.Build.0 = Debug|Any CPU
		{64EF7E6F-1D8E-449C-90E7-5C974E50533F}.Publish|Any CPU.ActiveCfg = Release|Any CPU
		{64EF7E6F-1D8E-449C-90E7-5C974E50533F}.Publish|Any CPU.Build.0 = Release|Any CPU
		{64EF7E6F-1D8E-449C-90E7-5C974E50533F}.Publish|x64.ActiveCfg = Release|Any CPU
		{64EF7E6F-1D8E-449C-90E7-5C974E50533F}.Publish|x64.Build.0 = Release|Any CPU
		{64EF7E6F-1D8E-449C-90E7-5C974E50533F}.Publish|x86.ActiveCfg = Release|Any CPU
		{64EF7E6F-1D8E-449C-90E7-5C974E50533F}.Publish|x86.Build.0 = Release|Any CPU
		{64EF7E6F-1D8E-449C-90E7-5C974E50533F}.RaspberryPi|Any CPU.ActiveCfg = Release|Any CPU
		{64EF7E6F-1D8E-449C-90E7-5C974E50533F}.RaspberryPi|Any CPU.Build.0 = Release|Any CPU
		{64EF7E6F-1D8E-449C-90E7-5C974E50533F}.RaspberryPi|x64.ActiveCfg = Release|Any CPU
		{64EF7E6F-1D8E-449C-90E7-5C974E50533F}.RaspberryPi|x64.Build.0 = Release|Any CPU
		{64EF7E6F-1D8E-449C-90E7-5C974E50533F}.RaspberryPi|x86.ActiveCfg = Release|Any CPU
		{64EF7E6F-1D8E-449C-90E7-5C974E50533F}.RaspberryPi|x86.Build.0 = Release|Any CPU
		{64EF7E6F-1D8E-449C-90E7-5C974E50533F}.Release|Any CPU.ActiveCfg = Release|Any CPU
		{64EF7E6F-1D8E-449C-90E7-5C974E50533F}.Release|Any CPU.Build.0 = Release|Any CPU
		{64EF7E6F-1D8E-449C-90E7-5C974E50533F}.Release|x64.ActiveCfg = Release|Any CPU
		{64EF7E6F-1D8E-449C-90E7-5C974E50533F}.Release|x64.Build.0 = Release|Any CPU
		{64EF7E6F-1D8E-449C-90E7-5C974E50533F}.Release|x86.ActiveCfg = Release|Any CPU
		{64EF7E6F-1D8E-449C-90E7-5C974E50533F}.Release|x86.Build.0 = Release|Any CPU
		{90E3D724-811E-41CB-AE8D-91FD0677187C}.Debug|Any CPU.ActiveCfg = Debug|Any CPU
		{90E3D724-811E-41CB-AE8D-91FD0677187C}.Debug|Any CPU.Build.0 = Debug|Any CPU
		{90E3D724-811E-41CB-AE8D-91FD0677187C}.Debug|x64.ActiveCfg = Debug|Any CPU
		{90E3D724-811E-41CB-AE8D-91FD0677187C}.Debug|x64.Build.0 = Debug|Any CPU
		{90E3D724-811E-41CB-AE8D-91FD0677187C}.Debug|x86.ActiveCfg = Debug|Any CPU
		{90E3D724-811E-41CB-AE8D-91FD0677187C}.Debug|x86.Build.0 = Debug|Any CPU
		{90E3D724-811E-41CB-AE8D-91FD0677187C}.Publish|Any CPU.ActiveCfg = Release|Any CPU
		{90E3D724-811E-41CB-AE8D-91FD0677187C}.Publish|Any CPU.Build.0 = Release|Any CPU
		{90E3D724-811E-41CB-AE8D-91FD0677187C}.Publish|x64.ActiveCfg = Release|Any CPU
		{90E3D724-811E-41CB-AE8D-91FD0677187C}.Publish|x64.Build.0 = Release|Any CPU
		{90E3D724-811E-41CB-AE8D-91FD0677187C}.Publish|x86.ActiveCfg = Release|Any CPU
		{90E3D724-811E-41CB-AE8D-91FD0677187C}.Publish|x86.Build.0 = Release|Any CPU
		{90E3D724-811E-41CB-AE8D-91FD0677187C}.RaspberryPi|Any CPU.ActiveCfg = Release|Any CPU
		{90E3D724-811E-41CB-AE8D-91FD0677187C}.RaspberryPi|Any CPU.Build.0 = Release|Any CPU
		{90E3D724-811E-41CB-AE8D-91FD0677187C}.RaspberryPi|x64.ActiveCfg = Release|Any CPU
		{90E3D724-811E-41CB-AE8D-91FD0677187C}.RaspberryPi|x64.Build.0 = Release|Any CPU
		{90E3D724-811E-41CB-AE8D-91FD0677187C}.RaspberryPi|x86.ActiveCfg = Release|Any CPU
		{90E3D724-811E-41CB-AE8D-91FD0677187C}.RaspberryPi|x86.Build.0 = Release|Any CPU
		{90E3D724-811E-41CB-AE8D-91FD0677187C}.Release|Any CPU.ActiveCfg = Release|Any CPU
		{90E3D724-811E-41CB-AE8D-91FD0677187C}.Release|Any CPU.Build.0 = Release|Any CPU
		{90E3D724-811E-41CB-AE8D-91FD0677187C}.Release|x64.ActiveCfg = Release|Any CPU
		{90E3D724-811E-41CB-AE8D-91FD0677187C}.Release|x64.Build.0 = Release|Any CPU
		{90E3D724-811E-41CB-AE8D-91FD0677187C}.Release|x86.ActiveCfg = Release|Any CPU
		{90E3D724-811E-41CB-AE8D-91FD0677187C}.Release|x86.Build.0 = Release|Any CPU
		{C99A9102-88F3-4E35-9590-D75E608094FF}.Debug|Any CPU.ActiveCfg = Debug|Any CPU
		{C99A9102-88F3-4E35-9590-D75E608094FF}.Debug|Any CPU.Build.0 = Debug|Any CPU
		{C99A9102-88F3-4E35-9590-D75E608094FF}.Debug|x64.ActiveCfg = Debug|Any CPU
		{C99A9102-88F3-4E35-9590-D75E608094FF}.Debug|x64.Build.0 = Debug|Any CPU
		{C99A9102-88F3-4E35-9590-D75E608094FF}.Debug|x86.ActiveCfg = Debug|Any CPU
		{C99A9102-88F3-4E35-9590-D75E608094FF}.Debug|x86.Build.0 = Debug|Any CPU
		{C99A9102-88F3-4E35-9590-D75E608094FF}.Publish|Any CPU.ActiveCfg = Release|Any CPU
		{C99A9102-88F3-4E35-9590-D75E608094FF}.Publish|Any CPU.Build.0 = Release|Any CPU
		{C99A9102-88F3-4E35-9590-D75E608094FF}.Publish|x64.ActiveCfg = Release|Any CPU
		{C99A9102-88F3-4E35-9590-D75E608094FF}.Publish|x64.Build.0 = Release|Any CPU
		{C99A9102-88F3-4E35-9590-D75E608094FF}.Publish|x86.ActiveCfg = Release|Any CPU
		{C99A9102-88F3-4E35-9590-D75E608094FF}.Publish|x86.Build.0 = Release|Any CPU
		{C99A9102-88F3-4E35-9590-D75E608094FF}.RaspberryPi|Any CPU.ActiveCfg = Release|Any CPU
		{C99A9102-88F3-4E35-9590-D75E608094FF}.RaspberryPi|Any CPU.Build.0 = Release|Any CPU
		{C99A9102-88F3-4E35-9590-D75E608094FF}.RaspberryPi|x64.ActiveCfg = Release|Any CPU
		{C99A9102-88F3-4E35-9590-D75E608094FF}.RaspberryPi|x64.Build.0 = Release|Any CPU
		{C99A9102-88F3-4E35-9590-D75E608094FF}.RaspberryPi|x86.ActiveCfg = Release|Any CPU
		{C99A9102-88F3-4E35-9590-D75E608094FF}.RaspberryPi|x86.Build.0 = Release|Any CPU
		{C99A9102-88F3-4E35-9590-D75E608094FF}.Release|Any CPU.ActiveCfg = Release|Any CPU
		{C99A9102-88F3-4E35-9590-D75E608094FF}.Release|Any CPU.Build.0 = Release|Any CPU
		{C99A9102-88F3-4E35-9590-D75E608094FF}.Release|x64.ActiveCfg = Release|Any CPU
		{C99A9102-88F3-4E35-9590-D75E608094FF}.Release|x64.Build.0 = Release|Any CPU
		{C99A9102-88F3-4E35-9590-D75E608094FF}.Release|x86.ActiveCfg = Release|Any CPU
		{C99A9102-88F3-4E35-9590-D75E608094FF}.Release|x86.Build.0 = Release|Any CPU
		{A9D15C4A-4B6B-4385-ABBF-B6932E66E3CF}.Debug|Any CPU.ActiveCfg = Debug|Any CPU
		{A9D15C4A-4B6B-4385-ABBF-B6932E66E3CF}.Debug|Any CPU.Build.0 = Debug|Any CPU
		{A9D15C4A-4B6B-4385-ABBF-B6932E66E3CF}.Debug|x64.ActiveCfg = Debug|Any CPU
		{A9D15C4A-4B6B-4385-ABBF-B6932E66E3CF}.Debug|x64.Build.0 = Debug|Any CPU
		{A9D15C4A-4B6B-4385-ABBF-B6932E66E3CF}.Debug|x86.ActiveCfg = Debug|Any CPU
		{A9D15C4A-4B6B-4385-ABBF-B6932E66E3CF}.Debug|x86.Build.0 = Debug|Any CPU
		{A9D15C4A-4B6B-4385-ABBF-B6932E66E3CF}.Publish|Any CPU.ActiveCfg = Release|Any CPU
		{A9D15C4A-4B6B-4385-ABBF-B6932E66E3CF}.Publish|Any CPU.Build.0 = Release|Any CPU
		{A9D15C4A-4B6B-4385-ABBF-B6932E66E3CF}.Publish|x64.ActiveCfg = Release|Any CPU
		{A9D15C4A-4B6B-4385-ABBF-B6932E66E3CF}.Publish|x64.Build.0 = Release|Any CPU
		{A9D15C4A-4B6B-4385-ABBF-B6932E66E3CF}.Publish|x86.ActiveCfg = Release|Any CPU
		{A9D15C4A-4B6B-4385-ABBF-B6932E66E3CF}.Publish|x86.Build.0 = Release|Any CPU
		{A9D15C4A-4B6B-4385-ABBF-B6932E66E3CF}.RaspberryPi|Any CPU.ActiveCfg = Release|Any CPU
		{A9D15C4A-4B6B-4385-ABBF-B6932E66E3CF}.RaspberryPi|Any CPU.Build.0 = Release|Any CPU
		{A9D15C4A-4B6B-4385-ABBF-B6932E66E3CF}.RaspberryPi|x64.ActiveCfg = Release|Any CPU
		{A9D15C4A-4B6B-4385-ABBF-B6932E66E3CF}.RaspberryPi|x64.Build.0 = Release|Any CPU
		{A9D15C4A-4B6B-4385-ABBF-B6932E66E3CF}.RaspberryPi|x86.ActiveCfg = Release|Any CPU
		{A9D15C4A-4B6B-4385-ABBF-B6932E66E3CF}.RaspberryPi|x86.Build.0 = Release|Any CPU
		{A9D15C4A-4B6B-4385-ABBF-B6932E66E3CF}.Release|Any CPU.ActiveCfg = Release|Any CPU
		{A9D15C4A-4B6B-4385-ABBF-B6932E66E3CF}.Release|Any CPU.Build.0 = Release|Any CPU
		{A9D15C4A-4B6B-4385-ABBF-B6932E66E3CF}.Release|x64.ActiveCfg = Release|Any CPU
		{A9D15C4A-4B6B-4385-ABBF-B6932E66E3CF}.Release|x64.Build.0 = Release|Any CPU
		{A9D15C4A-4B6B-4385-ABBF-B6932E66E3CF}.Release|x86.ActiveCfg = Release|Any CPU
		{A9D15C4A-4B6B-4385-ABBF-B6932E66E3CF}.Release|x86.Build.0 = Release|Any CPU
		{4EABF69F-E836-4B11-8C0F-ACF8E771892B}.Debug|Any CPU.ActiveCfg = Debug|Any CPU
		{4EABF69F-E836-4B11-8C0F-ACF8E771892B}.Debug|Any CPU.Build.0 = Debug|Any CPU
		{4EABF69F-E836-4B11-8C0F-ACF8E771892B}.Debug|x64.ActiveCfg = Debug|Any CPU
		{4EABF69F-E836-4B11-8C0F-ACF8E771892B}.Debug|x64.Build.0 = Debug|Any CPU
		{4EABF69F-E836-4B11-8C0F-ACF8E771892B}.Debug|x86.ActiveCfg = Debug|Any CPU
		{4EABF69F-E836-4B11-8C0F-ACF8E771892B}.Debug|x86.Build.0 = Debug|Any CPU
		{4EABF69F-E836-4B11-8C0F-ACF8E771892B}.Publish|Any CPU.ActiveCfg = Release|Any CPU
		{4EABF69F-E836-4B11-8C0F-ACF8E771892B}.Publish|Any CPU.Build.0 = Release|Any CPU
		{4EABF69F-E836-4B11-8C0F-ACF8E771892B}.Publish|x64.ActiveCfg = Release|Any CPU
		{4EABF69F-E836-4B11-8C0F-ACF8E771892B}.Publish|x64.Build.0 = Release|Any CPU
		{4EABF69F-E836-4B11-8C0F-ACF8E771892B}.Publish|x86.ActiveCfg = Release|Any CPU
		{4EABF69F-E836-4B11-8C0F-ACF8E771892B}.Publish|x86.Build.0 = Release|Any CPU
		{4EABF69F-E836-4B11-8C0F-ACF8E771892B}.RaspberryPi|Any CPU.ActiveCfg = Release|Any CPU
		{4EABF69F-E836-4B11-8C0F-ACF8E771892B}.RaspberryPi|Any CPU.Build.0 = Release|Any CPU
		{4EABF69F-E836-4B11-8C0F-ACF8E771892B}.RaspberryPi|x64.ActiveCfg = Release|Any CPU
		{4EABF69F-E836-4B11-8C0F-ACF8E771892B}.RaspberryPi|x64.Build.0 = Release|Any CPU
		{4EABF69F-E836-4B11-8C0F-ACF8E771892B}.RaspberryPi|x86.ActiveCfg = Release|Any CPU
		{4EABF69F-E836-4B11-8C0F-ACF8E771892B}.RaspberryPi|x86.Build.0 = Release|Any CPU
		{4EABF69F-E836-4B11-8C0F-ACF8E771892B}.Release|Any CPU.ActiveCfg = Release|Any CPU
		{4EABF69F-E836-4B11-8C0F-ACF8E771892B}.Release|Any CPU.Build.0 = Release|Any CPU
		{4EABF69F-E836-4B11-8C0F-ACF8E771892B}.Release|x64.ActiveCfg = Release|Any CPU
		{4EABF69F-E836-4B11-8C0F-ACF8E771892B}.Release|x64.Build.0 = Release|Any CPU
		{4EABF69F-E836-4B11-8C0F-ACF8E771892B}.Release|x86.ActiveCfg = Release|Any CPU
		{4EABF69F-E836-4B11-8C0F-ACF8E771892B}.Release|x86.Build.0 = Release|Any CPU
		{58F7E680-361B-4588-A60F-4BB4B9482ED8}.Debug|Any CPU.ActiveCfg = Debug|Any CPU
		{58F7E680-361B-4588-A60F-4BB4B9482ED8}.Debug|Any CPU.Build.0 = Debug|Any CPU
		{58F7E680-361B-4588-A60F-4BB4B9482ED8}.Debug|x64.ActiveCfg = Debug|Any CPU
		{58F7E680-361B-4588-A60F-4BB4B9482ED8}.Debug|x64.Build.0 = Debug|Any CPU
		{58F7E680-361B-4588-A60F-4BB4B9482ED8}.Debug|x86.ActiveCfg = Debug|Any CPU
		{58F7E680-361B-4588-A60F-4BB4B9482ED8}.Debug|x86.Build.0 = Debug|Any CPU
		{58F7E680-361B-4588-A60F-4BB4B9482ED8}.Publish|Any CPU.ActiveCfg = RaspberryPi|Any CPU
		{58F7E680-361B-4588-A60F-4BB4B9482ED8}.Publish|Any CPU.Build.0 = RaspberryPi|Any CPU
		{58F7E680-361B-4588-A60F-4BB4B9482ED8}.Publish|x64.ActiveCfg = RaspberryPi|Any CPU
		{58F7E680-361B-4588-A60F-4BB4B9482ED8}.Publish|x64.Build.0 = RaspberryPi|Any CPU
		{58F7E680-361B-4588-A60F-4BB4B9482ED8}.Publish|x86.ActiveCfg = RaspberryPi|Any CPU
		{58F7E680-361B-4588-A60F-4BB4B9482ED8}.Publish|x86.Build.0 = RaspberryPi|Any CPU
		{58F7E680-361B-4588-A60F-4BB4B9482ED8}.RaspberryPi|Any CPU.ActiveCfg = RaspberryPi|Any CPU
		{58F7E680-361B-4588-A60F-4BB4B9482ED8}.RaspberryPi|Any CPU.Build.0 = RaspberryPi|Any CPU
		{58F7E680-361B-4588-A60F-4BB4B9482ED8}.RaspberryPi|x64.ActiveCfg = RaspberryPi|Any CPU
		{58F7E680-361B-4588-A60F-4BB4B9482ED8}.RaspberryPi|x64.Build.0 = RaspberryPi|Any CPU
		{58F7E680-361B-4588-A60F-4BB4B9482ED8}.RaspberryPi|x86.ActiveCfg = RaspberryPi|Any CPU
		{58F7E680-361B-4588-A60F-4BB4B9482ED8}.RaspberryPi|x86.Build.0 = RaspberryPi|Any CPU
		{58F7E680-361B-4588-A60F-4BB4B9482ED8}.Release|Any CPU.ActiveCfg = Release|Any CPU
		{58F7E680-361B-4588-A60F-4BB4B9482ED8}.Release|Any CPU.Build.0 = Release|Any CPU
		{58F7E680-361B-4588-A60F-4BB4B9482ED8}.Release|x64.ActiveCfg = Release|Any CPU
		{58F7E680-361B-4588-A60F-4BB4B9482ED8}.Release|x64.Build.0 = Release|Any CPU
		{58F7E680-361B-4588-A60F-4BB4B9482ED8}.Release|x86.ActiveCfg = Release|Any CPU
		{58F7E680-361B-4588-A60F-4BB4B9482ED8}.Release|x86.Build.0 = Release|Any CPU
		{0C481A2C-5B51-419D-B4A4-D519573A21FC}.Debug|Any CPU.ActiveCfg = Debug|Any CPU
		{0C481A2C-5B51-419D-B4A4-D519573A21FC}.Debug|Any CPU.Build.0 = Debug|Any CPU
		{0C481A2C-5B51-419D-B4A4-D519573A21FC}.Debug|x64.ActiveCfg = Debug|Any CPU
		{0C481A2C-5B51-419D-B4A4-D519573A21FC}.Debug|x64.Build.0 = Debug|Any CPU
		{0C481A2C-5B51-419D-B4A4-D519573A21FC}.Debug|x86.ActiveCfg = Debug|Any CPU
		{0C481A2C-5B51-419D-B4A4-D519573A21FC}.Debug|x86.Build.0 = Debug|Any CPU
		{0C481A2C-5B51-419D-B4A4-D519573A21FC}.Publish|Any CPU.ActiveCfg = Release|Any CPU
		{0C481A2C-5B51-419D-B4A4-D519573A21FC}.Publish|Any CPU.Build.0 = Release|Any CPU
		{0C481A2C-5B51-419D-B4A4-D519573A21FC}.Publish|x64.ActiveCfg = Release|Any CPU
		{0C481A2C-5B51-419D-B4A4-D519573A21FC}.Publish|x64.Build.0 = Release|Any CPU
		{0C481A2C-5B51-419D-B4A4-D519573A21FC}.Publish|x86.ActiveCfg = Release|Any CPU
		{0C481A2C-5B51-419D-B4A4-D519573A21FC}.Publish|x86.Build.0 = Release|Any CPU
		{0C481A2C-5B51-419D-B4A4-D519573A21FC}.RaspberryPi|Any CPU.ActiveCfg = Release|Any CPU
		{0C481A2C-5B51-419D-B4A4-D519573A21FC}.RaspberryPi|Any CPU.Build.0 = Release|Any CPU
		{0C481A2C-5B51-419D-B4A4-D519573A21FC}.RaspberryPi|x64.ActiveCfg = Release|Any CPU
		{0C481A2C-5B51-419D-B4A4-D519573A21FC}.RaspberryPi|x64.Build.0 = Release|Any CPU
		{0C481A2C-5B51-419D-B4A4-D519573A21FC}.RaspberryPi|x86.ActiveCfg = Release|Any CPU
		{0C481A2C-5B51-419D-B4A4-D519573A21FC}.RaspberryPi|x86.Build.0 = Release|Any CPU
		{0C481A2C-5B51-419D-B4A4-D519573A21FC}.Release|Any CPU.ActiveCfg = Release|Any CPU
		{0C481A2C-5B51-419D-B4A4-D519573A21FC}.Release|Any CPU.Build.0 = Release|Any CPU
		{0C481A2C-5B51-419D-B4A4-D519573A21FC}.Release|x64.ActiveCfg = Release|Any CPU
		{0C481A2C-5B51-419D-B4A4-D519573A21FC}.Release|x64.Build.0 = Release|Any CPU
		{0C481A2C-5B51-419D-B4A4-D519573A21FC}.Release|x86.ActiveCfg = Release|Any CPU
		{0C481A2C-5B51-419D-B4A4-D519573A21FC}.Release|x86.Build.0 = Release|Any CPU
		{B2A06A39-87E7-4A01-A494-AF493A48B969}.Debug|Any CPU.ActiveCfg = Debug|Any CPU
		{B2A06A39-87E7-4A01-A494-AF493A48B969}.Debug|Any CPU.Build.0 = Debug|Any CPU
		{B2A06A39-87E7-4A01-A494-AF493A48B969}.Debug|x64.ActiveCfg = Debug|Any CPU
		{B2A06A39-87E7-4A01-A494-AF493A48B969}.Debug|x64.Build.0 = Debug|Any CPU
		{B2A06A39-87E7-4A01-A494-AF493A48B969}.Debug|x86.ActiveCfg = Debug|Any CPU
		{B2A06A39-87E7-4A01-A494-AF493A48B969}.Debug|x86.Build.0 = Debug|Any CPU
		{B2A06A39-87E7-4A01-A494-AF493A48B969}.Publish|Any CPU.ActiveCfg = Release|Any CPU
		{B2A06A39-87E7-4A01-A494-AF493A48B969}.Publish|Any CPU.Build.0 = Release|Any CPU
		{B2A06A39-87E7-4A01-A494-AF493A48B969}.Publish|x64.ActiveCfg = Release|Any CPU
		{B2A06A39-87E7-4A01-A494-AF493A48B969}.Publish|x64.Build.0 = Release|Any CPU
		{B2A06A39-87E7-4A01-A494-AF493A48B969}.Publish|x86.ActiveCfg = Release|Any CPU
		{B2A06A39-87E7-4A01-A494-AF493A48B969}.Publish|x86.Build.0 = Release|Any CPU
		{B2A06A39-87E7-4A01-A494-AF493A48B969}.RaspberryPi|Any CPU.ActiveCfg = Release|Any CPU
		{B2A06A39-87E7-4A01-A494-AF493A48B969}.RaspberryPi|Any CPU.Build.0 = Release|Any CPU
		{B2A06A39-87E7-4A01-A494-AF493A48B969}.RaspberryPi|x64.ActiveCfg = Release|Any CPU
		{B2A06A39-87E7-4A01-A494-AF493A48B969}.RaspberryPi|x64.Build.0 = Release|Any CPU
		{B2A06A39-87E7-4A01-A494-AF493A48B969}.RaspberryPi|x86.ActiveCfg = Release|Any CPU
		{B2A06A39-87E7-4A01-A494-AF493A48B969}.RaspberryPi|x86.Build.0 = Release|Any CPU
		{B2A06A39-87E7-4A01-A494-AF493A48B969}.Release|Any CPU.ActiveCfg = Release|Any CPU
		{B2A06A39-87E7-4A01-A494-AF493A48B969}.Release|Any CPU.Build.0 = Release|Any CPU
		{B2A06A39-87E7-4A01-A494-AF493A48B969}.Release|x64.ActiveCfg = Release|Any CPU
		{B2A06A39-87E7-4A01-A494-AF493A48B969}.Release|x64.Build.0 = Release|Any CPU
		{B2A06A39-87E7-4A01-A494-AF493A48B969}.Release|x86.ActiveCfg = Release|Any CPU
		{B2A06A39-87E7-4A01-A494-AF493A48B969}.Release|x86.Build.0 = Release|Any CPU
		{C7CD8096-9B18-4237-BD94-C4DD8F90852D}.Debug|Any CPU.ActiveCfg = Debug|Any CPU
		{C7CD8096-9B18-4237-BD94-C4DD8F90852D}.Debug|Any CPU.Build.0 = Debug|Any CPU
		{C7CD8096-9B18-4237-BD94-C4DD8F90852D}.Debug|x64.ActiveCfg = Debug|Any CPU
		{C7CD8096-9B18-4237-BD94-C4DD8F90852D}.Debug|x64.Build.0 = Debug|Any CPU
		{C7CD8096-9B18-4237-BD94-C4DD8F90852D}.Debug|x86.ActiveCfg = Debug|Any CPU
		{C7CD8096-9B18-4237-BD94-C4DD8F90852D}.Debug|x86.Build.0 = Debug|Any CPU
		{C7CD8096-9B18-4237-BD94-C4DD8F90852D}.Publish|Any CPU.ActiveCfg = Release|Any CPU
		{C7CD8096-9B18-4237-BD94-C4DD8F90852D}.Publish|Any CPU.Build.0 = Release|Any CPU
		{C7CD8096-9B18-4237-BD94-C4DD8F90852D}.Publish|x64.ActiveCfg = Release|Any CPU
		{C7CD8096-9B18-4237-BD94-C4DD8F90852D}.Publish|x64.Build.0 = Release|Any CPU
		{C7CD8096-9B18-4237-BD94-C4DD8F90852D}.Publish|x86.ActiveCfg = Release|Any CPU
		{C7CD8096-9B18-4237-BD94-C4DD8F90852D}.Publish|x86.Build.0 = Release|Any CPU
		{C7CD8096-9B18-4237-BD94-C4DD8F90852D}.RaspberryPi|Any CPU.ActiveCfg = Release|Any CPU
		{C7CD8096-9B18-4237-BD94-C4DD8F90852D}.RaspberryPi|Any CPU.Build.0 = Release|Any CPU
		{C7CD8096-9B18-4237-BD94-C4DD8F90852D}.RaspberryPi|x64.ActiveCfg = Release|Any CPU
		{C7CD8096-9B18-4237-BD94-C4DD8F90852D}.RaspberryPi|x64.Build.0 = Release|Any CPU
		{C7CD8096-9B18-4237-BD94-C4DD8F90852D}.RaspberryPi|x86.ActiveCfg = Release|Any CPU
		{C7CD8096-9B18-4237-BD94-C4DD8F90852D}.RaspberryPi|x86.Build.0 = Release|Any CPU
		{C7CD8096-9B18-4237-BD94-C4DD8F90852D}.Release|Any CPU.ActiveCfg = Release|Any CPU
		{C7CD8096-9B18-4237-BD94-C4DD8F90852D}.Release|Any CPU.Build.0 = Release|Any CPU
		{C7CD8096-9B18-4237-BD94-C4DD8F90852D}.Release|x64.ActiveCfg = Release|Any CPU
		{C7CD8096-9B18-4237-BD94-C4DD8F90852D}.Release|x64.Build.0 = Release|Any CPU
		{C7CD8096-9B18-4237-BD94-C4DD8F90852D}.Release|x86.ActiveCfg = Release|Any CPU
		{C7CD8096-9B18-4237-BD94-C4DD8F90852D}.Release|x86.Build.0 = Release|Any CPU
		{DCABAE8E-3847-4403-91AF-C14B58EF0491}.Debug|Any CPU.ActiveCfg = Debug|Any CPU
		{DCABAE8E-3847-4403-91AF-C14B58EF0491}.Debug|Any CPU.Build.0 = Debug|Any CPU
		{DCABAE8E-3847-4403-91AF-C14B58EF0491}.Debug|x64.ActiveCfg = Debug|Any CPU
		{DCABAE8E-3847-4403-91AF-C14B58EF0491}.Debug|x64.Build.0 = Debug|Any CPU
		{DCABAE8E-3847-4403-91AF-C14B58EF0491}.Debug|x86.ActiveCfg = Debug|Any CPU
		{DCABAE8E-3847-4403-91AF-C14B58EF0491}.Debug|x86.Build.0 = Debug|Any CPU
		{DCABAE8E-3847-4403-91AF-C14B58EF0491}.Publish|Any CPU.ActiveCfg = Release|Any CPU
		{DCABAE8E-3847-4403-91AF-C14B58EF0491}.Publish|Any CPU.Build.0 = Release|Any CPU
		{DCABAE8E-3847-4403-91AF-C14B58EF0491}.Publish|x64.ActiveCfg = Release|Any CPU
		{DCABAE8E-3847-4403-91AF-C14B58EF0491}.Publish|x64.Build.0 = Release|Any CPU
		{DCABAE8E-3847-4403-91AF-C14B58EF0491}.Publish|x86.ActiveCfg = Release|Any CPU
		{DCABAE8E-3847-4403-91AF-C14B58EF0491}.Publish|x86.Build.0 = Release|Any CPU
		{DCABAE8E-3847-4403-91AF-C14B58EF0491}.RaspberryPi|Any CPU.ActiveCfg = Release|Any CPU
		{DCABAE8E-3847-4403-91AF-C14B58EF0491}.RaspberryPi|Any CPU.Build.0 = Release|Any CPU
		{DCABAE8E-3847-4403-91AF-C14B58EF0491}.RaspberryPi|x64.ActiveCfg = Release|Any CPU
		{DCABAE8E-3847-4403-91AF-C14B58EF0491}.RaspberryPi|x64.Build.0 = Release|Any CPU
		{DCABAE8E-3847-4403-91AF-C14B58EF0491}.RaspberryPi|x86.ActiveCfg = Release|Any CPU
		{DCABAE8E-3847-4403-91AF-C14B58EF0491}.RaspberryPi|x86.Build.0 = Release|Any CPU
		{DCABAE8E-3847-4403-91AF-C14B58EF0491}.Release|Any CPU.ActiveCfg = Release|Any CPU
		{DCABAE8E-3847-4403-91AF-C14B58EF0491}.Release|Any CPU.Build.0 = Release|Any CPU
		{DCABAE8E-3847-4403-91AF-C14B58EF0491}.Release|x64.ActiveCfg = Release|Any CPU
		{DCABAE8E-3847-4403-91AF-C14B58EF0491}.Release|x64.Build.0 = Release|Any CPU
		{DCABAE8E-3847-4403-91AF-C14B58EF0491}.Release|x86.ActiveCfg = Release|Any CPU
		{DCABAE8E-3847-4403-91AF-C14B58EF0491}.Release|x86.Build.0 = Release|Any CPU
		{91DDE8D1-BFEF-450A-83EF-2127D5E81700}.Debug|Any CPU.ActiveCfg = Debug|Any CPU
		{91DDE8D1-BFEF-450A-83EF-2127D5E81700}.Debug|Any CPU.Build.0 = Debug|Any CPU
		{91DDE8D1-BFEF-450A-83EF-2127D5E81700}.Debug|x64.ActiveCfg = Debug|Any CPU
		{91DDE8D1-BFEF-450A-83EF-2127D5E81700}.Debug|x64.Build.0 = Debug|Any CPU
		{91DDE8D1-BFEF-450A-83EF-2127D5E81700}.Debug|x86.ActiveCfg = Debug|Any CPU
		{91DDE8D1-BFEF-450A-83EF-2127D5E81700}.Debug|x86.Build.0 = Debug|Any CPU
		{91DDE8D1-BFEF-450A-83EF-2127D5E81700}.Publish|Any CPU.ActiveCfg = Release|Any CPU
		{91DDE8D1-BFEF-450A-83EF-2127D5E81700}.Publish|Any CPU.Build.0 = Release|Any CPU
		{91DDE8D1-BFEF-450A-83EF-2127D5E81700}.Publish|x64.ActiveCfg = Release|Any CPU
		{91DDE8D1-BFEF-450A-83EF-2127D5E81700}.Publish|x64.Build.0 = Release|Any CPU
		{91DDE8D1-BFEF-450A-83EF-2127D5E81700}.Publish|x86.ActiveCfg = Release|Any CPU
		{91DDE8D1-BFEF-450A-83EF-2127D5E81700}.Publish|x86.Build.0 = Release|Any CPU
		{91DDE8D1-BFEF-450A-83EF-2127D5E81700}.RaspberryPi|Any CPU.ActiveCfg = Release|Any CPU
		{91DDE8D1-BFEF-450A-83EF-2127D5E81700}.RaspberryPi|Any CPU.Build.0 = Release|Any CPU
		{91DDE8D1-BFEF-450A-83EF-2127D5E81700}.RaspberryPi|x64.ActiveCfg = Release|Any CPU
		{91DDE8D1-BFEF-450A-83EF-2127D5E81700}.RaspberryPi|x64.Build.0 = Release|Any CPU
		{91DDE8D1-BFEF-450A-83EF-2127D5E81700}.RaspberryPi|x86.ActiveCfg = Release|Any CPU
		{91DDE8D1-BFEF-450A-83EF-2127D5E81700}.RaspberryPi|x86.Build.0 = Release|Any CPU
		{91DDE8D1-BFEF-450A-83EF-2127D5E81700}.Release|Any CPU.ActiveCfg = Release|Any CPU
		{91DDE8D1-BFEF-450A-83EF-2127D5E81700}.Release|Any CPU.Build.0 = Release|Any CPU
		{91DDE8D1-BFEF-450A-83EF-2127D5E81700}.Release|x64.ActiveCfg = Release|Any CPU
		{91DDE8D1-BFEF-450A-83EF-2127D5E81700}.Release|x64.Build.0 = Release|Any CPU
		{91DDE8D1-BFEF-450A-83EF-2127D5E81700}.Release|x86.ActiveCfg = Release|Any CPU
		{91DDE8D1-BFEF-450A-83EF-2127D5E81700}.Release|x86.Build.0 = Release|Any CPU
		{E5220FE0-039D-4589-AA94-DF3A91B07A60}.Debug|Any CPU.ActiveCfg = Debug|Any CPU
		{E5220FE0-039D-4589-AA94-DF3A91B07A60}.Debug|Any CPU.Build.0 = Debug|Any CPU
		{E5220FE0-039D-4589-AA94-DF3A91B07A60}.Debug|x64.ActiveCfg = Debug|Any CPU
		{E5220FE0-039D-4589-AA94-DF3A91B07A60}.Debug|x64.Build.0 = Debug|Any CPU
		{E5220FE0-039D-4589-AA94-DF3A91B07A60}.Debug|x86.ActiveCfg = Debug|Any CPU
		{E5220FE0-039D-4589-AA94-DF3A91B07A60}.Debug|x86.Build.0 = Debug|Any CPU
		{E5220FE0-039D-4589-AA94-DF3A91B07A60}.Publish|Any CPU.ActiveCfg = Release|Any CPU
		{E5220FE0-039D-4589-AA94-DF3A91B07A60}.Publish|Any CPU.Build.0 = Release|Any CPU
		{E5220FE0-039D-4589-AA94-DF3A91B07A60}.Publish|x64.ActiveCfg = Release|Any CPU
		{E5220FE0-039D-4589-AA94-DF3A91B07A60}.Publish|x64.Build.0 = Release|Any CPU
		{E5220FE0-039D-4589-AA94-DF3A91B07A60}.Publish|x86.ActiveCfg = Release|Any CPU
		{E5220FE0-039D-4589-AA94-DF3A91B07A60}.Publish|x86.Build.0 = Release|Any CPU
		{E5220FE0-039D-4589-AA94-DF3A91B07A60}.RaspberryPi|Any CPU.ActiveCfg = Release|Any CPU
		{E5220FE0-039D-4589-AA94-DF3A91B07A60}.RaspberryPi|Any CPU.Build.0 = Release|Any CPU
		{E5220FE0-039D-4589-AA94-DF3A91B07A60}.RaspberryPi|x64.ActiveCfg = Release|Any CPU
		{E5220FE0-039D-4589-AA94-DF3A91B07A60}.RaspberryPi|x64.Build.0 = Release|Any CPU
		{E5220FE0-039D-4589-AA94-DF3A91B07A60}.RaspberryPi|x86.ActiveCfg = Release|Any CPU
		{E5220FE0-039D-4589-AA94-DF3A91B07A60}.RaspberryPi|x86.Build.0 = Release|Any CPU
		{E5220FE0-039D-4589-AA94-DF3A91B07A60}.Release|Any CPU.ActiveCfg = Release|Any CPU
		{E5220FE0-039D-4589-AA94-DF3A91B07A60}.Release|Any CPU.Build.0 = Release|Any CPU
		{E5220FE0-039D-4589-AA94-DF3A91B07A60}.Release|x64.ActiveCfg = Release|Any CPU
		{E5220FE0-039D-4589-AA94-DF3A91B07A60}.Release|x64.Build.0 = Release|Any CPU
		{E5220FE0-039D-4589-AA94-DF3A91B07A60}.Release|x86.ActiveCfg = Release|Any CPU
		{E5220FE0-039D-4589-AA94-DF3A91B07A60}.Release|x86.Build.0 = Release|Any CPU
		{2D02C81B-7A18-4C5D-932E-9C171F0F7E6C}.Debug|Any CPU.ActiveCfg = Debug|Any CPU
		{2D02C81B-7A18-4C5D-932E-9C171F0F7E6C}.Debug|Any CPU.Build.0 = Debug|Any CPU
		{2D02C81B-7A18-4C5D-932E-9C171F0F7E6C}.Debug|x64.ActiveCfg = Debug|Any CPU
		{2D02C81B-7A18-4C5D-932E-9C171F0F7E6C}.Debug|x64.Build.0 = Debug|Any CPU
		{2D02C81B-7A18-4C5D-932E-9C171F0F7E6C}.Debug|x86.ActiveCfg = Debug|Any CPU
		{2D02C81B-7A18-4C5D-932E-9C171F0F7E6C}.Debug|x86.Build.0 = Debug|Any CPU
		{2D02C81B-7A18-4C5D-932E-9C171F0F7E6C}.Publish|Any CPU.ActiveCfg = Release|Any CPU
		{2D02C81B-7A18-4C5D-932E-9C171F0F7E6C}.Publish|Any CPU.Build.0 = Release|Any CPU
		{2D02C81B-7A18-4C5D-932E-9C171F0F7E6C}.Publish|x64.ActiveCfg = Release|Any CPU
		{2D02C81B-7A18-4C5D-932E-9C171F0F7E6C}.Publish|x64.Build.0 = Release|Any CPU
		{2D02C81B-7A18-4C5D-932E-9C171F0F7E6C}.Publish|x86.ActiveCfg = Release|Any CPU
		{2D02C81B-7A18-4C5D-932E-9C171F0F7E6C}.Publish|x86.Build.0 = Release|Any CPU
		{2D02C81B-7A18-4C5D-932E-9C171F0F7E6C}.RaspberryPi|Any CPU.ActiveCfg = Release|Any CPU
		{2D02C81B-7A18-4C5D-932E-9C171F0F7E6C}.RaspberryPi|Any CPU.Build.0 = Release|Any CPU
		{2D02C81B-7A18-4C5D-932E-9C171F0F7E6C}.RaspberryPi|x64.ActiveCfg = Release|Any CPU
		{2D02C81B-7A18-4C5D-932E-9C171F0F7E6C}.RaspberryPi|x64.Build.0 = Release|Any CPU
		{2D02C81B-7A18-4C5D-932E-9C171F0F7E6C}.RaspberryPi|x86.ActiveCfg = Release|Any CPU
		{2D02C81B-7A18-4C5D-932E-9C171F0F7E6C}.RaspberryPi|x86.Build.0 = Release|Any CPU
		{2D02C81B-7A18-4C5D-932E-9C171F0F7E6C}.Release|Any CPU.ActiveCfg = Release|Any CPU
		{2D02C81B-7A18-4C5D-932E-9C171F0F7E6C}.Release|Any CPU.Build.0 = Release|Any CPU
		{2D02C81B-7A18-4C5D-932E-9C171F0F7E6C}.Release|x64.ActiveCfg = Release|Any CPU
		{2D02C81B-7A18-4C5D-932E-9C171F0F7E6C}.Release|x64.Build.0 = Release|Any CPU
		{2D02C81B-7A18-4C5D-932E-9C171F0F7E6C}.Release|x86.ActiveCfg = Release|Any CPU
		{2D02C81B-7A18-4C5D-932E-9C171F0F7E6C}.Release|x86.Build.0 = Release|Any CPU
		{04F1504E-74C1-4BA4-96FD-5A51B5AD585F}.Debug|Any CPU.ActiveCfg = Debug|Any CPU
		{04F1504E-74C1-4BA4-96FD-5A51B5AD585F}.Debug|Any CPU.Build.0 = Debug|Any CPU
		{04F1504E-74C1-4BA4-96FD-5A51B5AD585F}.Debug|x64.ActiveCfg = Debug|Any CPU
		{04F1504E-74C1-4BA4-96FD-5A51B5AD585F}.Debug|x64.Build.0 = Debug|Any CPU
		{04F1504E-74C1-4BA4-96FD-5A51B5AD585F}.Debug|x86.ActiveCfg = Debug|Any CPU
		{04F1504E-74C1-4BA4-96FD-5A51B5AD585F}.Debug|x86.Build.0 = Debug|Any CPU
		{04F1504E-74C1-4BA4-96FD-5A51B5AD585F}.Publish|Any CPU.ActiveCfg = Release|Any CPU
		{04F1504E-74C1-4BA4-96FD-5A51B5AD585F}.Publish|Any CPU.Build.0 = Release|Any CPU
		{04F1504E-74C1-4BA4-96FD-5A51B5AD585F}.Publish|x64.ActiveCfg = Release|Any CPU
		{04F1504E-74C1-4BA4-96FD-5A51B5AD585F}.Publish|x64.Build.0 = Release|Any CPU
		{04F1504E-74C1-4BA4-96FD-5A51B5AD585F}.Publish|x86.ActiveCfg = Release|Any CPU
		{04F1504E-74C1-4BA4-96FD-5A51B5AD585F}.Publish|x86.Build.0 = Release|Any CPU
		{04F1504E-74C1-4BA4-96FD-5A51B5AD585F}.RaspberryPi|Any CPU.ActiveCfg = Release|Any CPU
		{04F1504E-74C1-4BA4-96FD-5A51B5AD585F}.RaspberryPi|Any CPU.Build.0 = Release|Any CPU
		{04F1504E-74C1-4BA4-96FD-5A51B5AD585F}.RaspberryPi|x64.ActiveCfg = Release|Any CPU
		{04F1504E-74C1-4BA4-96FD-5A51B5AD585F}.RaspberryPi|x64.Build.0 = Release|Any CPU
		{04F1504E-74C1-4BA4-96FD-5A51B5AD585F}.RaspberryPi|x86.ActiveCfg = Release|Any CPU
		{04F1504E-74C1-4BA4-96FD-5A51B5AD585F}.RaspberryPi|x86.Build.0 = Release|Any CPU
		{04F1504E-74C1-4BA4-96FD-5A51B5AD585F}.Release|Any CPU.ActiveCfg = Release|Any CPU
		{04F1504E-74C1-4BA4-96FD-5A51B5AD585F}.Release|Any CPU.Build.0 = Release|Any CPU
		{04F1504E-74C1-4BA4-96FD-5A51B5AD585F}.Release|x64.ActiveCfg = Release|Any CPU
		{04F1504E-74C1-4BA4-96FD-5A51B5AD585F}.Release|x64.Build.0 = Release|Any CPU
		{04F1504E-74C1-4BA4-96FD-5A51B5AD585F}.Release|x86.ActiveCfg = Release|Any CPU
		{04F1504E-74C1-4BA4-96FD-5A51B5AD585F}.Release|x86.Build.0 = Release|Any CPU
		{62AA43F3-3F25-47CB-9E37-27D331A2DDDF}.Debug|Any CPU.ActiveCfg = Debug|Any CPU
		{62AA43F3-3F25-47CB-9E37-27D331A2DDDF}.Debug|Any CPU.Build.0 = Debug|Any CPU
		{62AA43F3-3F25-47CB-9E37-27D331A2DDDF}.Debug|x64.ActiveCfg = Debug|Any CPU
		{62AA43F3-3F25-47CB-9E37-27D331A2DDDF}.Debug|x64.Build.0 = Debug|Any CPU
		{62AA43F3-3F25-47CB-9E37-27D331A2DDDF}.Debug|x86.ActiveCfg = Debug|Any CPU
		{62AA43F3-3F25-47CB-9E37-27D331A2DDDF}.Debug|x86.Build.0 = Debug|Any CPU
		{62AA43F3-3F25-47CB-9E37-27D331A2DDDF}.Publish|Any CPU.ActiveCfg = Release|Any CPU
		{62AA43F3-3F25-47CB-9E37-27D331A2DDDF}.Publish|Any CPU.Build.0 = Release|Any CPU
		{62AA43F3-3F25-47CB-9E37-27D331A2DDDF}.Publish|x64.ActiveCfg = Release|Any CPU
		{62AA43F3-3F25-47CB-9E37-27D331A2DDDF}.Publish|x64.Build.0 = Release|Any CPU
		{62AA43F3-3F25-47CB-9E37-27D331A2DDDF}.Publish|x86.ActiveCfg = Release|Any CPU
		{62AA43F3-3F25-47CB-9E37-27D331A2DDDF}.Publish|x86.Build.0 = Release|Any CPU
		{62AA43F3-3F25-47CB-9E37-27D331A2DDDF}.RaspberryPi|Any CPU.ActiveCfg = Release|Any CPU
		{62AA43F3-3F25-47CB-9E37-27D331A2DDDF}.RaspberryPi|Any CPU.Build.0 = Release|Any CPU
		{62AA43F3-3F25-47CB-9E37-27D331A2DDDF}.RaspberryPi|x64.ActiveCfg = Release|Any CPU
		{62AA43F3-3F25-47CB-9E37-27D331A2DDDF}.RaspberryPi|x64.Build.0 = Release|Any CPU
		{62AA43F3-3F25-47CB-9E37-27D331A2DDDF}.RaspberryPi|x86.ActiveCfg = Release|Any CPU
		{62AA43F3-3F25-47CB-9E37-27D331A2DDDF}.RaspberryPi|x86.Build.0 = Release|Any CPU
		{62AA43F3-3F25-47CB-9E37-27D331A2DDDF}.Release|Any CPU.ActiveCfg = Release|Any CPU
		{62AA43F3-3F25-47CB-9E37-27D331A2DDDF}.Release|Any CPU.Build.0 = Release|Any CPU
		{62AA43F3-3F25-47CB-9E37-27D331A2DDDF}.Release|x64.ActiveCfg = Release|Any CPU
		{62AA43F3-3F25-47CB-9E37-27D331A2DDDF}.Release|x64.Build.0 = Release|Any CPU
		{62AA43F3-3F25-47CB-9E37-27D331A2DDDF}.Release|x86.ActiveCfg = Release|Any CPU
		{62AA43F3-3F25-47CB-9E37-27D331A2DDDF}.Release|x86.Build.0 = Release|Any CPU
	EndGlobalSection
	GlobalSection(SolutionProperties) = preSolution
		HideSolutionNode = FALSE
	EndGlobalSection
	GlobalSection(NestedProjects) = preSolution
		{5B17F3FE-8CED-4DE6-BBBD-08C65B419F1D} = {363B3D86-F9EF-4AE3-978A-809EAE1796AF}
		{81E30B95-C59D-4A04-925E-85877FD37FDD} = {6701013C-C37E-4EFB-8075-899D2941EE6A}
		{BFFBF220-972F-4E71-8EBC-F92AEC7AC178} = {363B3D86-F9EF-4AE3-978A-809EAE1796AF}
		{98BCF5B8-9232-437B-A2FA-BA769BF4D982} = {363B3D86-F9EF-4AE3-978A-809EAE1796AF}
		{AF1A5C5E-4FD1-4BCC-9C96-7D145E5A4EB3} = {8349D92A-1E71-4046-A5FE-3C6401C397B3}
		{574F9F99-A364-4225-B28E-1037A37703B4} = {6701013C-C37E-4EFB-8075-899D2941EE6A}
		{C26ACE75-2B6C-4553-944B-2C95986E103A} = {ED594FED-B95F-4EF7-8818-F7D8593BD371}
		{6A14BB38-B57F-4F1F-B392-E7DB6EF160FD} = {ED594FED-B95F-4EF7-8818-F7D8593BD371}
		{64EF7E6F-1D8E-449C-90E7-5C974E50533F} = {363B3D86-F9EF-4AE3-978A-809EAE1796AF}
		{C99A9102-88F3-4E35-9590-D75E608094FF} = {363B3D86-F9EF-4AE3-978A-809EAE1796AF}
		{A9D15C4A-4B6B-4385-ABBF-B6932E66E3CF} = {363B3D86-F9EF-4AE3-978A-809EAE1796AF}
		{4EABF69F-E836-4B11-8C0F-ACF8E771892B} = {363B3D86-F9EF-4AE3-978A-809EAE1796AF}
		{58F7E680-361B-4588-A60F-4BB4B9482ED8} = {BA78A14B-7C32-4A9D-BB9B-BA5F32AA4721}
		{0C481A2C-5B51-419D-B4A4-D519573A21FC} = {BA78A14B-7C32-4A9D-BB9B-BA5F32AA4721}
		{B2A06A39-87E7-4A01-A494-AF493A48B969} = {BA78A14B-7C32-4A9D-BB9B-BA5F32AA4721}
		{C7CD8096-9B18-4237-BD94-C4DD8F90852D} = {BA78A14B-7C32-4A9D-BB9B-BA5F32AA4721}
		{DCABAE8E-3847-4403-91AF-C14B58EF0491} = {BA78A14B-7C32-4A9D-BB9B-BA5F32AA4721}
		{91DDE8D1-BFEF-450A-83EF-2127D5E81700} = {BA78A14B-7C32-4A9D-BB9B-BA5F32AA4721}
		{E5220FE0-039D-4589-AA94-DF3A91B07A60} = {BA78A14B-7C32-4A9D-BB9B-BA5F32AA4721}
		{2D02C81B-7A18-4C5D-932E-9C171F0F7E6C} = {BA78A14B-7C32-4A9D-BB9B-BA5F32AA4721}
		{04F1504E-74C1-4BA4-96FD-5A51B5AD585F} = {BA78A14B-7C32-4A9D-BB9B-BA5F32AA4721}
		{62AA43F3-3F25-47CB-9E37-27D331A2DDDF} = {BA78A14B-7C32-4A9D-BB9B-BA5F32AA4721}
	EndGlobalSection
EndGlobal
