
Microsoft Visual Studio Solution File, Format Version 12.00
# Visual Studio Version 17
VisualStudioVersion = 17.0.32014.148
MinimumVisualStudioVersion = 10.0.40219.1
Project("{9A19103F-16F7-4668-BE54-9A1E7A4F7556}") = "GenericHostConsoleApp", "GenericHostConsoleApp.csproj", "{D801A4DC-75FF-4138-91AF-3FA4E9EFE036}"
EndProject
Project("{FAE04EC0-301F-11D3-BF4B-00C04F79EFBC}") = "WeatherService", "..\WeatherService\WeatherService.csproj", "{7F67EF46-E1A6-4621-A9B6-26B534426D5D}"
EndProject
Project("{FAE04EC0-301F-11D3-BF4B-00C04F79EFBC}") = "Interface", "..\Interface\Interface.csproj", "{6E77CBB4-A368-4706-AD02-C0D1001A6BD2}"
EndProject
Project("{FAE04EC0-301F-11D3-BF4B-00C04F79EFBC}") = "CustomLogger", "..\CustomLogger\CustomLogger.csproj", "{3DC6A8BC-7C34-41D3-AA05-AAA348779F2A}"
EndProject
Global
	GlobalSection(SolutionConfigurationPlatforms) = preSolution
		Debug|Any CPU = Debug|Any CPU
		Release|Any CPU = Release|Any CPU
	EndGlobalSection
	GlobalSection(ProjectConfigurationPlatforms) = postSolution
		{D801A4DC-75FF-4138-91AF-3FA4E9EFE036}.Debug|Any CPU.ActiveCfg = Debug|Any CPU
		{D801A4DC-75FF-4138-91AF-3FA4E9EFE036}.Debug|Any CPU.Build.0 = Debug|Any CPU
		{D801A4DC-75FF-4138-91AF-3FA4E9EFE036}.Release|Any CPU.ActiveCfg = Release|Any CPU
		{D801A4DC-75FF-4138-91AF-3FA4E9EFE036}.Release|Any CPU.Build.0 = Release|Any CPU
		{7F67EF46-E1A6-4621-A9B6-26B534426D5D}.Debug|Any CPU.ActiveCfg = Debug|Any CPU
		{7F67EF46-E1A6-4621-A9B6-26B534426D5D}.Debug|Any CPU.Build.0 = Debug|Any CPU
		{7F67EF46-E1A6-4621-A9B6-26B534426D5D}.Release|Any CPU.ActiveCfg = Release|Any CPU
		{7F67EF46-E1A6-4621-A9B6-26B534426D5D}.Release|Any CPU.Build.0 = Release|Any CPU
		{6E77CBB4-A368-4706-AD02-C0D1001A6BD2}.Debug|Any CPU.ActiveCfg = Debug|Any CPU
		{6E77CBB4-A368-4706-AD02-C0D1001A6BD2}.Debug|Any CPU.Build.0 = Debug|Any CPU
		{6E77CBB4-A368-4706-AD02-C0D1001A6BD2}.Release|Any CPU.ActiveCfg = Release|Any CPU
		{6E77CBB4-A368-4706-AD02-C0D1001A6BD2}.Release|Any CPU.Build.0 = Release|Any CPU
		{3DC6A8BC-7C34-41D3-AA05-AAA348779F2A}.Debug|Any CPU.ActiveCfg = Debug|Any CPU
		{3DC6A8BC-7C34-41D3-AA05-AAA348779F2A}.Debug|Any CPU.Build.0 = Debug|Any CPU
		{3DC6A8BC-7C34-41D3-AA05-AAA348779F2A}.Release|Any CPU.ActiveCfg = Release|Any CPU
		{3DC6A8BC-7C34-41D3-AA05-AAA348779F2A}.Release|Any CPU.Build.0 = Release|Any CPU
	EndGlobalSection
	GlobalSection(SolutionProperties) = preSolution
		HideSolutionNode = FALSE
	EndGlobalSection
	GlobalSection(ExtensibilityGlobals) = postSolution
		SolutionGuid = {12D6CCC0-06A5-4135-B6C1-5E49C4F0FE8A}
	EndGlobalSection
EndGlobal
