
Microsoft Visual Studio Solution File, Format Version 12.00
# Visual Studio 2013
VisualStudioVersion = 12.0.31101.0
MinimumVisualStudioVersion = 10.0.40219.1
Project("{FAE04EC0-301F-11D3-BF4B-00C04F79EFBC}") = "TestReader", "TestReader\TestReader.csproj", "{FC89CCC3-C3CC-4ABF-8393-FDDFFF409681}"
EndProject
Project("{FAE04EC0-301F-11D3-BF4B-00C04F79EFBC}") = "ProtoGen.Protocol", "ProtoGen.Protocol.csproj", "{7164CB24-82B2-415E-8FC2-99FB568996AA}"
EndProject
Global
	GlobalSection(SolutionConfigurationPlatforms) = preSolution
		Debug|Any CPU = Debug|Any CPU
		Release|Any CPU = Release|Any CPU
	EndGlobalSection
	GlobalSection(ProjectConfigurationPlatforms) = postSolution
		{FC89CCC3-C3CC-4ABF-8393-FDDFFF409681}.Debug|Any CPU.ActiveCfg = Debug|Any CPU
		{FC89CCC3-C3CC-4ABF-8393-FDDFFF409681}.Debug|Any CPU.Build.0 = Debug|Any CPU
		{FC89CCC3-C3CC-4ABF-8393-FDDFFF409681}.Release|Any CPU.ActiveCfg = Release|Any CPU
		{FC89CCC3-C3CC-4ABF-8393-FDDFFF409681}.Release|Any CPU.Build.0 = Release|Any CPU
		{7164CB24-82B2-415E-8FC2-99FB568996AA}.Debug|Any CPU.ActiveCfg = Debug|Any CPU
		{7164CB24-82B2-415E-8FC2-99FB568996AA}.Debug|Any CPU.Build.0 = Debug|Any CPU
		{7164CB24-82B2-415E-8FC2-99FB568996AA}.Release|Any CPU.ActiveCfg = Release|Any CPU
		{7164CB24-82B2-415E-8FC2-99FB568996AA}.Release|Any CPU.Build.0 = Release|Any CPU
	EndGlobalSection
	GlobalSection(SolutionProperties) = preSolution
		HideSolutionNode = FALSE
	EndGlobalSection
EndGlobal
